// !$*UTF8*$!
{
	archiveVersion = 1;
	classes = {
	};
	objectVersion = 56;
	objects = {

/* Begin PBXBuildFile section */
		1E5A69362BFF9A7000654FE6 /* HomeAndCategories.storyboard in Resources */ = {isa = PBXBuildFile; fileRef = 1E5A69352BFF9A7000654FE6 /* HomeAndCategories.storyboard */; };
		1ED98EA32BFF882100948409 /* AppDelegate.swift in Sources */ = {isa = PBXBuildFile; fileRef = 1ED98EA22BFF882100948409 /* AppDelegate.swift */; };
		1ED98EA52BFF882100948409 /* SceneDelegate.swift in Sources */ = {isa = PBXBuildFile; fileRef = 1ED98EA42BFF882100948409 /* SceneDelegate.swift */; };
		1ED98EA72BFF882100948409 /* ViewController.swift in Sources */ = {isa = PBXBuildFile; fileRef = 1ED98EA62BFF882100948409 /* ViewController.swift */; };
		1ED98EAA2BFF882100948409 /* Main.storyboard in Resources */ = {isa = PBXBuildFile; fileRef = 1ED98EA82BFF882100948409 /* Main.storyboard */; };
		1ED98EAD2BFF882100948409 /* SwiftCart.xcdatamodeld in Sources */ = {isa = PBXBuildFile; fileRef = 1ED98EAB2BFF882100948409 /* SwiftCart.xcdatamodeld */; };
		1ED98EAF2BFF882300948409 /* Assets.xcassets in Resources */ = {isa = PBXBuildFile; fileRef = 1ED98EAE2BFF882300948409 /* Assets.xcassets */; };
		1ED98EB22BFF882300948409 /* LaunchScreen.storyboard in Resources */ = {isa = PBXBuildFile; fileRef = 1ED98EB02BFF882300948409 /* LaunchScreen.storyboard */; };
		1ED98EBD2BFF882300948409 /* SwiftCartTests.swift in Sources */ = {isa = PBXBuildFile; fileRef = 1ED98EBC2BFF882300948409 /* SwiftCartTests.swift */; };
		1ED98EC72BFF882300948409 /* SwiftCartUITests.swift in Sources */ = {isa = PBXBuildFile; fileRef = 1ED98EC62BFF882300948409 /* SwiftCartUITests.swift */; };
		1ED98EC92BFF882300948409 /* SwiftCartUITestsLaunchTests.swift in Sources */ = {isa = PBXBuildFile; fileRef = 1ED98EC82BFF882300948409 /* SwiftCartUITestsLaunchTests.swift */; };
		1ED98ED92BFF89BF00948409 /* Authentication.storyboard in Resources */ = {isa = PBXBuildFile; fileRef = 1ED98ED82BFF89BF00948409 /* Authentication.storyboard */; };
		1ED98EDB2BFF8A1E00948409 /* ProductsSearchDetailsAndFav.storyboard in Resources */ = {isa = PBXBuildFile; fileRef = 1ED98EDA2BFF8A1E00948409 /* ProductsSearchDetailsAndFav.storyboard */; };
		4369C0F42BFFD14B0099BAFD /* HomeCollectionViewCell.swift in Sources */ = {isa = PBXBuildFile; fileRef = 4369C0F32BFFD14B0099BAFD /* HomeCollectionViewCell.swift */; };
		43A232112BFFC67F000BCF24 /* HomeViewController.swift in Sources */ = {isa = PBXBuildFile; fileRef = 43A232102BFFC67F000BCF24 /* HomeViewController.swift */; };
		43C64FE52C00C047002BBDBA /* HomeViewModel.swift in Sources */ = {isa = PBXBuildFile; fileRef = 43C64FE42C00C047002BBDBA /* HomeViewModel.swift */; };
		43EBCB042C00B11B00A2A49A /* BrandModel.swift in Sources */ = {isa = PBXBuildFile; fileRef = 43EBCB032C00B11B00A2A49A /* BrandModel.swift */; };
		43EBCB062C00B14F00A2A49A /* BrandService.swift in Sources */ = {isa = PBXBuildFile; fileRef = 43EBCB052C00B14F00A2A49A /* BrandService.swift */; };
		4B3D669C448D841577BF8800 /* Pods_SwiftCart_SwiftCartUITests.framework in Frameworks */ = {isa = PBXBuildFile; fileRef = A25B21EBB85B0A28EC172CAF /* Pods_SwiftCart_SwiftCartUITests.framework */; };
		5F9DC7785C4CC6EA3D3190FB /* Pods_SwiftCartTests.framework in Frameworks */ = {isa = PBXBuildFile; fileRef = 4D4C943D9ED7A1735A238A00 /* Pods_SwiftCartTests.framework */; };
		977E9A2D390C64FEC7A0C2D1 /* Pods_SwiftCart.framework in Frameworks */ = {isa = PBXBuildFile; fileRef = 726A17F9FC5D24A89467B198 /* Pods_SwiftCart.framework */; };
/* End PBXBuildFile section */

/* Begin PBXContainerItemProxy section */
		1ED98EB92BFF882300948409 /* PBXContainerItemProxy */ = {
			isa = PBXContainerItemProxy;
			containerPortal = 1ED98E972BFF882100948409 /* Project object */;
			proxyType = 1;
			remoteGlobalIDString = 1ED98E9E2BFF882100948409;
			remoteInfo = SwiftCart;
		};
		1ED98EC32BFF882300948409 /* PBXContainerItemProxy */ = {
			isa = PBXContainerItemProxy;
			containerPortal = 1ED98E972BFF882100948409 /* Project object */;
			proxyType = 1;
			remoteGlobalIDString = 1ED98E9E2BFF882100948409;
			remoteInfo = SwiftCart;
		};
/* End PBXContainerItemProxy section */

/* Begin PBXFileReference section */
		1C6AC3D3DF1A3CDE8C753700 /* Pods-SwiftCart-SwiftCartUITests.release.xcconfig */ = {isa = PBXFileReference; includeInIndex = 1; lastKnownFileType = text.xcconfig; name = "Pods-SwiftCart-SwiftCartUITests.release.xcconfig"; path = "Target Support Files/Pods-SwiftCart-SwiftCartUITests/Pods-SwiftCart-SwiftCartUITests.release.xcconfig"; sourceTree = "<group>"; };
		1E5A69352BFF9A7000654FE6 /* HomeAndCategories.storyboard */ = {isa = PBXFileReference; lastKnownFileType = file.storyboard; path = HomeAndCategories.storyboard; sourceTree = "<group>"; };
		1ED98E9F2BFF882100948409 /* SwiftCart.app */ = {isa = PBXFileReference; explicitFileType = wrapper.application; includeInIndex = 0; path = SwiftCart.app; sourceTree = BUILT_PRODUCTS_DIR; };
		1ED98EA22BFF882100948409 /* AppDelegate.swift */ = {isa = PBXFileReference; lastKnownFileType = sourcecode.swift; path = AppDelegate.swift; sourceTree = "<group>"; };
		1ED98EA42BFF882100948409 /* SceneDelegate.swift */ = {isa = PBXFileReference; lastKnownFileType = sourcecode.swift; path = SceneDelegate.swift; sourceTree = "<group>"; };
		1ED98EA62BFF882100948409 /* ViewController.swift */ = {isa = PBXFileReference; lastKnownFileType = sourcecode.swift; path = ViewController.swift; sourceTree = "<group>"; };
		1ED98EA92BFF882100948409 /* Base */ = {isa = PBXFileReference; lastKnownFileType = file.storyboard; name = Base; path = Base.lproj/Main.storyboard; sourceTree = "<group>"; };
		1ED98EAC2BFF882100948409 /* SwiftCart.xcdatamodel */ = {isa = PBXFileReference; lastKnownFileType = wrapper.xcdatamodel; path = SwiftCart.xcdatamodel; sourceTree = "<group>"; };
		1ED98EAE2BFF882300948409 /* Assets.xcassets */ = {isa = PBXFileReference; lastKnownFileType = folder.assetcatalog; path = Assets.xcassets; sourceTree = "<group>"; };
		1ED98EB12BFF882300948409 /* Base */ = {isa = PBXFileReference; lastKnownFileType = file.storyboard; name = Base; path = Base.lproj/LaunchScreen.storyboard; sourceTree = "<group>"; };
		1ED98EB32BFF882300948409 /* Info.plist */ = {isa = PBXFileReference; lastKnownFileType = text.plist.xml; path = Info.plist; sourceTree = "<group>"; };
		1ED98EB82BFF882300948409 /* SwiftCartTests.xctest */ = {isa = PBXFileReference; explicitFileType = wrapper.cfbundle; includeInIndex = 0; path = SwiftCartTests.xctest; sourceTree = BUILT_PRODUCTS_DIR; };
		1ED98EBC2BFF882300948409 /* SwiftCartTests.swift */ = {isa = PBXFileReference; lastKnownFileType = sourcecode.swift; path = SwiftCartTests.swift; sourceTree = "<group>"; };
		1ED98EC22BFF882300948409 /* SwiftCartUITests.xctest */ = {isa = PBXFileReference; explicitFileType = wrapper.cfbundle; includeInIndex = 0; path = SwiftCartUITests.xctest; sourceTree = BUILT_PRODUCTS_DIR; };
		1ED98EC62BFF882300948409 /* SwiftCartUITests.swift */ = {isa = PBXFileReference; lastKnownFileType = sourcecode.swift; path = SwiftCartUITests.swift; sourceTree = "<group>"; };
		1ED98EC82BFF882300948409 /* SwiftCartUITestsLaunchTests.swift */ = {isa = PBXFileReference; lastKnownFileType = sourcecode.swift; path = SwiftCartUITestsLaunchTests.swift; sourceTree = "<group>"; };
		1ED98ED82BFF89BF00948409 /* Authentication.storyboard */ = {isa = PBXFileReference; lastKnownFileType = file.storyboard; path = Authentication.storyboard; sourceTree = "<group>"; };
		1ED98EDA2BFF8A1E00948409 /* ProductsSearchDetailsAndFav.storyboard */ = {isa = PBXFileReference; lastKnownFileType = file.storyboard; path = ProductsSearchDetailsAndFav.storyboard; sourceTree = "<group>"; };
		32A48609895F658F44F11E9B /* Pods-SwiftCartTests.release.xcconfig */ = {isa = PBXFileReference; includeInIndex = 1; lastKnownFileType = text.xcconfig; name = "Pods-SwiftCartTests.release.xcconfig"; path = "Target Support Files/Pods-SwiftCartTests/Pods-SwiftCartTests.release.xcconfig"; sourceTree = "<group>"; };
		4369C0F32BFFD14B0099BAFD /* HomeCollectionViewCell.swift */ = {isa = PBXFileReference; lastKnownFileType = sourcecode.swift; path = HomeCollectionViewCell.swift; sourceTree = "<group>"; };
		43A232102BFFC67F000BCF24 /* HomeViewController.swift */ = {isa = PBXFileReference; lastKnownFileType = sourcecode.swift; path = HomeViewController.swift; sourceTree = "<group>"; };
		43C64FE42C00C047002BBDBA /* HomeViewModel.swift */ = {isa = PBXFileReference; lastKnownFileType = sourcecode.swift; path = HomeViewModel.swift; sourceTree = "<group>"; };
		43EBCB032C00B11B00A2A49A /* BrandModel.swift */ = {isa = PBXFileReference; lastKnownFileType = sourcecode.swift; path = BrandModel.swift; sourceTree = "<group>"; };
		43EBCB052C00B14F00A2A49A /* BrandService.swift */ = {isa = PBXFileReference; lastKnownFileType = sourcecode.swift; path = BrandService.swift; sourceTree = "<group>"; };
		4D4C943D9ED7A1735A238A00 /* Pods_SwiftCartTests.framework */ = {isa = PBXFileReference; explicitFileType = wrapper.framework; includeInIndex = 0; path = Pods_SwiftCartTests.framework; sourceTree = BUILT_PRODUCTS_DIR; };
		726A17F9FC5D24A89467B198 /* Pods_SwiftCart.framework */ = {isa = PBXFileReference; explicitFileType = wrapper.framework; includeInIndex = 0; path = Pods_SwiftCart.framework; sourceTree = BUILT_PRODUCTS_DIR; };
		A25B21EBB85B0A28EC172CAF /* Pods_SwiftCart_SwiftCartUITests.framework */ = {isa = PBXFileReference; explicitFileType = wrapper.framework; includeInIndex = 0; path = Pods_SwiftCart_SwiftCartUITests.framework; sourceTree = BUILT_PRODUCTS_DIR; };
		AC2CEDABE1A58972C54A4D9E /* Pods-SwiftCartTests.debug.xcconfig */ = {isa = PBXFileReference; includeInIndex = 1; lastKnownFileType = text.xcconfig; name = "Pods-SwiftCartTests.debug.xcconfig"; path = "Target Support Files/Pods-SwiftCartTests/Pods-SwiftCartTests.debug.xcconfig"; sourceTree = "<group>"; };
		D4B5B897377CF2B5A92AD486 /* Pods-SwiftCart-SwiftCartUITests.debug.xcconfig */ = {isa = PBXFileReference; includeInIndex = 1; lastKnownFileType = text.xcconfig; name = "Pods-SwiftCart-SwiftCartUITests.debug.xcconfig"; path = "Target Support Files/Pods-SwiftCart-SwiftCartUITests/Pods-SwiftCart-SwiftCartUITests.debug.xcconfig"; sourceTree = "<group>"; };
		E1ABBCCAEA4D877402630585 /* Pods-SwiftCart.debug.xcconfig */ = {isa = PBXFileReference; includeInIndex = 1; lastKnownFileType = text.xcconfig; name = "Pods-SwiftCart.debug.xcconfig"; path = "Target Support Files/Pods-SwiftCart/Pods-SwiftCart.debug.xcconfig"; sourceTree = "<group>"; };
		F074EAE788AE17D54D30DB41 /* Pods-SwiftCart.release.xcconfig */ = {isa = PBXFileReference; includeInIndex = 1; lastKnownFileType = text.xcconfig; name = "Pods-SwiftCart.release.xcconfig"; path = "Target Support Files/Pods-SwiftCart/Pods-SwiftCart.release.xcconfig"; sourceTree = "<group>"; };
/* End PBXFileReference section */

/* Begin PBXFrameworksBuildPhase section */
		1ED98E9C2BFF882100948409 /* Frameworks */ = {
			isa = PBXFrameworksBuildPhase;
			buildActionMask = 2147483647;
			files = (
				977E9A2D390C64FEC7A0C2D1 /* Pods_SwiftCart.framework in Frameworks */,
			);
			runOnlyForDeploymentPostprocessing = 0;
		};
		1ED98EB52BFF882300948409 /* Frameworks */ = {
			isa = PBXFrameworksBuildPhase;
			buildActionMask = 2147483647;
			files = (
				5F9DC7785C4CC6EA3D3190FB /* Pods_SwiftCartTests.framework in Frameworks */,
			);
			runOnlyForDeploymentPostprocessing = 0;
		};
		1ED98EBF2BFF882300948409 /* Frameworks */ = {
			isa = PBXFrameworksBuildPhase;
			buildActionMask = 2147483647;
			files = (
				4B3D669C448D841577BF8800 /* Pods_SwiftCart_SwiftCartUITests.framework in Frameworks */,
			);
			runOnlyForDeploymentPostprocessing = 0;
		};
/* End PBXFrameworksBuildPhase section */

/* Begin PBXGroup section */
		1ED98E962BFF882100948409 = {
			isa = PBXGroup;
			children = (
				1ED98EA12BFF882100948409 /* SwiftCart */,
				1ED98EBB2BFF882300948409 /* SwiftCartTests */,
				1ED98EC52BFF882300948409 /* SwiftCartUITests */,
				1ED98EA02BFF882100948409 /* Products */,
				87D2091E98A176084D1638B3 /* Pods */,
				93C220BED1DDE03020BB14F0 /* Frameworks */,
			);
			sourceTree = "<group>";
		};
		1ED98EA02BFF882100948409 /* Products */ = {
			isa = PBXGroup;
			children = (
				1ED98E9F2BFF882100948409 /* SwiftCart.app */,
				1ED98EB82BFF882300948409 /* SwiftCartTests.xctest */,
				1ED98EC22BFF882300948409 /* SwiftCartUITests.xctest */,
			);
			name = Products;
			sourceTree = "<group>";
		};
		1ED98EA12BFF882100948409 /* SwiftCart */ = {
			isa = PBXGroup;
			children = (
				43A2320A2BFFC488000BCF24 /* Home */,
				1ED98ED72BFF896600948409 /* Models */,
				1ED98ED62BFF895C00948409 /* Views */,
				1ED98ED52BFF895000948409 /* ViewModels */,
				1ED98EA22BFF882100948409 /* AppDelegate.swift */,
				1ED98EA42BFF882100948409 /* SceneDelegate.swift */,
				1ED98EAE2BFF882300948409 /* Assets.xcassets */,
				1ED98EB02BFF882300948409 /* LaunchScreen.storyboard */,
				1ED98EB32BFF882300948409 /* Info.plist */,
				1ED98EAB2BFF882100948409 /* SwiftCart.xcdatamodeld */,
			);
			path = SwiftCart;
			sourceTree = "<group>";
		};
		1ED98EBB2BFF882300948409 /* SwiftCartTests */ = {
			isa = PBXGroup;
			children = (
				1ED98EBC2BFF882300948409 /* SwiftCartTests.swift */,
			);
			path = SwiftCartTests;
			sourceTree = "<group>";
		};
		1ED98EC52BFF882300948409 /* SwiftCartUITests */ = {
			isa = PBXGroup;
			children = (
				1ED98EC62BFF882300948409 /* SwiftCartUITests.swift */,
				1ED98EC82BFF882300948409 /* SwiftCartUITestsLaunchTests.swift */,
			);
			path = SwiftCartUITests;
			sourceTree = "<group>";
		};
		1ED98ED52BFF895000948409 /* ViewModels */ = {
			isa = PBXGroup;
			children = (
			);
			path = ViewModels;
			sourceTree = "<group>";
		};
		1ED98ED62BFF895C00948409 /* Views */ = {
			isa = PBXGroup;
			children = (
				1ED98EA62BFF882100948409 /* ViewController.swift */,
				1ED98EA82BFF882100948409 /* Main.storyboard */,
				1ED98ED82BFF89BF00948409 /* Authentication.storyboard */,
				1ED98EDA2BFF8A1E00948409 /* ProductsSearchDetailsAndFav.storyboard */,
				1E5A69352BFF9A7000654FE6 /* HomeAndCategories.storyboard */,
			);
			path = Views;
			sourceTree = "<group>";
		};
		1ED98ED72BFF896600948409 /* Models */ = {
			isa = PBXGroup;
			children = (
			);
			path = Models;
			sourceTree = "<group>";
		};
		43A2320A2BFFC488000BCF24 /* Home */ = {
			isa = PBXGroup;
			children = (
				43A2320F2BFFC4FF000BCF24 /* viewModel */,
				43A2320E2BFFC4F2000BCF24 /* model */,
				43A2320D2BFFC4CD000BCF24 /* view */,
			);
			path = Home;
			sourceTree = "<group>";
		};
		43A2320D2BFFC4CD000BCF24 /* view */ = {
			isa = PBXGroup;
			children = (
				43A232102BFFC67F000BCF24 /* HomeViewController.swift */,
				4369C0F32BFFD14B0099BAFD /* HomeCollectionViewCell.swift */,
			);
			path = view;
			sourceTree = "<group>";
		};
		43A2320E2BFFC4F2000BCF24 /* model */ = {
			isa = PBXGroup;
			children = (
				43EBCB032C00B11B00A2A49A /* BrandModel.swift */,
				43EBCB052C00B14F00A2A49A /* BrandService.swift */,
			);
			path = model;
			sourceTree = "<group>";
		};
		43A2320F2BFFC4FF000BCF24 /* viewModel */ = {
			isa = PBXGroup;
			children = (
				43C64FE42C00C047002BBDBA /* HomeViewModel.swift */,
			);
			path = viewModel;
			sourceTree = "<group>";
		};
		87D2091E98A176084D1638B3 /* Pods */ = {
			isa = PBXGroup;
			children = (
				E1ABBCCAEA4D877402630585 /* Pods-SwiftCart.debug.xcconfig */,
				F074EAE788AE17D54D30DB41 /* Pods-SwiftCart.release.xcconfig */,
				D4B5B897377CF2B5A92AD486 /* Pods-SwiftCart-SwiftCartUITests.debug.xcconfig */,
				1C6AC3D3DF1A3CDE8C753700 /* Pods-SwiftCart-SwiftCartUITests.release.xcconfig */,
				AC2CEDABE1A58972C54A4D9E /* Pods-SwiftCartTests.debug.xcconfig */,
				32A48609895F658F44F11E9B /* Pods-SwiftCartTests.release.xcconfig */,
			);
			path = Pods;
			sourceTree = "<group>";
		};
		93C220BED1DDE03020BB14F0 /* Frameworks */ = {
			isa = PBXGroup;
			children = (
				726A17F9FC5D24A89467B198 /* Pods_SwiftCart.framework */,
				A25B21EBB85B0A28EC172CAF /* Pods_SwiftCart_SwiftCartUITests.framework */,
				4D4C943D9ED7A1735A238A00 /* Pods_SwiftCartTests.framework */,
			);
			name = Frameworks;
			sourceTree = "<group>";
		};
/* End PBXGroup section */

/* Begin PBXNativeTarget section */
		1ED98E9E2BFF882100948409 /* SwiftCart */ = {
			isa = PBXNativeTarget;
			buildConfigurationList = 1ED98ECC2BFF882300948409 /* Build configuration list for PBXNativeTarget "SwiftCart" */;
			buildPhases = (
				9BA08FB948B5E738E02EDEE5 /* [CP] Check Pods Manifest.lock */,
				1ED98E9B2BFF882100948409 /* Sources */,
				1ED98E9C2BFF882100948409 /* Frameworks */,
				1ED98E9D2BFF882100948409 /* Resources */,
				7952B958B0BE43B54D0D0105 /* [CP] Embed Pods Frameworks */,
			);
			buildRules = (
			);
			dependencies = (
			);
			name = SwiftCart;
			productName = SwiftCart;
			productReference = 1ED98E9F2BFF882100948409 /* SwiftCart.app */;
			productType = "com.apple.product-type.application";
		};
		1ED98EB72BFF882300948409 /* SwiftCartTests */ = {
			isa = PBXNativeTarget;
			buildConfigurationList = 1ED98ECF2BFF882300948409 /* Build configuration list for PBXNativeTarget "SwiftCartTests" */;
			buildPhases = (
				5193B6589EC9352C50D2A376 /* [CP] Check Pods Manifest.lock */,
				1ED98EB42BFF882300948409 /* Sources */,
				1ED98EB52BFF882300948409 /* Frameworks */,
				1ED98EB62BFF882300948409 /* Resources */,
			);
			buildRules = (
			);
			dependencies = (
				1ED98EBA2BFF882300948409 /* PBXTargetDependency */,
			);
			name = SwiftCartTests;
			productName = SwiftCartTests;
			productReference = 1ED98EB82BFF882300948409 /* SwiftCartTests.xctest */;
			productType = "com.apple.product-type.bundle.unit-test";
		};
		1ED98EC12BFF882300948409 /* SwiftCartUITests */ = {
			isa = PBXNativeTarget;
			buildConfigurationList = 1ED98ED22BFF882300948409 /* Build configuration list for PBXNativeTarget "SwiftCartUITests" */;
			buildPhases = (
				E0E9F89D0672D362949B0496 /* [CP] Check Pods Manifest.lock */,
				1ED98EBE2BFF882300948409 /* Sources */,
				1ED98EBF2BFF882300948409 /* Frameworks */,
				1ED98EC02BFF882300948409 /* Resources */,
				3E7025E3E6C25A9817286E14 /* [CP] Embed Pods Frameworks */,
			);
			buildRules = (
			);
			dependencies = (
				1ED98EC42BFF882300948409 /* PBXTargetDependency */,
			);
			name = SwiftCartUITests;
			productName = SwiftCartUITests;
			productReference = 1ED98EC22BFF882300948409 /* SwiftCartUITests.xctest */;
			productType = "com.apple.product-type.bundle.ui-testing";
		};
/* End PBXNativeTarget section */

/* Begin PBXProject section */
		1ED98E972BFF882100948409 /* Project object */ = {
			isa = PBXProject;
			attributes = {
				BuildIndependentTargetsInParallel = 1;
				LastSwiftUpdateCheck = 1420;
				LastUpgradeCheck = 1420;
				TargetAttributes = {
					1ED98E9E2BFF882100948409 = {
						CreatedOnToolsVersion = 14.2;
					};
					1ED98EB72BFF882300948409 = {
						CreatedOnToolsVersion = 14.2;
						TestTargetID = 1ED98E9E2BFF882100948409;
					};
					1ED98EC12BFF882300948409 = {
						CreatedOnToolsVersion = 14.2;
						TestTargetID = 1ED98E9E2BFF882100948409;
					};
				};
			};
			buildConfigurationList = 1ED98E9A2BFF882100948409 /* Build configuration list for PBXProject "SwiftCart" */;
			compatibilityVersion = "Xcode 14.0";
			developmentRegion = en;
			hasScannedForEncodings = 0;
			knownRegions = (
				en,
				Base,
			);
			mainGroup = 1ED98E962BFF882100948409;
			productRefGroup = 1ED98EA02BFF882100948409 /* Products */;
			projectDirPath = "";
			projectRoot = "";
			targets = (
				1ED98E9E2BFF882100948409 /* SwiftCart */,
				1ED98EB72BFF882300948409 /* SwiftCartTests */,
				1ED98EC12BFF882300948409 /* SwiftCartUITests */,
			);
		};
/* End PBXProject section */

/* Begin PBXResourcesBuildPhase section */
		1ED98E9D2BFF882100948409 /* Resources */ = {
			isa = PBXResourcesBuildPhase;
			buildActionMask = 2147483647;
			files = (
				1ED98ED92BFF89BF00948409 /* Authentication.storyboard in Resources */,
				1ED98EDB2BFF8A1E00948409 /* ProductsSearchDetailsAndFav.storyboard in Resources */,
				1ED98EB22BFF882300948409 /* LaunchScreen.storyboard in Resources */,
				1ED98EAF2BFF882300948409 /* Assets.xcassets in Resources */,
				1ED98EAA2BFF882100948409 /* Main.storyboard in Resources */,
				1E5A69362BFF9A7000654FE6 /* HomeAndCategories.storyboard in Resources */,
			);
			runOnlyForDeploymentPostprocessing = 0;
		};
		1ED98EB62BFF882300948409 /* Resources */ = {
			isa = PBXResourcesBuildPhase;
			buildActionMask = 2147483647;
			files = (
			);
			runOnlyForDeploymentPostprocessing = 0;
		};
		1ED98EC02BFF882300948409 /* Resources */ = {
			isa = PBXResourcesBuildPhase;
			buildActionMask = 2147483647;
			files = (
			);
			runOnlyForDeploymentPostprocessing = 0;
		};
/* End PBXResourcesBuildPhase section */

/* Begin PBXShellScriptBuildPhase section */
		3E7025E3E6C25A9817286E14 /* [CP] Embed Pods Frameworks */ = {
			isa = PBXShellScriptBuildPhase;
			buildActionMask = 2147483647;
			files = (
			);
			inputFileListPaths = (
				"${PODS_ROOT}/Target Support Files/Pods-SwiftCart-SwiftCartUITests/Pods-SwiftCart-SwiftCartUITests-frameworks-${CONFIGURATION}-input-files.xcfilelist",
			);
			name = "[CP] Embed Pods Frameworks";
			outputFileListPaths = (
				"${PODS_ROOT}/Target Support Files/Pods-SwiftCart-SwiftCartUITests/Pods-SwiftCart-SwiftCartUITests-frameworks-${CONFIGURATION}-output-files.xcfilelist",
			);
			runOnlyForDeploymentPostprocessing = 0;
			shellPath = /bin/sh;
			shellScript = "\"${PODS_ROOT}/Target Support Files/Pods-SwiftCart-SwiftCartUITests/Pods-SwiftCart-SwiftCartUITests-frameworks.sh\"\n";
			showEnvVarsInLog = 0;
		};
		5193B6589EC9352C50D2A376 /* [CP] Check Pods Manifest.lock */ = {
			isa = PBXShellScriptBuildPhase;
			buildActionMask = 2147483647;
			files = (
			);
			inputFileListPaths = (
			);
			inputPaths = (
				"${PODS_PODFILE_DIR_PATH}/Podfile.lock",
				"${PODS_ROOT}/Manifest.lock",
			);
			name = "[CP] Check Pods Manifest.lock";
			outputFileListPaths = (
			);
			outputPaths = (
				"$(DERIVED_FILE_DIR)/Pods-SwiftCartTests-checkManifestLockResult.txt",
			);
			runOnlyForDeploymentPostprocessing = 0;
			shellPath = /bin/sh;
			shellScript = "diff \"${PODS_PODFILE_DIR_PATH}/Podfile.lock\" \"${PODS_ROOT}/Manifest.lock\" > /dev/null\nif [ $? != 0 ] ; then\n    # print error to STDERR\n    echo \"error: The sandbox is not in sync with the Podfile.lock. Run 'pod install' or update your CocoaPods installation.\" >&2\n    exit 1\nfi\n# This output is used by Xcode 'outputs' to avoid re-running this script phase.\necho \"SUCCESS\" > \"${SCRIPT_OUTPUT_FILE_0}\"\n";
			showEnvVarsInLog = 0;
		};
		7952B958B0BE43B54D0D0105 /* [CP] Embed Pods Frameworks */ = {
			isa = PBXShellScriptBuildPhase;
			buildActionMask = 2147483647;
			files = (
			);
			inputFileListPaths = (
				"${PODS_ROOT}/Target Support Files/Pods-SwiftCart/Pods-SwiftCart-frameworks-${CONFIGURATION}-input-files.xcfilelist",
			);
			name = "[CP] Embed Pods Frameworks";
			outputFileListPaths = (
				"${PODS_ROOT}/Target Support Files/Pods-SwiftCart/Pods-SwiftCart-frameworks-${CONFIGURATION}-output-files.xcfilelist",
			);
			runOnlyForDeploymentPostprocessing = 0;
			shellPath = /bin/sh;
			shellScript = "\"${PODS_ROOT}/Target Support Files/Pods-SwiftCart/Pods-SwiftCart-frameworks.sh\"\n";
			showEnvVarsInLog = 0;
		};
		9BA08FB948B5E738E02EDEE5 /* [CP] Check Pods Manifest.lock */ = {
			isa = PBXShellScriptBuildPhase;
			buildActionMask = 2147483647;
			files = (
			);
			inputFileListPaths = (
			);
			inputPaths = (
				"${PODS_PODFILE_DIR_PATH}/Podfile.lock",
				"${PODS_ROOT}/Manifest.lock",
			);
			name = "[CP] Check Pods Manifest.lock";
			outputFileListPaths = (
			);
			outputPaths = (
				"$(DERIVED_FILE_DIR)/Pods-SwiftCart-checkManifestLockResult.txt",
			);
			runOnlyForDeploymentPostprocessing = 0;
			shellPath = /bin/sh;
			shellScript = "diff \"${PODS_PODFILE_DIR_PATH}/Podfile.lock\" \"${PODS_ROOT}/Manifest.lock\" > /dev/null\nif [ $? != 0 ] ; then\n    # print error to STDERR\n    echo \"error: The sandbox is not in sync with the Podfile.lock. Run 'pod install' or update your CocoaPods installation.\" >&2\n    exit 1\nfi\n# This output is used by Xcode 'outputs' to avoid re-running this script phase.\necho \"SUCCESS\" > \"${SCRIPT_OUTPUT_FILE_0}\"\n";
			showEnvVarsInLog = 0;
		};
		E0E9F89D0672D362949B0496 /* [CP] Check Pods Manifest.lock */ = {
			isa = PBXShellScriptBuildPhase;
			buildActionMask = 2147483647;
			files = (
			);
			inputFileListPaths = (
			);
			inputPaths = (
				"${PODS_PODFILE_DIR_PATH}/Podfile.lock",
				"${PODS_ROOT}/Manifest.lock",
			);
			name = "[CP] Check Pods Manifest.lock";
			outputFileListPaths = (
			);
			outputPaths = (
				"$(DERIVED_FILE_DIR)/Pods-SwiftCart-SwiftCartUITests-checkManifestLockResult.txt",
			);
			runOnlyForDeploymentPostprocessing = 0;
			shellPath = /bin/sh;
			shellScript = "diff \"${PODS_PODFILE_DIR_PATH}/Podfile.lock\" \"${PODS_ROOT}/Manifest.lock\" > /dev/null\nif [ $? != 0 ] ; then\n    # print error to STDERR\n    echo \"error: The sandbox is not in sync with the Podfile.lock. Run 'pod install' or update your CocoaPods installation.\" >&2\n    exit 1\nfi\n# This output is used by Xcode 'outputs' to avoid re-running this script phase.\necho \"SUCCESS\" > \"${SCRIPT_OUTPUT_FILE_0}\"\n";
			showEnvVarsInLog = 0;
		};
/* End PBXShellScriptBuildPhase section */

/* Begin PBXSourcesBuildPhase section */
		1ED98E9B2BFF882100948409 /* Sources */ = {
			isa = PBXSourcesBuildPhase;
			buildActionMask = 2147483647;
			files = (
				43C64FE52C00C047002BBDBA /* HomeViewModel.swift in Sources */,
				1ED98EA72BFF882100948409 /* ViewController.swift in Sources */,
				1ED98EAD2BFF882100948409 /* SwiftCart.xcdatamodeld in Sources */,
				1ED98EA32BFF882100948409 /* AppDelegate.swift in Sources */,
				1ED98EA52BFF882100948409 /* SceneDelegate.swift in Sources */,
				43A232112BFFC67F000BCF24 /* HomeViewController.swift in Sources */,
				43EBCB062C00B14F00A2A49A /* BrandService.swift in Sources */,
				4369C0F42BFFD14B0099BAFD /* HomeCollectionViewCell.swift in Sources */,
				43EBCB042C00B11B00A2A49A /* BrandModel.swift in Sources */,
			);
			runOnlyForDeploymentPostprocessing = 0;
		};
		1ED98EB42BFF882300948409 /* Sources */ = {
			isa = PBXSourcesBuildPhase;
			buildActionMask = 2147483647;
			files = (
				1ED98EBD2BFF882300948409 /* SwiftCartTests.swift in Sources */,
			);
			runOnlyForDeploymentPostprocessing = 0;
		};
		1ED98EBE2BFF882300948409 /* Sources */ = {
			isa = PBXSourcesBuildPhase;
			buildActionMask = 2147483647;
			files = (
				1ED98EC92BFF882300948409 /* SwiftCartUITestsLaunchTests.swift in Sources */,
				1ED98EC72BFF882300948409 /* SwiftCartUITests.swift in Sources */,
			);
			runOnlyForDeploymentPostprocessing = 0;
		};
/* End PBXSourcesBuildPhase section */

/* Begin PBXTargetDependency section */
		1ED98EBA2BFF882300948409 /* PBXTargetDependency */ = {
			isa = PBXTargetDependency;
			target = 1ED98E9E2BFF882100948409 /* SwiftCart */;
			targetProxy = 1ED98EB92BFF882300948409 /* PBXContainerItemProxy */;
		};
		1ED98EC42BFF882300948409 /* PBXTargetDependency */ = {
			isa = PBXTargetDependency;
			target = 1ED98E9E2BFF882100948409 /* SwiftCart */;
			targetProxy = 1ED98EC32BFF882300948409 /* PBXContainerItemProxy */;
		};
/* End PBXTargetDependency section */

/* Begin PBXVariantGroup section */
		1ED98EA82BFF882100948409 /* Main.storyboard */ = {
			isa = PBXVariantGroup;
			children = (
				1ED98EA92BFF882100948409 /* Base */,
			);
			name = Main.storyboard;
			sourceTree = "<group>";
		};
		1ED98EB02BFF882300948409 /* LaunchScreen.storyboard */ = {
			isa = PBXVariantGroup;
			children = (
				1ED98EB12BFF882300948409 /* Base */,
			);
			name = LaunchScreen.storyboard;
			sourceTree = "<group>";
		};
/* End PBXVariantGroup section */

/* Begin XCBuildConfiguration section */
		1ED98ECA2BFF882300948409 /* Debug */ = {
			isa = XCBuildConfiguration;
			buildSettings = {
				ALWAYS_SEARCH_USER_PATHS = NO;
				CLANG_ANALYZER_NONNULL = YES;
				CLANG_ANALYZER_NUMBER_OBJECT_CONVERSION = YES_AGGRESSIVE;
				CLANG_CXX_LANGUAGE_STANDARD = "gnu++20";
				CLANG_ENABLE_MODULES = YES;
				CLANG_ENABLE_OBJC_ARC = YES;
				CLANG_ENABLE_OBJC_WEAK = YES;
				CLANG_WARN_BLOCK_CAPTURE_AUTORELEASING = YES;
				CLANG_WARN_BOOL_CONVERSION = YES;
				CLANG_WARN_COMMA = YES;
				CLANG_WARN_CONSTANT_CONVERSION = YES;
				CLANG_WARN_DEPRECATED_OBJC_IMPLEMENTATIONS = YES;
				CLANG_WARN_DIRECT_OBJC_ISA_USAGE = YES_ERROR;
				CLANG_WARN_DOCUMENTATION_COMMENTS = YES;
				CLANG_WARN_EMPTY_BODY = YES;
				CLANG_WARN_ENUM_CONVERSION = YES;
				CLANG_WARN_INFINITE_RECURSION = YES;
				CLANG_WARN_INT_CONVERSION = YES;
				CLANG_WARN_NON_LITERAL_NULL_CONVERSION = YES;
				CLANG_WARN_OBJC_IMPLICIT_RETAIN_SELF = YES;
				CLANG_WARN_OBJC_LITERAL_CONVERSION = YES;
				CLANG_WARN_OBJC_ROOT_CLASS = YES_ERROR;
				CLANG_WARN_QUOTED_INCLUDE_IN_FRAMEWORK_HEADER = YES;
				CLANG_WARN_RANGE_LOOP_ANALYSIS = YES;
				CLANG_WARN_STRICT_PROTOTYPES = YES;
				CLANG_WARN_SUSPICIOUS_MOVE = YES;
				CLANG_WARN_UNGUARDED_AVAILABILITY = YES_AGGRESSIVE;
				CLANG_WARN_UNREACHABLE_CODE = YES;
				CLANG_WARN__DUPLICATE_METHOD_MATCH = YES;
				COPY_PHASE_STRIP = NO;
				DEBUG_INFORMATION_FORMAT = dwarf;
				ENABLE_STRICT_OBJC_MSGSEND = YES;
				ENABLE_TESTABILITY = YES;
				GCC_C_LANGUAGE_STANDARD = gnu11;
				GCC_DYNAMIC_NO_PIC = NO;
				GCC_NO_COMMON_BLOCKS = YES;
				GCC_OPTIMIZATION_LEVEL = 0;
				GCC_PREPROCESSOR_DEFINITIONS = (
					"DEBUG=1",
					"$(inherited)",
				);
				GCC_WARN_64_TO_32_BIT_CONVERSION = YES;
				GCC_WARN_ABOUT_RETURN_TYPE = YES_ERROR;
				GCC_WARN_UNDECLARED_SELECTOR = YES;
				GCC_WARN_UNINITIALIZED_AUTOS = YES_AGGRESSIVE;
				GCC_WARN_UNUSED_FUNCTION = YES;
				GCC_WARN_UNUSED_VARIABLE = YES;
				IPHONEOS_DEPLOYMENT_TARGET = 16.2;
				MTL_ENABLE_DEBUG_INFO = INCLUDE_SOURCE;
				MTL_FAST_MATH = YES;
				ONLY_ACTIVE_ARCH = YES;
				SDKROOT = iphoneos;
				SWIFT_ACTIVE_COMPILATION_CONDITIONS = DEBUG;
				SWIFT_OPTIMIZATION_LEVEL = "-Onone";
			};
			name = Debug;
		};
		1ED98ECB2BFF882300948409 /* Release */ = {
			isa = XCBuildConfiguration;
			buildSettings = {
				ALWAYS_SEARCH_USER_PATHS = NO;
				CLANG_ANALYZER_NONNULL = YES;
				CLANG_ANALYZER_NUMBER_OBJECT_CONVERSION = YES_AGGRESSIVE;
				CLANG_CXX_LANGUAGE_STANDARD = "gnu++20";
				CLANG_ENABLE_MODULES = YES;
				CLANG_ENABLE_OBJC_ARC = YES;
				CLANG_ENABLE_OBJC_WEAK = YES;
				CLANG_WARN_BLOCK_CAPTURE_AUTORELEASING = YES;
				CLANG_WARN_BOOL_CONVERSION = YES;
				CLANG_WARN_COMMA = YES;
				CLANG_WARN_CONSTANT_CONVERSION = YES;
				CLANG_WARN_DEPRECATED_OBJC_IMPLEMENTATIONS = YES;
				CLANG_WARN_DIRECT_OBJC_ISA_USAGE = YES_ERROR;
				CLANG_WARN_DOCUMENTATION_COMMENTS = YES;
				CLANG_WARN_EMPTY_BODY = YES;
				CLANG_WARN_ENUM_CONVERSION = YES;
				CLANG_WARN_INFINITE_RECURSION = YES;
				CLANG_WARN_INT_CONVERSION = YES;
				CLANG_WARN_NON_LITERAL_NULL_CONVERSION = YES;
				CLANG_WARN_OBJC_IMPLICIT_RETAIN_SELF = YES;
				CLANG_WARN_OBJC_LITERAL_CONVERSION = YES;
				CLANG_WARN_OBJC_ROOT_CLASS = YES_ERROR;
				CLANG_WARN_QUOTED_INCLUDE_IN_FRAMEWORK_HEADER = YES;
				CLANG_WARN_RANGE_LOOP_ANALYSIS = YES;
				CLANG_WARN_STRICT_PROTOTYPES = YES;
				CLANG_WARN_SUSPICIOUS_MOVE = YES;
				CLANG_WARN_UNGUARDED_AVAILABILITY = YES_AGGRESSIVE;
				CLANG_WARN_UNREACHABLE_CODE = YES;
				CLANG_WARN__DUPLICATE_METHOD_MATCH = YES;
				COPY_PHASE_STRIP = NO;
				DEBUG_INFORMATION_FORMAT = "dwarf-with-dsym";
				ENABLE_NS_ASSERTIONS = NO;
				ENABLE_STRICT_OBJC_MSGSEND = YES;
				GCC_C_LANGUAGE_STANDARD = gnu11;
				GCC_NO_COMMON_BLOCKS = YES;
				GCC_WARN_64_TO_32_BIT_CONVERSION = YES;
				GCC_WARN_ABOUT_RETURN_TYPE = YES_ERROR;
				GCC_WARN_UNDECLARED_SELECTOR = YES;
				GCC_WARN_UNINITIALIZED_AUTOS = YES_AGGRESSIVE;
				GCC_WARN_UNUSED_FUNCTION = YES;
				GCC_WARN_UNUSED_VARIABLE = YES;
				IPHONEOS_DEPLOYMENT_TARGET = 16.2;
				MTL_ENABLE_DEBUG_INFO = NO;
				MTL_FAST_MATH = YES;
				SDKROOT = iphoneos;
				SWIFT_COMPILATION_MODE = wholemodule;
				SWIFT_OPTIMIZATION_LEVEL = "-O";
				VALIDATE_PRODUCT = YES;
			};
			name = Release;
		};
		1ED98ECD2BFF882300948409 /* Debug */ = {
			isa = XCBuildConfiguration;
			baseConfigurationReference = E1ABBCCAEA4D877402630585 /* Pods-SwiftCart.debug.xcconfig */;
			buildSettings = {
				ASSETCATALOG_COMPILER_APPICON_NAME = AppIcon;
				ASSETCATALOG_COMPILER_GLOBAL_ACCENT_COLOR_NAME = AccentColor;
				CODE_SIGN_STYLE = Automatic;
				CURRENT_PROJECT_VERSION = 1;
				GENERATE_INFOPLIST_FILE = YES;
				INFOPLIST_FILE = SwiftCart/Info.plist;
				INFOPLIST_KEY_UIApplicationSupportsIndirectInputEvents = YES;
				INFOPLIST_KEY_UILaunchStoryboardName = LaunchScreen;
				INFOPLIST_KEY_UIMainStoryboardFile = Main;
				INFOPLIST_KEY_UISupportedInterfaceOrientations_iPad = "UIInterfaceOrientationPortrait UIInterfaceOrientationPortraitUpsideDown UIInterfaceOrientationLandscapeLeft UIInterfaceOrientationLandscapeRight";
				INFOPLIST_KEY_UISupportedInterfaceOrientations_iPhone = "UIInterfaceOrientationPortrait UIInterfaceOrientationLandscapeLeft UIInterfaceOrientationLandscapeRight";
				IPHONEOS_DEPLOYMENT_TARGET = 16.2;
				LD_RUNPATH_SEARCH_PATHS = (
					"$(inherited)",
					"@executable_path/Frameworks",
				);
				MARKETING_VERSION = 1.0;
				PRODUCT_BUNDLE_IDENTIFIER = self.SwiftCart;
				PRODUCT_NAME = "$(TARGET_NAME)";
				SWIFT_EMIT_LOC_STRINGS = YES;
				SWIFT_VERSION = 5.0;
				TARGETED_DEVICE_FAMILY = "1,2";
			};
			name = Debug;
		};
		1ED98ECE2BFF882300948409 /* Release */ = {
			isa = XCBuildConfiguration;
			baseConfigurationReference = F074EAE788AE17D54D30DB41 /* Pods-SwiftCart.release.xcconfig */;
			buildSettings = {
				ASSETCATALOG_COMPILER_APPICON_NAME = AppIcon;
				ASSETCATALOG_COMPILER_GLOBAL_ACCENT_COLOR_NAME = AccentColor;
				CODE_SIGN_STYLE = Automatic;
				CURRENT_PROJECT_VERSION = 1;
				GENERATE_INFOPLIST_FILE = YES;
				INFOPLIST_FILE = SwiftCart/Info.plist;
				INFOPLIST_KEY_UIApplicationSupportsIndirectInputEvents = YES;
				INFOPLIST_KEY_UILaunchStoryboardName = LaunchScreen;
				INFOPLIST_KEY_UIMainStoryboardFile = Main;
				INFOPLIST_KEY_UISupportedInterfaceOrientations_iPad = "UIInterfaceOrientationPortrait UIInterfaceOrientationPortraitUpsideDown UIInterfaceOrientationLandscapeLeft UIInterfaceOrientationLandscapeRight";
				INFOPLIST_KEY_UISupportedInterfaceOrientations_iPhone = "UIInterfaceOrientationPortrait UIInterfaceOrientationLandscapeLeft UIInterfaceOrientationLandscapeRight";
				IPHONEOS_DEPLOYMENT_TARGET = 16.2;
				LD_RUNPATH_SEARCH_PATHS = (
					"$(inherited)",
					"@executable_path/Frameworks",
				);
				MARKETING_VERSION = 1.0;
				PRODUCT_BUNDLE_IDENTIFIER = self.SwiftCart;
				PRODUCT_NAME = "$(TARGET_NAME)";
				SWIFT_EMIT_LOC_STRINGS = YES;
				SWIFT_VERSION = 5.0;
				TARGETED_DEVICE_FAMILY = "1,2";
			};
			name = Release;
		};
		1ED98ED02BFF882300948409 /* Debug */ = {
			isa = XCBuildConfiguration;
			baseConfigurationReference = AC2CEDABE1A58972C54A4D9E /* Pods-SwiftCartTests.debug.xcconfig */;
			buildSettings = {
				ALWAYS_EMBED_SWIFT_STANDARD_LIBRARIES = YES;
				BUNDLE_LOADER = "$(TEST_HOST)";
				CODE_SIGN_STYLE = Automatic;
				CURRENT_PROJECT_VERSION = 1;
				GENERATE_INFOPLIST_FILE = YES;
				IPHONEOS_DEPLOYMENT_TARGET = 16.2;
				MARKETING_VERSION = 1.0;
				PRODUCT_BUNDLE_IDENTIFIER = self.SwiftCartTests;
				PRODUCT_NAME = "$(TARGET_NAME)";
				SWIFT_EMIT_LOC_STRINGS = NO;
				SWIFT_VERSION = 5.0;
				TARGETED_DEVICE_FAMILY = "1,2";
				TEST_HOST = "$(BUILT_PRODUCTS_DIR)/SwiftCart.app/$(BUNDLE_EXECUTABLE_FOLDER_PATH)/SwiftCart";
			};
			name = Debug;
		};
		1ED98ED12BFF882300948409 /* Release */ = {
			isa = XCBuildConfiguration;
			baseConfigurationReference = 32A48609895F658F44F11E9B /* Pods-SwiftCartTests.release.xcconfig */;
			buildSettings = {
				ALWAYS_EMBED_SWIFT_STANDARD_LIBRARIES = YES;
				BUNDLE_LOADER = "$(TEST_HOST)";
				CODE_SIGN_STYLE = Automatic;
				CURRENT_PROJECT_VERSION = 1;
				GENERATE_INFOPLIST_FILE = YES;
				IPHONEOS_DEPLOYMENT_TARGET = 16.2;
				MARKETING_VERSION = 1.0;
				PRODUCT_BUNDLE_IDENTIFIER = self.SwiftCartTests;
				PRODUCT_NAME = "$(TARGET_NAME)";
				SWIFT_EMIT_LOC_STRINGS = NO;
				SWIFT_VERSION = 5.0;
				TARGETED_DEVICE_FAMILY = "1,2";
				TEST_HOST = "$(BUILT_PRODUCTS_DIR)/SwiftCart.app/$(BUNDLE_EXECUTABLE_FOLDER_PATH)/SwiftCart";
			};
			name = Release;
		};
		1ED98ED32BFF882300948409 /* Debug */ = {
			isa = XCBuildConfiguration;
			baseConfigurationReference = D4B5B897377CF2B5A92AD486 /* Pods-SwiftCart-SwiftCartUITests.debug.xcconfig */;
			buildSettings = {
				ALWAYS_EMBED_SWIFT_STANDARD_LIBRARIES = YES;
				CODE_SIGN_STYLE = Automatic;
				CURRENT_PROJECT_VERSION = 1;
				GENERATE_INFOPLIST_FILE = YES;
				MARKETING_VERSION = 1.0;
				PRODUCT_BUNDLE_IDENTIFIER = self.SwiftCartUITests;
				PRODUCT_NAME = "$(TARGET_NAME)";
				SWIFT_EMIT_LOC_STRINGS = NO;
				SWIFT_VERSION = 5.0;
				TARGETED_DEVICE_FAMILY = "1,2";
				TEST_TARGET_NAME = SwiftCart;
			};
			name = Debug;
		};
		1ED98ED42BFF882300948409 /* Release */ = {
			isa = XCBuildConfiguration;
			baseConfigurationReference = 1C6AC3D3DF1A3CDE8C753700 /* Pods-SwiftCart-SwiftCartUITests.release.xcconfig */;
			buildSettings = {
				ALWAYS_EMBED_SWIFT_STANDARD_LIBRARIES = YES;
				CODE_SIGN_STYLE = Automatic;
				CURRENT_PROJECT_VERSION = 1;
				GENERATE_INFOPLIST_FILE = YES;
				MARKETING_VERSION = 1.0;
				PRODUCT_BUNDLE_IDENTIFIER = self.SwiftCartUITests;
				PRODUCT_NAME = "$(TARGET_NAME)";
				SWIFT_EMIT_LOC_STRINGS = NO;
				SWIFT_VERSION = 5.0;
				TARGETED_DEVICE_FAMILY = "1,2";
				TEST_TARGET_NAME = SwiftCart;
			};
			name = Release;
		};
/* End XCBuildConfiguration section */

/* Begin XCConfigurationList section */
		1ED98E9A2BFF882100948409 /* Build configuration list for PBXProject "SwiftCart" */ = {
			isa = XCConfigurationList;
			buildConfigurations = (
				1ED98ECA2BFF882300948409 /* Debug */,
				1ED98ECB2BFF882300948409 /* Release */,
			);
			defaultConfigurationIsVisible = 0;
			defaultConfigurationName = Release;
		};
		1ED98ECC2BFF882300948409 /* Build configuration list for PBXNativeTarget "SwiftCart" */ = {
			isa = XCConfigurationList;
			buildConfigurations = (
				1ED98ECD2BFF882300948409 /* Debug */,
				1ED98ECE2BFF882300948409 /* Release */,
			);
			defaultConfigurationIsVisible = 0;
			defaultConfigurationName = Release;
		};
		1ED98ECF2BFF882300948409 /* Build configuration list for PBXNativeTarget "SwiftCartTests" */ = {
			isa = XCConfigurationList;
			buildConfigurations = (
				1ED98ED02BFF882300948409 /* Debug */,
				1ED98ED12BFF882300948409 /* Release */,
			);
			defaultConfigurationIsVisible = 0;
			defaultConfigurationName = Release;
		};
		1ED98ED22BFF882300948409 /* Build configuration list for PBXNativeTarget "SwiftCartUITests" */ = {
			isa = XCConfigurationList;
			buildConfigurations = (
				1ED98ED32BFF882300948409 /* Debug */,
				1ED98ED42BFF882300948409 /* Release */,
			);
			defaultConfigurationIsVisible = 0;
			defaultConfigurationName = Release;
		};
/* End XCConfigurationList section */

/* Begin XCVersionGroup section */
		1ED98EAB2BFF882100948409 /* SwiftCart.xcdatamodeld */ = {
			isa = XCVersionGroup;
			children = (
				1ED98EAC2BFF882100948409 /* SwiftCart.xcdatamodel */,
			);
			currentVersion = 1ED98EAC2BFF882100948409 /* SwiftCart.xcdatamodel */;
			path = SwiftCart.xcdatamodeld;
			sourceTree = "<group>";
			versionGroupType = wrapper.xcdatamodel;
		};
/* End XCVersionGroup section */
	};
	rootObject = 1ED98E972BFF882100948409 /* Project object */;
}
