// !$*UTF8*$!
{
	archiveVersion = 1;
	classes = {
	};
	objectVersion = 56;
	objects = {

/* Begin PBXBuildFile section */
		1E2464742C10985D00745CA8 /* FirebaseAuth.swift in Sources */ = {isa = PBXBuildFile; fileRef = 1E2464732C10985D00745CA8 /* FirebaseAuth.swift */; };
		1E2464762C10987400745CA8 /* FirebaseAuthImpl.swift in Sources */ = {isa = PBXBuildFile; fileRef = 1E2464752C10987400745CA8 /* FirebaseAuthImpl.swift */; };
		1E2464782C1098C000745CA8 /* User.swift in Sources */ = {isa = PBXBuildFile; fileRef = 1E2464772C1098C000745CA8 /* User.swift */; };
		1E24647A2C1099BE00745CA8 /* Authentication.storyboard in Resources */ = {isa = PBXBuildFile; fileRef = 1E2464792C1099BD00745CA8 /* Authentication.storyboard */; };
		1E24647E2C1099DD00745CA8 /* LogInViewController.swift in Sources */ = {isa = PBXBuildFile; fileRef = 1E24647B2C1099DD00745CA8 /* LogInViewController.swift */; };
		1E24647F2C1099DD00745CA8 /* SignUpViewController.swift in Sources */ = {isa = PBXBuildFile; fileRef = 1E24647C2C1099DD00745CA8 /* SignUpViewController.swift */; };
		1E2464802C1099DD00745CA8 /* MainAuthViewController.swift in Sources */ = {isa = PBXBuildFile; fileRef = 1E24647D2C1099DD00745CA8 /* MainAuthViewController.swift */; };
		1E2464832C109B9D00745CA8 /* AuthViewModel.swift in Sources */ = {isa = PBXBuildFile; fileRef = 1E2464812C109B9C00745CA8 /* AuthViewModel.swift */; };
		1E2464842C109B9D00745CA8 /* AuthViewModelImpl.swift in Sources */ = {isa = PBXBuildFile; fileRef = 1E2464822C109B9C00745CA8 /* AuthViewModelImpl.swift */; };
		1E2464882C109BF000745CA8 /* InputValidator.swift in Sources */ = {isa = PBXBuildFile; fileRef = 1E2464872C109BEF00745CA8 /* InputValidator.swift */; };
		1E24648D2C109C0400745CA8 /* FeedbackManager.swift in Sources */ = {isa = PBXBuildFile; fileRef = 1E2464892C109C0300745CA8 /* FeedbackManager.swift */; };
		1E24648E2C109C0400745CA8 /* LocationManager.swift in Sources */ = {isa = PBXBuildFile; fileRef = 1E24648A2C109C0300745CA8 /* LocationManager.swift */; };
		1E24648F2C109C0400745CA8 /* NetworkingManager.swift in Sources */ = {isa = PBXBuildFile; fileRef = 1E24648B2C109C0300745CA8 /* NetworkingManager.swift */; };
		1E2464902C109C0400745CA8 /* OnBoardingManager.swift in Sources */ = {isa = PBXBuildFile; fileRef = 1E24648C2C109C0400745CA8 /* OnBoardingManager.swift */; };
		1E24649E2C109D9F00745CA8 /* SearchViewController.swift in Sources */ = {isa = PBXBuildFile; fileRef = 1E24649B2C109D9E00745CA8 /* SearchViewController.swift */; };
		1E24649F2C109D9F00745CA8 /* CollectionViewCell.swift in Sources */ = {isa = PBXBuildFile; fileRef = 1E24649C2C109D9E00745CA8 /* CollectionViewCell.swift */; };
		1E2464A02C109D9F00745CA8 /* CollectionViewController.swift in Sources */ = {isa = PBXBuildFile; fileRef = 1E24649D2C109D9E00745CA8 /* CollectionViewController.swift */; };
		1E2464A42C109DAB00745CA8 /* NetworkService.swift in Sources */ = {isa = PBXBuildFile; fileRef = 1E2464A12C109DAA00745CA8 /* NetworkService.swift */; };
		1E2464A52C109DAB00745CA8 /* ProductsResponse.swift in Sources */ = {isa = PBXBuildFile; fileRef = 1E2464A22C109DAB00745CA8 /* ProductsResponse.swift */; };
		1E2464A62C109DAB00745CA8 /* ProductTemp.swift in Sources */ = {isa = PBXBuildFile; fileRef = 1E2464A32C109DAB00745CA8 /* ProductTemp.swift */; };
		1E2464A92C109DEB00745CA8 /* FavoriteViewController.swift in Sources */ = {isa = PBXBuildFile; fileRef = 1E2464A82C109DEB00745CA8 /* FavoriteViewController.swift */; };
		1E2464AF2C109E7700745CA8 /* DetailsNetworkService.swift in Sources */ = {isa = PBXBuildFile; fileRef = 1E2464AD2C109E7600745CA8 /* DetailsNetworkService.swift */; };
		1E2464B02C109E7700745CA8 /* ProductDetailsResponse.swift in Sources */ = {isa = PBXBuildFile; fileRef = 1E2464AE2C109E7600745CA8 /* ProductDetailsResponse.swift */; };
		1E2464B22C109EAC00745CA8 /* DetailsViewModel.swift in Sources */ = {isa = PBXBuildFile; fileRef = 1E2464B12C109EAC00745CA8 /* DetailsViewModel.swift */; };
		1E2464B42C109EB700745CA8 /* DetailsViewController.swift in Sources */ = {isa = PBXBuildFile; fileRef = 1E2464B32C109EB700745CA8 /* DetailsViewController.swift */; };
		1E2464B62C109EFB00745CA8 /* SearchFavoriteProductsViewModel.swift in Sources */ = {isa = PBXBuildFile; fileRef = 1E2464B52C109EFB00745CA8 /* SearchFavoriteProductsViewModel.swift */; };
		1E2464B82C109F1700745CA8 /* ProductsSearchDetailsAndFav.storyboard in Resources */ = {isa = PBXBuildFile; fileRef = 1E2464B72C109F1700745CA8 /* ProductsSearchDetailsAndFav.storyboard */; };
		1E2464C02C10B33400745CA8 /* AppCommon.swift in Sources */ = {isa = PBXBuildFile; fileRef = 1E2464BF2C10B33400745CA8 /* AppCommon.swift */; };
		1E5A69362BFF9A7000654FE6 /* HomeAndCategories.storyboard in Resources */ = {isa = PBXBuildFile; fileRef = 1E5A69352BFF9A7000654FE6 /* HomeAndCategories.storyboard */; };
		1ED98EA32BFF882100948409 /* AppDelegate.swift in Sources */ = {isa = PBXBuildFile; fileRef = 1ED98EA22BFF882100948409 /* AppDelegate.swift */; };
		1ED98EA52BFF882100948409 /* SceneDelegate.swift in Sources */ = {isa = PBXBuildFile; fileRef = 1ED98EA42BFF882100948409 /* SceneDelegate.swift */; };
		1ED98EA72BFF882100948409 /* ViewController.swift in Sources */ = {isa = PBXBuildFile; fileRef = 1ED98EA62BFF882100948409 /* ViewController.swift */; };
		1ED98EAA2BFF882100948409 /* Main.storyboard in Resources */ = {isa = PBXBuildFile; fileRef = 1ED98EA82BFF882100948409 /* Main.storyboard */; };
		1ED98EAD2BFF882100948409 /* SwiftCart.xcdatamodeld in Sources */ = {isa = PBXBuildFile; fileRef = 1ED98EAB2BFF882100948409 /* SwiftCart.xcdatamodeld */; };
		1ED98EAF2BFF882300948409 /* Assets.xcassets in Resources */ = {isa = PBXBuildFile; fileRef = 1ED98EAE2BFF882300948409 /* Assets.xcassets */; };
		1ED98EB22BFF882300948409 /* LaunchScreen.storyboard in Resources */ = {isa = PBXBuildFile; fileRef = 1ED98EB02BFF882300948409 /* LaunchScreen.storyboard */; };
		1ED98EBD2BFF882300948409 /* SwiftCartTests.swift in Sources */ = {isa = PBXBuildFile; fileRef = 1ED98EBC2BFF882300948409 /* SwiftCartTests.swift */; };
		1ED98EC72BFF882300948409 /* SwiftCartUITests.swift in Sources */ = {isa = PBXBuildFile; fileRef = 1ED98EC62BFF882300948409 /* SwiftCartUITests.swift */; };
		1ED98EC92BFF882300948409 /* SwiftCartUITestsLaunchTests.swift in Sources */ = {isa = PBXBuildFile; fileRef = 1ED98EC82BFF882300948409 /* SwiftCartUITestsLaunchTests.swift */; };
		4334D5E92C08020400A3D315 /* CategoriesViewController.swift in Sources */ = {isa = PBXBuildFile; fileRef = 4334D5E82C08020400A3D315 /* CategoriesViewController.swift */; };
		4369C0F42BFFD14B0099BAFD /* HomeCollectionViewCell.swift in Sources */ = {isa = PBXBuildFile; fileRef = 4369C0F32BFFD14B0099BAFD /* HomeCollectionViewCell.swift */; };
		4380A4ED2C02A3520035CF76 /* ProductsModel.swift in Sources */ = {isa = PBXBuildFile; fileRef = 4380A4EC2C02A3520035CF76 /* ProductsModel.swift */; };
		4380A4EF2C02A3790035CF76 /* ProductsServicesImp.swift in Sources */ = {isa = PBXBuildFile; fileRef = 4380A4EE2C02A3790035CF76 /* ProductsServicesImp.swift */; };
		4380A4F12C02A3960035CF76 /* ProductsViewModel.swift in Sources */ = {isa = PBXBuildFile; fileRef = 4380A4F02C02A3960035CF76 /* ProductsViewModel.swift */; };
		4380A4F32C02A3BE0035CF76 /* BrandDetailsViewController.swift in Sources */ = {isa = PBXBuildFile; fileRef = 4380A4F22C02A3BE0035CF76 /* BrandDetailsViewController.swift */; };
		43899CCE2C08B23000793CBC /* NetworkIndicator.swift in Sources */ = {isa = PBXBuildFile; fileRef = 43899CCD2C08B23000793CBC /* NetworkIndicator.swift */; };
		43899CD02C08B29000793CBC /* CollectionViewDesign.swift in Sources */ = {isa = PBXBuildFile; fileRef = 43899CCF2C08B29000793CBC /* CollectionViewDesign.swift */; };
		43899CD22C08C66800793CBC /* ProductsCollectionViewCell.swift in Sources */ = {isa = PBXBuildFile; fileRef = 43899CD12C08C66800793CBC /* ProductsCollectionViewCell.swift */; };
		4399B1AB2C139FFC004E6F67 /* OrdersTableViewCell.swift in Sources */ = {isa = PBXBuildFile; fileRef = 4399B1AA2C139FFC004E6F67 /* OrdersTableViewCell.swift */; };
		4399B1AD2C13A047004E6F67 /* OrdersViewController.swift in Sources */ = {isa = PBXBuildFile; fileRef = 4399B1AC2C13A047004E6F67 /* OrdersViewController.swift */; };
		4399B1AF2C13A633004E6F67 /* OrderModel.swift in Sources */ = {isa = PBXBuildFile; fileRef = 4399B1AE2C13A633004E6F67 /* OrderModel.swift */; };
		4399B1B12C13A655004E6F67 /* OrderServiceImp.swift in Sources */ = {isa = PBXBuildFile; fileRef = 4399B1B02C13A655004E6F67 /* OrderServiceImp.swift */; };
		4399B1B32C13CA8C004E6F67 /* OrdersViewModel.swift in Sources */ = {isa = PBXBuildFile; fileRef = 4399B1B22C13CA8C004E6F67 /* OrdersViewModel.swift */; };
		43A232112BFFC67F000BCF24 /* HomeViewController.swift in Sources */ = {isa = PBXBuildFile; fileRef = 43A232102BFFC67F000BCF24 /* HomeViewController.swift */; };
		43AC2B472C077F48007A674E /* CategoriesViewModel.swift in Sources */ = {isa = PBXBuildFile; fileRef = 43AC2B462C077F48007A674E /* CategoriesViewModel.swift */; };
		43AC2B492C077F7B007A674E /* CategoriesModel.swift in Sources */ = {isa = PBXBuildFile; fileRef = 43AC2B482C077F7B007A674E /* CategoriesModel.swift */; };
		43AC2B4B2C077F98007A674E /* CategoriesServicesImp.swift in Sources */ = {isa = PBXBuildFile; fileRef = 43AC2B4A2C077F97007A674E /* CategoriesServicesImp.swift */; };
		43C64FE52C00C047002BBDBA /* HomeViewModel.swift in Sources */ = {isa = PBXBuildFile; fileRef = 43C64FE42C00C047002BBDBA /* HomeViewModel.swift */; };
		43E5D7912C131DC100F2D8AB /* MeViewController.swift in Sources */ = {isa = PBXBuildFile; fileRef = 43E5D7902C131DC100F2D8AB /* MeViewController.swift */; };
		43EBCB042C00B11B00A2A49A /* BrandModel.swift in Sources */ = {isa = PBXBuildFile; fileRef = 43EBCB032C00B11B00A2A49A /* BrandModel.swift */; };
		43EBCB062C00B14F00A2A49A /* BrandServiceImp.swift in Sources */ = {isa = PBXBuildFile; fileRef = 43EBCB052C00B14F00A2A49A /* BrandServiceImp.swift */; };
		43F01F662C0C8426008CAD0D /* AddsCollectionViewCell.swift in Sources */ = {isa = PBXBuildFile; fileRef = 43F01F652C0C8426008CAD0D /* AddsCollectionViewCell.swift */; };
		4B3D669C448D841577BF8800 /* Pods_SwiftCart_SwiftCartUITests.framework in Frameworks */ = {isa = PBXBuildFile; fileRef = A25B21EBB85B0A28EC172CAF /* Pods_SwiftCart_SwiftCartUITests.framework */; };
		5F9DC7785C4CC6EA3D3190FB /* Pods_SwiftCartTests.framework in Frameworks */ = {isa = PBXBuildFile; fileRef = 4D4C943D9ED7A1735A238A00 /* Pods_SwiftCartTests.framework */; };
		977E9A2D390C64FEC7A0C2D1 /* Pods_SwiftCart.framework in Frameworks */ = {isa = PBXBuildFile; fileRef = 726A17F9FC5D24A89467B198 /* Pods_SwiftCart.framework */; };
		DA0B5EFE2C084FEB00D02E9C /* MapViewController.swift in Sources */ = {isa = PBXBuildFile; fileRef = DA0B5EFD2C084FEB00D02E9C /* MapViewController.swift */; };
		DA0B5F012C08550400D02E9C /* LocationViewModel.swift in Sources */ = {isa = PBXBuildFile; fileRef = DA0B5F002C08550400D02E9C /* LocationViewModel.swift */; };
		DA0B5F042C08744700D02E9C /* AddressesNetwork.swift in Sources */ = {isa = PBXBuildFile; fileRef = DA0B5F032C08744700D02E9C /* AddressesNetwork.swift */; };
		DA0B5F062C089DE800D02E9C /* CurrencyNetwork.swift in Sources */ = {isa = PBXBuildFile; fileRef = DA0B5F052C089DE800D02E9C /* CurrencyNetwork.swift */; };
		DA0B5F082C09244C00D02E9C /* AboutUsViewController.swift in Sources */ = {isa = PBXBuildFile; fileRef = DA0B5F072C09244C00D02E9C /* AboutUsViewController.swift */; };
		DA0B5F0A2C09E21400D02E9C /* Currency.swift in Sources */ = {isa = PBXBuildFile; fileRef = DA0B5F092C09E21400D02E9C /* Currency.swift */; };
		DA221D632BFF831500BC1EEA /* SettingsStoryboard.storyboard in Resources */ = {isa = PBXBuildFile; fileRef = DA221D622BFF831500BC1EEA /* SettingsStoryboard.storyboard */; };
		DA79E2062C0DF8C2006A9DAB /* AddressSettingViewController.swift in Sources */ = {isa = PBXBuildFile; fileRef = DA79E2052C0DF8C2006A9DAB /* AddressSettingViewController.swift */; };
		DA79E2092C0E8E81006A9DAB /* Reload.swift in Sources */ = {isa = PBXBuildFile; fileRef = DA79E2082C0E8E81006A9DAB /* Reload.swift */; };
		DA79E2102C0EF8C2006A9DAB /* CartViewController.swift in Sources */ = {isa = PBXBuildFile; fileRef = DA79E20E2C0EF8C2006A9DAB /* CartViewController.swift */; };
		DA79E2112C0EF8C2006A9DAB /* CartViewController.xib in Resources */ = {isa = PBXBuildFile; fileRef = DA79E20F2C0EF8C2006A9DAB /* CartViewController.xib */; };
		DA79E2142C0EF944006A9DAB /* CartTableViewCell.swift in Sources */ = {isa = PBXBuildFile; fileRef = DA79E2122C0EF944006A9DAB /* CartTableViewCell.swift */; };
		DA79E2152C0EF944006A9DAB /* CartTableViewCell.xib in Resources */ = {isa = PBXBuildFile; fileRef = DA79E2132C0EF944006A9DAB /* CartTableViewCell.xib */; };
		DAFDD3692C03265D00A842A4 /* Adresses.swift in Sources */ = {isa = PBXBuildFile; fileRef = DAFDD3682C03265D00A842A4 /* Adresses.swift */; };
		DAFDD36C2C0327C200A842A4 /* SettingViewController.swift in Sources */ = {isa = PBXBuildFile; fileRef = DAFDD36B2C0327C200A842A4 /* SettingViewController.swift */; };
		DAFDD36E2C032CC700A842A4 /* AdressesTableViewController.swift in Sources */ = {isa = PBXBuildFile; fileRef = DAFDD36D2C032CC700A842A4 /* AdressesTableViewController.swift */; };
/* End PBXBuildFile section */

/* Begin PBXContainerItemProxy section */
		1ED98EB92BFF882300948409 /* PBXContainerItemProxy */ = {
			isa = PBXContainerItemProxy;
			containerPortal = 1ED98E972BFF882100948409 /* Project object */;
			proxyType = 1;
			remoteGlobalIDString = 1ED98E9E2BFF882100948409;
			remoteInfo = SwiftCart;
		};
		1ED98EC32BFF882300948409 /* PBXContainerItemProxy */ = {
			isa = PBXContainerItemProxy;
			containerPortal = 1ED98E972BFF882100948409 /* Project object */;
			proxyType = 1;
			remoteGlobalIDString = 1ED98E9E2BFF882100948409;
			remoteInfo = SwiftCart;
		};
/* End PBXContainerItemProxy section */

/* Begin PBXFileReference section */
		1C6AC3D3DF1A3CDE8C753700 /* Pods-SwiftCart-SwiftCartUITests.release.xcconfig */ = {isa = PBXFileReference; includeInIndex = 1; lastKnownFileType = text.xcconfig; name = "Pods-SwiftCart-SwiftCartUITests.release.xcconfig"; path = "Target Support Files/Pods-SwiftCart-SwiftCartUITests/Pods-SwiftCart-SwiftCartUITests.release.xcconfig"; sourceTree = "<group>"; };
		1E2464732C10985D00745CA8 /* FirebaseAuth.swift */ = {isa = PBXFileReference; lastKnownFileType = sourcecode.swift; path = FirebaseAuth.swift; sourceTree = "<group>"; };
		1E2464752C10987400745CA8 /* FirebaseAuthImpl.swift */ = {isa = PBXFileReference; lastKnownFileType = sourcecode.swift; path = FirebaseAuthImpl.swift; sourceTree = "<group>"; };
		1E2464772C1098C000745CA8 /* User.swift */ = {isa = PBXFileReference; lastKnownFileType = sourcecode.swift; path = User.swift; sourceTree = "<group>"; };
		1E2464792C1099BD00745CA8 /* Authentication.storyboard */ = {isa = PBXFileReference; fileEncoding = 4; lastKnownFileType = file.storyboard; path = Authentication.storyboard; sourceTree = "<group>"; };
		1E24647B2C1099DD00745CA8 /* LogInViewController.swift */ = {isa = PBXFileReference; fileEncoding = 4; lastKnownFileType = sourcecode.swift; path = LogInViewController.swift; sourceTree = "<group>"; };
		1E24647C2C1099DD00745CA8 /* SignUpViewController.swift */ = {isa = PBXFileReference; fileEncoding = 4; lastKnownFileType = sourcecode.swift; path = SignUpViewController.swift; sourceTree = "<group>"; };
		1E24647D2C1099DD00745CA8 /* MainAuthViewController.swift */ = {isa = PBXFileReference; fileEncoding = 4; lastKnownFileType = sourcecode.swift; path = MainAuthViewController.swift; sourceTree = "<group>"; };
		1E2464812C109B9C00745CA8 /* AuthViewModel.swift */ = {isa = PBXFileReference; fileEncoding = 4; lastKnownFileType = sourcecode.swift; path = AuthViewModel.swift; sourceTree = "<group>"; };
		1E2464822C109B9C00745CA8 /* AuthViewModelImpl.swift */ = {isa = PBXFileReference; fileEncoding = 4; lastKnownFileType = sourcecode.swift; path = AuthViewModelImpl.swift; sourceTree = "<group>"; };
		1E2464872C109BEF00745CA8 /* InputValidator.swift */ = {isa = PBXFileReference; fileEncoding = 4; lastKnownFileType = sourcecode.swift; path = InputValidator.swift; sourceTree = "<group>"; };
		1E2464892C109C0300745CA8 /* FeedbackManager.swift */ = {isa = PBXFileReference; fileEncoding = 4; lastKnownFileType = sourcecode.swift; path = FeedbackManager.swift; sourceTree = "<group>"; };
		1E24648A2C109C0300745CA8 /* LocationManager.swift */ = {isa = PBXFileReference; fileEncoding = 4; lastKnownFileType = sourcecode.swift; path = LocationManager.swift; sourceTree = "<group>"; };
		1E24648B2C109C0300745CA8 /* NetworkingManager.swift */ = {isa = PBXFileReference; fileEncoding = 4; lastKnownFileType = sourcecode.swift; path = NetworkingManager.swift; sourceTree = "<group>"; };
		1E24648C2C109C0400745CA8 /* OnBoardingManager.swift */ = {isa = PBXFileReference; fileEncoding = 4; lastKnownFileType = sourcecode.swift; path = OnBoardingManager.swift; sourceTree = "<group>"; };
		1E24649B2C109D9E00745CA8 /* SearchViewController.swift */ = {isa = PBXFileReference; fileEncoding = 4; lastKnownFileType = sourcecode.swift; path = SearchViewController.swift; sourceTree = "<group>"; };
		1E24649C2C109D9E00745CA8 /* CollectionViewCell.swift */ = {isa = PBXFileReference; fileEncoding = 4; lastKnownFileType = sourcecode.swift; path = CollectionViewCell.swift; sourceTree = "<group>"; };
		1E24649D2C109D9E00745CA8 /* CollectionViewController.swift */ = {isa = PBXFileReference; fileEncoding = 4; lastKnownFileType = sourcecode.swift; path = CollectionViewController.swift; sourceTree = "<group>"; };
		1E2464A12C109DAA00745CA8 /* NetworkService.swift */ = {isa = PBXFileReference; fileEncoding = 4; lastKnownFileType = sourcecode.swift; path = NetworkService.swift; sourceTree = "<group>"; };
		1E2464A22C109DAB00745CA8 /* ProductsResponse.swift */ = {isa = PBXFileReference; fileEncoding = 4; lastKnownFileType = sourcecode.swift; path = ProductsResponse.swift; sourceTree = "<group>"; };
		1E2464A32C109DAB00745CA8 /* ProductTemp.swift */ = {isa = PBXFileReference; fileEncoding = 4; lastKnownFileType = sourcecode.swift; path = ProductTemp.swift; sourceTree = "<group>"; };
		1E2464A82C109DEB00745CA8 /* FavoriteViewController.swift */ = {isa = PBXFileReference; fileEncoding = 4; lastKnownFileType = sourcecode.swift; path = FavoriteViewController.swift; sourceTree = "<group>"; };
		1E2464AD2C109E7600745CA8 /* DetailsNetworkService.swift */ = {isa = PBXFileReference; fileEncoding = 4; lastKnownFileType = sourcecode.swift; path = DetailsNetworkService.swift; sourceTree = "<group>"; };
		1E2464AE2C109E7600745CA8 /* ProductDetailsResponse.swift */ = {isa = PBXFileReference; fileEncoding = 4; lastKnownFileType = sourcecode.swift; path = ProductDetailsResponse.swift; sourceTree = "<group>"; };
		1E2464B12C109EAC00745CA8 /* DetailsViewModel.swift */ = {isa = PBXFileReference; fileEncoding = 4; lastKnownFileType = sourcecode.swift; path = DetailsViewModel.swift; sourceTree = "<group>"; };
		1E2464B32C109EB700745CA8 /* DetailsViewController.swift */ = {isa = PBXFileReference; fileEncoding = 4; lastKnownFileType = sourcecode.swift; path = DetailsViewController.swift; sourceTree = "<group>"; };
		1E2464B52C109EFB00745CA8 /* SearchFavoriteProductsViewModel.swift */ = {isa = PBXFileReference; fileEncoding = 4; lastKnownFileType = sourcecode.swift; path = SearchFavoriteProductsViewModel.swift; sourceTree = "<group>"; };
		1E2464B72C109F1700745CA8 /* ProductsSearchDetailsAndFav.storyboard */ = {isa = PBXFileReference; fileEncoding = 4; lastKnownFileType = file.storyboard; path = ProductsSearchDetailsAndFav.storyboard; sourceTree = "<group>"; };
		1E2464BF2C10B33400745CA8 /* AppCommon.swift */ = {isa = PBXFileReference; lastKnownFileType = sourcecode.swift; path = AppCommon.swift; sourceTree = "<group>"; };
		1E5A69352BFF9A7000654FE6 /* HomeAndCategories.storyboard */ = {isa = PBXFileReference; lastKnownFileType = file.storyboard; path = HomeAndCategories.storyboard; sourceTree = "<group>"; };
		1ED98E9F2BFF882100948409 /* SwiftCart.app */ = {isa = PBXFileReference; explicitFileType = wrapper.application; includeInIndex = 0; path = SwiftCart.app; sourceTree = BUILT_PRODUCTS_DIR; };
		1ED98EA22BFF882100948409 /* AppDelegate.swift */ = {isa = PBXFileReference; lastKnownFileType = sourcecode.swift; path = AppDelegate.swift; sourceTree = "<group>"; };
		1ED98EA42BFF882100948409 /* SceneDelegate.swift */ = {isa = PBXFileReference; lastKnownFileType = sourcecode.swift; path = SceneDelegate.swift; sourceTree = "<group>"; };
		1ED98EA62BFF882100948409 /* ViewController.swift */ = {isa = PBXFileReference; lastKnownFileType = sourcecode.swift; path = ViewController.swift; sourceTree = "<group>"; };
		1ED98EA92BFF882100948409 /* Base */ = {isa = PBXFileReference; lastKnownFileType = file.storyboard; name = Base; path = Base.lproj/Main.storyboard; sourceTree = "<group>"; };
		1ED98EAC2BFF882100948409 /* SwiftCart.xcdatamodel */ = {isa = PBXFileReference; lastKnownFileType = wrapper.xcdatamodel; path = SwiftCart.xcdatamodel; sourceTree = "<group>"; };
		1ED98EAE2BFF882300948409 /* Assets.xcassets */ = {isa = PBXFileReference; lastKnownFileType = folder.assetcatalog; path = Assets.xcassets; sourceTree = "<group>"; };
		1ED98EB12BFF882300948409 /* Base */ = {isa = PBXFileReference; lastKnownFileType = file.storyboard; name = Base; path = Base.lproj/LaunchScreen.storyboard; sourceTree = "<group>"; };
		1ED98EB32BFF882300948409 /* Info.plist */ = {isa = PBXFileReference; lastKnownFileType = text.plist.xml; path = Info.plist; sourceTree = "<group>"; };
		1ED98EB82BFF882300948409 /* SwiftCartTests.xctest */ = {isa = PBXFileReference; explicitFileType = wrapper.cfbundle; includeInIndex = 0; path = SwiftCartTests.xctest; sourceTree = BUILT_PRODUCTS_DIR; };
		1ED98EBC2BFF882300948409 /* SwiftCartTests.swift */ = {isa = PBXFileReference; lastKnownFileType = sourcecode.swift; path = SwiftCartTests.swift; sourceTree = "<group>"; };
		1ED98EC22BFF882300948409 /* SwiftCartUITests.xctest */ = {isa = PBXFileReference; explicitFileType = wrapper.cfbundle; includeInIndex = 0; path = SwiftCartUITests.xctest; sourceTree = BUILT_PRODUCTS_DIR; };
		1ED98EC62BFF882300948409 /* SwiftCartUITests.swift */ = {isa = PBXFileReference; lastKnownFileType = sourcecode.swift; path = SwiftCartUITests.swift; sourceTree = "<group>"; };
		1ED98EC82BFF882300948409 /* SwiftCartUITestsLaunchTests.swift */ = {isa = PBXFileReference; lastKnownFileType = sourcecode.swift; path = SwiftCartUITestsLaunchTests.swift; sourceTree = "<group>"; };
		32A48609895F658F44F11E9B /* Pods-SwiftCartTests.release.xcconfig */ = {isa = PBXFileReference; includeInIndex = 1; lastKnownFileType = text.xcconfig; name = "Pods-SwiftCartTests.release.xcconfig"; path = "Target Support Files/Pods-SwiftCartTests/Pods-SwiftCartTests.release.xcconfig"; sourceTree = "<group>"; };
		4334D5E82C08020400A3D315 /* CategoriesViewController.swift */ = {isa = PBXFileReference; lastKnownFileType = sourcecode.swift; path = CategoriesViewController.swift; sourceTree = "<group>"; };
		4369C0F32BFFD14B0099BAFD /* HomeCollectionViewCell.swift */ = {isa = PBXFileReference; lastKnownFileType = sourcecode.swift; path = HomeCollectionViewCell.swift; sourceTree = "<group>"; };
		4380A4EC2C02A3520035CF76 /* ProductsModel.swift */ = {isa = PBXFileReference; lastKnownFileType = sourcecode.swift; path = ProductsModel.swift; sourceTree = "<group>"; };
		4380A4EE2C02A3790035CF76 /* ProductsServicesImp.swift */ = {isa = PBXFileReference; lastKnownFileType = sourcecode.swift; path = ProductsServicesImp.swift; sourceTree = "<group>"; };
		4380A4F02C02A3960035CF76 /* ProductsViewModel.swift */ = {isa = PBXFileReference; lastKnownFileType = sourcecode.swift; path = ProductsViewModel.swift; sourceTree = "<group>"; };
		4380A4F22C02A3BE0035CF76 /* BrandDetailsViewController.swift */ = {isa = PBXFileReference; lastKnownFileType = sourcecode.swift; path = BrandDetailsViewController.swift; sourceTree = "<group>"; };
		43899CCD2C08B23000793CBC /* NetworkIndicator.swift */ = {isa = PBXFileReference; lastKnownFileType = sourcecode.swift; path = NetworkIndicator.swift; sourceTree = "<group>"; };
		43899CCF2C08B29000793CBC /* CollectionViewDesign.swift */ = {isa = PBXFileReference; lastKnownFileType = sourcecode.swift; path = CollectionViewDesign.swift; sourceTree = "<group>"; };
		43899CD12C08C66800793CBC /* ProductsCollectionViewCell.swift */ = {isa = PBXFileReference; lastKnownFileType = sourcecode.swift; path = ProductsCollectionViewCell.swift; sourceTree = "<group>"; };
		4399B1AA2C139FFC004E6F67 /* OrdersTableViewCell.swift */ = {isa = PBXFileReference; lastKnownFileType = sourcecode.swift; path = OrdersTableViewCell.swift; sourceTree = "<group>"; };
		4399B1AC2C13A047004E6F67 /* OrdersViewController.swift */ = {isa = PBXFileReference; lastKnownFileType = sourcecode.swift; path = OrdersViewController.swift; sourceTree = "<group>"; };
		4399B1AE2C13A633004E6F67 /* OrderModel.swift */ = {isa = PBXFileReference; lastKnownFileType = sourcecode.swift; path = OrderModel.swift; sourceTree = "<group>"; };
		4399B1B02C13A655004E6F67 /* OrderServiceImp.swift */ = {isa = PBXFileReference; lastKnownFileType = sourcecode.swift; path = OrderServiceImp.swift; sourceTree = "<group>"; };
		4399B1B22C13CA8C004E6F67 /* OrdersViewModel.swift */ = {isa = PBXFileReference; lastKnownFileType = sourcecode.swift; path = OrdersViewModel.swift; sourceTree = "<group>"; };
		43A232102BFFC67F000BCF24 /* HomeViewController.swift */ = {isa = PBXFileReference; lastKnownFileType = sourcecode.swift; path = HomeViewController.swift; sourceTree = "<group>"; };
		43AC2B462C077F48007A674E /* CategoriesViewModel.swift */ = {isa = PBXFileReference; lastKnownFileType = sourcecode.swift; path = CategoriesViewModel.swift; sourceTree = "<group>"; };
		43AC2B482C077F7B007A674E /* CategoriesModel.swift */ = {isa = PBXFileReference; lastKnownFileType = sourcecode.swift; path = CategoriesModel.swift; sourceTree = "<group>"; };
		43AC2B4A2C077F97007A674E /* CategoriesServicesImp.swift */ = {isa = PBXFileReference; lastKnownFileType = sourcecode.swift; path = CategoriesServicesImp.swift; sourceTree = "<group>"; };
		43C64FE42C00C047002BBDBA /* HomeViewModel.swift */ = {isa = PBXFileReference; lastKnownFileType = sourcecode.swift; path = HomeViewModel.swift; sourceTree = "<group>"; };
		43E5D7902C131DC100F2D8AB /* MeViewController.swift */ = {isa = PBXFileReference; lastKnownFileType = sourcecode.swift; path = MeViewController.swift; sourceTree = "<group>"; };
		43EBCB032C00B11B00A2A49A /* BrandModel.swift */ = {isa = PBXFileReference; lastKnownFileType = sourcecode.swift; path = BrandModel.swift; sourceTree = "<group>"; };
		43EBCB052C00B14F00A2A49A /* BrandServiceImp.swift */ = {isa = PBXFileReference; lastKnownFileType = sourcecode.swift; path = BrandServiceImp.swift; sourceTree = "<group>"; };
		43F01F652C0C8426008CAD0D /* AddsCollectionViewCell.swift */ = {isa = PBXFileReference; lastKnownFileType = sourcecode.swift; path = AddsCollectionViewCell.swift; sourceTree = "<group>"; };
		4D4C943D9ED7A1735A238A00 /* Pods_SwiftCartTests.framework */ = {isa = PBXFileReference; explicitFileType = wrapper.framework; includeInIndex = 0; path = Pods_SwiftCartTests.framework; sourceTree = BUILT_PRODUCTS_DIR; };
		726A17F9FC5D24A89467B198 /* Pods_SwiftCart.framework */ = {isa = PBXFileReference; explicitFileType = wrapper.framework; includeInIndex = 0; path = Pods_SwiftCart.framework; sourceTree = BUILT_PRODUCTS_DIR; };
		A25B21EBB85B0A28EC172CAF /* Pods_SwiftCart_SwiftCartUITests.framework */ = {isa = PBXFileReference; explicitFileType = wrapper.framework; includeInIndex = 0; path = Pods_SwiftCart_SwiftCartUITests.framework; sourceTree = BUILT_PRODUCTS_DIR; };
		AC2CEDABE1A58972C54A4D9E /* Pods-SwiftCartTests.debug.xcconfig */ = {isa = PBXFileReference; includeInIndex = 1; lastKnownFileType = text.xcconfig; name = "Pods-SwiftCartTests.debug.xcconfig"; path = "Target Support Files/Pods-SwiftCartTests/Pods-SwiftCartTests.debug.xcconfig"; sourceTree = "<group>"; };
		D4B5B897377CF2B5A92AD486 /* Pods-SwiftCart-SwiftCartUITests.debug.xcconfig */ = {isa = PBXFileReference; includeInIndex = 1; lastKnownFileType = text.xcconfig; name = "Pods-SwiftCart-SwiftCartUITests.debug.xcconfig"; path = "Target Support Files/Pods-SwiftCart-SwiftCartUITests/Pods-SwiftCart-SwiftCartUITests.debug.xcconfig"; sourceTree = "<group>"; };
		DA0B5EFD2C084FEB00D02E9C /* MapViewController.swift */ = {isa = PBXFileReference; lastKnownFileType = sourcecode.swift; path = MapViewController.swift; sourceTree = "<group>"; };
		DA0B5F002C08550400D02E9C /* LocationViewModel.swift */ = {isa = PBXFileReference; lastKnownFileType = sourcecode.swift; path = LocationViewModel.swift; sourceTree = "<group>"; };
		DA0B5F032C08744700D02E9C /* AddressesNetwork.swift */ = {isa = PBXFileReference; lastKnownFileType = sourcecode.swift; path = AddressesNetwork.swift; sourceTree = "<group>"; };
		DA0B5F052C089DE800D02E9C /* CurrencyNetwork.swift */ = {isa = PBXFileReference; lastKnownFileType = sourcecode.swift; path = CurrencyNetwork.swift; sourceTree = "<group>"; };
		DA0B5F072C09244C00D02E9C /* AboutUsViewController.swift */ = {isa = PBXFileReference; lastKnownFileType = sourcecode.swift; path = AboutUsViewController.swift; sourceTree = "<group>"; };
		DA0B5F092C09E21400D02E9C /* Currency.swift */ = {isa = PBXFileReference; lastKnownFileType = sourcecode.swift; name = Currency.swift; path = SwiftCart/Settings/ViewModels/Currency.swift; sourceTree = SOURCE_ROOT; };
		DA221D622BFF831500BC1EEA /* SettingsStoryboard.storyboard */ = {isa = PBXFileReference; lastKnownFileType = file.storyboard; path = SettingsStoryboard.storyboard; sourceTree = "<group>"; };
		DA79E2052C0DF8C2006A9DAB /* AddressSettingViewController.swift */ = {isa = PBXFileReference; lastKnownFileType = sourcecode.swift; path = AddressSettingViewController.swift; sourceTree = "<group>"; };
		DA79E2082C0E8E81006A9DAB /* Reload.swift */ = {isa = PBXFileReference; lastKnownFileType = sourcecode.swift; path = Reload.swift; sourceTree = "<group>"; };
		DA79E20E2C0EF8C2006A9DAB /* CartViewController.swift */ = {isa = PBXFileReference; lastKnownFileType = sourcecode.swift; path = CartViewController.swift; sourceTree = "<group>"; };
		DA79E20F2C0EF8C2006A9DAB /* CartViewController.xib */ = {isa = PBXFileReference; lastKnownFileType = file.xib; path = CartViewController.xib; sourceTree = "<group>"; };
		DA79E2122C0EF944006A9DAB /* CartTableViewCell.swift */ = {isa = PBXFileReference; lastKnownFileType = sourcecode.swift; path = CartTableViewCell.swift; sourceTree = "<group>"; };
		DA79E2132C0EF944006A9DAB /* CartTableViewCell.xib */ = {isa = PBXFileReference; lastKnownFileType = file.xib; path = CartTableViewCell.xib; sourceTree = "<group>"; };
		DAFDD3682C03265D00A842A4 /* Adresses.swift */ = {isa = PBXFileReference; lastKnownFileType = sourcecode.swift; name = Adresses.swift; path = SwiftCart/Settings/ViewModels/Adresses.swift; sourceTree = SOURCE_ROOT; };
		DAFDD36B2C0327C200A842A4 /* SettingViewController.swift */ = {isa = PBXFileReference; lastKnownFileType = sourcecode.swift; path = SettingViewController.swift; sourceTree = "<group>"; };
		DAFDD36D2C032CC700A842A4 /* AdressesTableViewController.swift */ = {isa = PBXFileReference; lastKnownFileType = sourcecode.swift; path = AdressesTableViewController.swift; sourceTree = "<group>"; };
		E1ABBCCAEA4D877402630585 /* Pods-SwiftCart.debug.xcconfig */ = {isa = PBXFileReference; includeInIndex = 1; lastKnownFileType = text.xcconfig; name = "Pods-SwiftCart.debug.xcconfig"; path = "Target Support Files/Pods-SwiftCart/Pods-SwiftCart.debug.xcconfig"; sourceTree = "<group>"; };
		F074EAE788AE17D54D30DB41 /* Pods-SwiftCart.release.xcconfig */ = {isa = PBXFileReference; includeInIndex = 1; lastKnownFileType = text.xcconfig; name = "Pods-SwiftCart.release.xcconfig"; path = "Target Support Files/Pods-SwiftCart/Pods-SwiftCart.release.xcconfig"; sourceTree = "<group>"; };
/* End PBXFileReference section */

/* Begin PBXFrameworksBuildPhase section */
		1ED98E9C2BFF882100948409 /* Frameworks */ = {
			isa = PBXFrameworksBuildPhase;
			buildActionMask = 2147483647;
			files = (
				977E9A2D390C64FEC7A0C2D1 /* Pods_SwiftCart.framework in Frameworks */,
			);
			runOnlyForDeploymentPostprocessing = 0;
		};
		1ED98EB52BFF882300948409 /* Frameworks */ = {
			isa = PBXFrameworksBuildPhase;
			buildActionMask = 2147483647;
			files = (
				5F9DC7785C4CC6EA3D3190FB /* Pods_SwiftCartTests.framework in Frameworks */,
			);
			runOnlyForDeploymentPostprocessing = 0;
		};
		1ED98EBF2BFF882300948409 /* Frameworks */ = {
			isa = PBXFrameworksBuildPhase;
			buildActionMask = 2147483647;
			files = (
				4B3D669C448D841577BF8800 /* Pods_SwiftCart_SwiftCartUITests.framework in Frameworks */,
			);
			runOnlyForDeploymentPostprocessing = 0;
		};
/* End PBXFrameworksBuildPhase section */

/* Begin PBXGroup section */
		1E24646D2C1096BF00745CA8 /* OnBoarding */ = {
			isa = PBXGroup;
			children = (
				1ED98EA62BFF882100948409 /* ViewController.swift */,
				1ED98EA82BFF882100948409 /* Main.storyboard */,
			);
			path = OnBoarding;
			sourceTree = "<group>";
		};
		1E24646E2C10974E00745CA8 /* Authentication */ = {
			isa = PBXGroup;
			children = (
				1E24646F2C10979000745CA8 /* Models */,
				1E2464712C10982300745CA8 /* Views */,
				1E2464702C1097BD00745CA8 /* ViewModels */,
			);
			path = Authentication;
			sourceTree = "<group>";
		};
		1E24646F2C10979000745CA8 /* Models */ = {
			isa = PBXGroup;
			children = (
				1E2464722C10983900745CA8 /* Authentication */,
				1E2464772C1098C000745CA8 /* User.swift */,
			);
			path = Models;
			sourceTree = "<group>";
		};
		1E2464702C1097BD00745CA8 /* ViewModels */ = {
			isa = PBXGroup;
			children = (
				1E2464812C109B9C00745CA8 /* AuthViewModel.swift */,
				1E2464822C109B9C00745CA8 /* AuthViewModelImpl.swift */,
			);
			path = ViewModels;
			sourceTree = "<group>";
		};
		1E2464712C10982300745CA8 /* Views */ = {
			isa = PBXGroup;
			children = (
				1E24647B2C1099DD00745CA8 /* LogInViewController.swift */,
				1E24647D2C1099DD00745CA8 /* MainAuthViewController.swift */,
				1E24647C2C1099DD00745CA8 /* SignUpViewController.swift */,
				1E2464792C1099BD00745CA8 /* Authentication.storyboard */,
			);
			path = Views;
			sourceTree = "<group>";
		};
		1E2464722C10983900745CA8 /* Authentication */ = {
			isa = PBXGroup;
			children = (
				1E2464732C10985D00745CA8 /* FirebaseAuth.swift */,
				1E2464752C10987400745CA8 /* FirebaseAuthImpl.swift */,
			);
			path = Authentication;
			sourceTree = "<group>";
		};
		1E2464852C109BD700745CA8 /* Managers */ = {
			isa = PBXGroup;
			children = (
				1E2464892C109C0300745CA8 /* FeedbackManager.swift */,
				1E24648A2C109C0300745CA8 /* LocationManager.swift */,
				1E24648B2C109C0300745CA8 /* NetworkingManager.swift */,
				1E24648C2C109C0400745CA8 /* OnBoardingManager.swift */,
			);
			path = Managers;
			sourceTree = "<group>";
		};
		1E2464862C109BDC00745CA8 /* Validators */ = {
			isa = PBXGroup;
			children = (
				1E2464872C109BEF00745CA8 /* InputValidator.swift */,
			);
			path = Validators;
			sourceTree = "<group>";
		};
		1E2464932C109C4A00745CA8 /* Search,FavoriteAndDetails */ = {
			isa = PBXGroup;
			children = (
				1E2464962C109D2A00745CA8 /* Search */,
				1E2464952C109D1A00745CA8 /* Favorite */,
				1E2464942C109CEE00745CA8 /* Details */,
				1E2464982C109D4100745CA8 /* Views */,
				1E2464972C109D3400745CA8 /* ViewModels */,
			);
			path = "Search,FavoriteAndDetails";
			sourceTree = "<group>";
		};
		1E2464942C109CEE00745CA8 /* Details */ = {
			isa = PBXGroup;
			children = (
				1E2464AC2C109E5B00745CA8 /* ViewModels */,
				1E2464AB2C109E4F00745CA8 /* Models */,
				1E2464AA2C109E4200745CA8 /* Views */,
			);
			path = Details;
			sourceTree = "<group>";
		};
		1E2464952C109D1A00745CA8 /* Favorite */ = {
			isa = PBXGroup;
			children = (
				1E2464A72C109DDB00745CA8 /* Views */,
			);
			path = Favorite;
			sourceTree = "<group>";
		};
		1E2464962C109D2A00745CA8 /* Search */ = {
			isa = PBXGroup;
			children = (
				1E24649A2C109D8800745CA8 /* Views */,
				1E2464992C109D8000745CA8 /* Models */,
			);
			path = Search;
			sourceTree = "<group>";
		};
		1E2464972C109D3400745CA8 /* ViewModels */ = {
			isa = PBXGroup;
			children = (
				1E2464B52C109EFB00745CA8 /* SearchFavoriteProductsViewModel.swift */,
			);
			path = ViewModels;
			sourceTree = "<group>";
		};
		1E2464982C109D4100745CA8 /* Views */ = {
			isa = PBXGroup;
			children = (
				1E2464B72C109F1700745CA8 /* ProductsSearchDetailsAndFav.storyboard */,
			);
			path = Views;
			sourceTree = "<group>";
		};
		1E2464992C109D8000745CA8 /* Models */ = {
			isa = PBXGroup;
			children = (
				1E2464A12C109DAA00745CA8 /* NetworkService.swift */,
				1E2464A22C109DAB00745CA8 /* ProductsResponse.swift */,
				1E2464A32C109DAB00745CA8 /* ProductTemp.swift */,
			);
			path = Models;
			sourceTree = "<group>";
		};
		1E24649A2C109D8800745CA8 /* Views */ = {
			isa = PBXGroup;
			children = (
				1E24649C2C109D9E00745CA8 /* CollectionViewCell.swift */,
				1E24649D2C109D9E00745CA8 /* CollectionViewController.swift */,
				1E24649B2C109D9E00745CA8 /* SearchViewController.swift */,
			);
			path = Views;
			sourceTree = "<group>";
		};
		1E2464A72C109DDB00745CA8 /* Views */ = {
			isa = PBXGroup;
			children = (
				1E2464A82C109DEB00745CA8 /* FavoriteViewController.swift */,
			);
			path = Views;
			sourceTree = "<group>";
		};
		1E2464AA2C109E4200745CA8 /* Views */ = {
			isa = PBXGroup;
			children = (
				1E2464B32C109EB700745CA8 /* DetailsViewController.swift */,
			);
			path = Views;
			sourceTree = "<group>";
		};
		1E2464AB2C109E4F00745CA8 /* Models */ = {
			isa = PBXGroup;
			children = (
				1E2464AD2C109E7600745CA8 /* DetailsNetworkService.swift */,
				1E2464AE2C109E7600745CA8 /* ProductDetailsResponse.swift */,
			);
			path = Models;
			sourceTree = "<group>";
		};
		1E2464AC2C109E5B00745CA8 /* ViewModels */ = {
			isa = PBXGroup;
			children = (
				1E2464B12C109EAC00745CA8 /* DetailsViewModel.swift */,
			);
			path = ViewModels;
			sourceTree = "<group>";
		};
		1ED98E962BFF882100948409 = {
			isa = PBXGroup;
			children = (
				1ED98EA12BFF882100948409 /* SwiftCart */,
				1ED98EBB2BFF882300948409 /* SwiftCartTests */,
				1ED98EC52BFF882300948409 /* SwiftCartUITests */,
				1ED98EA02BFF882100948409 /* Products */,
				87D2091E98A176084D1638B3 /* Pods */,
				93C220BED1DDE03020BB14F0 /* Frameworks */,
			);
			sourceTree = "<group>";
		};
		1ED98EA02BFF882100948409 /* Products */ = {
			isa = PBXGroup;
			children = (
				1ED98E9F2BFF882100948409 /* SwiftCart.app */,
				1ED98EB82BFF882300948409 /* SwiftCartTests.xctest */,
				1ED98EC22BFF882300948409 /* SwiftCartUITests.xctest */,
			);
			name = Products;
			sourceTree = "<group>";
		};
		1ED98EA12BFF882100948409 /* SwiftCart */ = {
			isa = PBXGroup;
			children = (
				4399B1A42C139A46004E6F67 /* Orders */,
				43E5D78E2C131D6900F2D8AB /* MeScreen */,
				1E2464932C109C4A00745CA8 /* Search,FavoriteAndDetails */,
				1E24646E2C10974E00745CA8 /* Authentication */,
				1E24646D2C1096BF00745CA8 /* OnBoarding */,
				DA79E20C2C0EF88A006A9DAB /* Cart */,
				43899CCC2C08B1F800793CBC /* Utilities */,
				43AC2B422C077C38007A674E /* Categories */,
				4380A4E82C02A2D70035CF76 /* BrandProducts */,
				43A2320A2BFFC488000BCF24 /* Home */,
				DAFDD36A2C03276A00A842A4 /* Settings */,
				1ED98ED62BFF895C00948409 /* Views */,
				1ED98EA22BFF882100948409 /* AppDelegate.swift */,
				1ED98EA42BFF882100948409 /* SceneDelegate.swift */,
				1ED98EAE2BFF882300948409 /* Assets.xcassets */,
				1ED98EB02BFF882300948409 /* LaunchScreen.storyboard */,
				1ED98EB32BFF882300948409 /* Info.plist */,
				1ED98EAB2BFF882100948409 /* SwiftCart.xcdatamodeld */,
			);
			path = SwiftCart;
			sourceTree = "<group>";
		};
		1ED98EBB2BFF882300948409 /* SwiftCartTests */ = {
			isa = PBXGroup;
			children = (
				1ED98EBC2BFF882300948409 /* SwiftCartTests.swift */,
			);
			path = SwiftCartTests;
			sourceTree = "<group>";
		};
		1ED98EC52BFF882300948409 /* SwiftCartUITests */ = {
			isa = PBXGroup;
			children = (
				1ED98EC62BFF882300948409 /* SwiftCartUITests.swift */,
				1ED98EC82BFF882300948409 /* SwiftCartUITestsLaunchTests.swift */,
			);
			path = SwiftCartUITests;
			sourceTree = "<group>";
		};
		1ED98ED62BFF895C00948409 /* Views */ = {
			isa = PBXGroup;
			children = (
				1E5A69352BFF9A7000654FE6 /* HomeAndCategories.storyboard */,
				DA221D622BFF831500BC1EEA /* SettingsStoryboard.storyboard */,
			);
			path = Views;
			sourceTree = "<group>";
		};
		4380A4E82C02A2D70035CF76 /* BrandProducts */ = {
			isa = PBXGroup;
			children = (
				4380A4EB2C02A3020035CF76 /* model */,
				4380A4EA2C02A2F50035CF76 /* viewModel */,
				4380A4E92C02A2EB0035CF76 /* view */,
			);
			path = BrandProducts;
			sourceTree = "<group>";
		};
		4380A4E92C02A2EB0035CF76 /* view */ = {
			isa = PBXGroup;
			children = (
				4380A4F22C02A3BE0035CF76 /* BrandDetailsViewController.swift */,
				43899CD12C08C66800793CBC /* ProductsCollectionViewCell.swift */,
			);
			path = view;
			sourceTree = "<group>";
		};
		4380A4EA2C02A2F50035CF76 /* viewModel */ = {
			isa = PBXGroup;
			children = (
				4380A4F02C02A3960035CF76 /* ProductsViewModel.swift */,
			);
			path = viewModel;
			sourceTree = "<group>";
		};
		4380A4EB2C02A3020035CF76 /* model */ = {
			isa = PBXGroup;
			children = (
				4380A4EC2C02A3520035CF76 /* ProductsModel.swift */,
				4380A4EE2C02A3790035CF76 /* ProductsServicesImp.swift */,
			);
			path = model;
			sourceTree = "<group>";
		};
		43899CCC2C08B1F800793CBC /* Utilities */ = {
			isa = PBXGroup;
			children = (
				1E2464862C109BDC00745CA8 /* Validators */,
				1E2464852C109BD700745CA8 /* Managers */,
				43899CCD2C08B23000793CBC /* NetworkIndicator.swift */,
				43899CCF2C08B29000793CBC /* CollectionViewDesign.swift */,
				1E2464BF2C10B33400745CA8 /* AppCommon.swift */,
			);
			path = Utilities;
			sourceTree = "<group>";
		};
		4399B1A42C139A46004E6F67 /* Orders */ = {
			isa = PBXGroup;
			children = (
				4399B1A72C139FA5004E6F67 /* viewModel */,
				4399B1A62C139F99004E6F67 /* model */,
				4399B1A52C139F91004E6F67 /* view */,
			);
			path = Orders;
			sourceTree = "<group>";
		};
		4399B1A52C139F91004E6F67 /* view */ = {
			isa = PBXGroup;
			children = (
				4399B1AA2C139FFC004E6F67 /* OrdersTableViewCell.swift */,
				4399B1AC2C13A047004E6F67 /* OrdersViewController.swift */,
			);
			path = view;
			sourceTree = "<group>";
		};
		4399B1A62C139F99004E6F67 /* model */ = {
			isa = PBXGroup;
			children = (
				4399B1AE2C13A633004E6F67 /* OrderModel.swift */,
				4399B1B02C13A655004E6F67 /* OrderServiceImp.swift */,
			);
			path = model;
			sourceTree = "<group>";
		};
		4399B1A72C139FA5004E6F67 /* viewModel */ = {
			isa = PBXGroup;
			children = (
				4399B1B22C13CA8C004E6F67 /* OrdersViewModel.swift */,
			);
			path = viewModel;
			sourceTree = "<group>";
		};
		43A2320A2BFFC488000BCF24 /* Home */ = {
			isa = PBXGroup;
			children = (
				43A2320F2BFFC4FF000BCF24 /* viewModel */,
				43A2320E2BFFC4F2000BCF24 /* model */,
				43A2320D2BFFC4CD000BCF24 /* view */,
			);
			path = Home;
			sourceTree = "<group>";
		};
		43A2320D2BFFC4CD000BCF24 /* view */ = {
			isa = PBXGroup;
			children = (
				43A232102BFFC67F000BCF24 /* HomeViewController.swift */,
				4369C0F32BFFD14B0099BAFD /* HomeCollectionViewCell.swift */,
				43F01F652C0C8426008CAD0D /* AddsCollectionViewCell.swift */,
			);
			path = view;
			sourceTree = "<group>";
		};
		43A2320E2BFFC4F2000BCF24 /* model */ = {
			isa = PBXGroup;
			children = (
				43EBCB032C00B11B00A2A49A /* BrandModel.swift */,
				43EBCB052C00B14F00A2A49A /* BrandServiceImp.swift */,
			);
			path = model;
			sourceTree = "<group>";
		};
		43A2320F2BFFC4FF000BCF24 /* viewModel */ = {
			isa = PBXGroup;
			children = (
				43C64FE42C00C047002BBDBA /* HomeViewModel.swift */,
			);
			path = viewModel;
			sourceTree = "<group>";
		};
		43AC2B422C077C38007A674E /* Categories */ = {
			isa = PBXGroup;
			children = (
				43AC2B452C077DAE007A674E /* viewModel */,
				43AC2B442C077C55007A674E /* view */,
				43AC2B432C077C4A007A674E /* model */,
			);
			path = Categories;
			sourceTree = "<group>";
		};
		43AC2B432C077C4A007A674E /* model */ = {
			isa = PBXGroup;
			children = (
				43AC2B482C077F7B007A674E /* CategoriesModel.swift */,
				43AC2B4A2C077F97007A674E /* CategoriesServicesImp.swift */,
			);
			path = model;
			sourceTree = "<group>";
		};
		43AC2B442C077C55007A674E /* view */ = {
			isa = PBXGroup;
			children = (
				4334D5E82C08020400A3D315 /* CategoriesViewController.swift */,
			);
			path = view;
			sourceTree = "<group>";
		};
		43AC2B452C077DAE007A674E /* viewModel */ = {
			isa = PBXGroup;
			children = (
				43AC2B462C077F48007A674E /* CategoriesViewModel.swift */,
			);
			path = viewModel;
			sourceTree = "<group>";
		};
		43E5D78E2C131D6900F2D8AB /* MeScreen */ = {
			isa = PBXGroup;
			children = (
				43E5D78F2C131D8A00F2D8AB /* view */,
			);
			path = MeScreen;
			sourceTree = "<group>";
		};
		43E5D78F2C131D8A00F2D8AB /* view */ = {
			isa = PBXGroup;
			children = (
				43E5D7902C131DC100F2D8AB /* MeViewController.swift */,
			);
			path = view;
			sourceTree = "<group>";
		};
		87D2091E98A176084D1638B3 /* Pods */ = {
			isa = PBXGroup;
			children = (
				E1ABBCCAEA4D877402630585 /* Pods-SwiftCart.debug.xcconfig */,
				F074EAE788AE17D54D30DB41 /* Pods-SwiftCart.release.xcconfig */,
				D4B5B897377CF2B5A92AD486 /* Pods-SwiftCart-SwiftCartUITests.debug.xcconfig */,
				1C6AC3D3DF1A3CDE8C753700 /* Pods-SwiftCart-SwiftCartUITests.release.xcconfig */,
				AC2CEDABE1A58972C54A4D9E /* Pods-SwiftCartTests.debug.xcconfig */,
				32A48609895F658F44F11E9B /* Pods-SwiftCartTests.release.xcconfig */,
			);
			path = Pods;
			sourceTree = "<group>";
		};
		93C220BED1DDE03020BB14F0 /* Frameworks */ = {
			isa = PBXGroup;
			children = (
				726A17F9FC5D24A89467B198 /* Pods_SwiftCart.framework */,
				A25B21EBB85B0A28EC172CAF /* Pods_SwiftCart_SwiftCartUITests.framework */,
				4D4C943D9ED7A1735A238A00 /* Pods_SwiftCartTests.framework */,
			);
			name = Frameworks;
			sourceTree = "<group>";
		};
		DA0B5EFF2C0854D000D02E9C /* ViewModels */ = {
			isa = PBXGroup;
			children = (
				DAFDD3682C03265D00A842A4 /* Adresses.swift */,
				DA0B5F092C09E21400D02E9C /* Currency.swift */,
				DA0B5F002C08550400D02E9C /* LocationViewModel.swift */,
			);
			path = ViewModels;
			sourceTree = "<group>";
		};
		DA0B5F022C08740B00D02E9C /* AddressesNetwork  */ = {
			isa = PBXGroup;
			children = (
				DA0B5F032C08744700D02E9C /* AddressesNetwork.swift */,
				DA0B5F052C089DE800D02E9C /* CurrencyNetwork.swift */,
			);
			path = "AddressesNetwork ";
			sourceTree = "<group>";
		};
		DA79E2042C0DF715006A9DAB /* View */ = {
			isa = PBXGroup;
			children = (
				DAFDD36B2C0327C200A842A4 /* SettingViewController.swift */,
				DAFDD36D2C032CC700A842A4 /* AdressesTableViewController.swift */,
				DA0B5EFD2C084FEB00D02E9C /* MapViewController.swift */,
				DA0B5F072C09244C00D02E9C /* AboutUsViewController.swift */,
				DA79E2052C0DF8C2006A9DAB /* AddressSettingViewController.swift */,
			);
			path = View;
			sourceTree = "<group>";
		};
		DA79E2072C0E8E4D006A9DAB /* Protocols */ = {
			isa = PBXGroup;
			children = (
				DA79E2082C0E8E81006A9DAB /* Reload.swift */,
			);
			path = Protocols;
			sourceTree = "<group>";
		};
		DA79E20C2C0EF88A006A9DAB /* Cart */ = {
			isa = PBXGroup;
			children = (
				DA79E20D2C0EF899006A9DAB /* View */,
			);
			path = Cart;
			sourceTree = "<group>";
		};
		DA79E20D2C0EF899006A9DAB /* View */ = {
			isa = PBXGroup;
			children = (
				DA79E20E2C0EF8C2006A9DAB /* CartViewController.swift */,
				DA79E20F2C0EF8C2006A9DAB /* CartViewController.xib */,
				DA79E2122C0EF944006A9DAB /* CartTableViewCell.swift */,
				DA79E2132C0EF944006A9DAB /* CartTableViewCell.xib */,
			);
			path = View;
			sourceTree = "<group>";
		};
		DAFDD36A2C03276A00A842A4 /* Settings */ = {
			isa = PBXGroup;
			children = (
				DA79E2072C0E8E4D006A9DAB /* Protocols */,
				DA79E2042C0DF715006A9DAB /* View */,
				DA0B5F022C08740B00D02E9C /* AddressesNetwork  */,
				DA0B5EFF2C0854D000D02E9C /* ViewModels */,
			);
			path = Settings;
			sourceTree = "<group>";
		};
/* End PBXGroup section */

/* Begin PBXNativeTarget section */
		1ED98E9E2BFF882100948409 /* SwiftCart */ = {
			isa = PBXNativeTarget;
			buildConfigurationList = 1ED98ECC2BFF882300948409 /* Build configuration list for PBXNativeTarget "SwiftCart" */;
			buildPhases = (
				9BA08FB948B5E738E02EDEE5 /* [CP] Check Pods Manifest.lock */,
				1ED98E9B2BFF882100948409 /* Sources */,
				1ED98E9C2BFF882100948409 /* Frameworks */,
				1ED98E9D2BFF882100948409 /* Resources */,
				7952B958B0BE43B54D0D0105 /* [CP] Embed Pods Frameworks */,
			);
			buildRules = (
			);
			dependencies = (
			);
			name = SwiftCart;
			productName = SwiftCart;
			productReference = 1ED98E9F2BFF882100948409 /* SwiftCart.app */;
			productType = "com.apple.product-type.application";
		};
		1ED98EB72BFF882300948409 /* SwiftCartTests */ = {
			isa = PBXNativeTarget;
			buildConfigurationList = 1ED98ECF2BFF882300948409 /* Build configuration list for PBXNativeTarget "SwiftCartTests" */;
			buildPhases = (
				5193B6589EC9352C50D2A376 /* [CP] Check Pods Manifest.lock */,
				1ED98EB42BFF882300948409 /* Sources */,
				1ED98EB52BFF882300948409 /* Frameworks */,
				1ED98EB62BFF882300948409 /* Resources */,
			);
			buildRules = (
			);
			dependencies = (
				1ED98EBA2BFF882300948409 /* PBXTargetDependency */,
			);
			name = SwiftCartTests;
			productName = SwiftCartTests;
			productReference = 1ED98EB82BFF882300948409 /* SwiftCartTests.xctest */;
			productType = "com.apple.product-type.bundle.unit-test";
		};
		1ED98EC12BFF882300948409 /* SwiftCartUITests */ = {
			isa = PBXNativeTarget;
			buildConfigurationList = 1ED98ED22BFF882300948409 /* Build configuration list for PBXNativeTarget "SwiftCartUITests" */;
			buildPhases = (
				E0E9F89D0672D362949B0496 /* [CP] Check Pods Manifest.lock */,
				1ED98EBE2BFF882300948409 /* Sources */,
				1ED98EBF2BFF882300948409 /* Frameworks */,
				1ED98EC02BFF882300948409 /* Resources */,
				3E7025E3E6C25A9817286E14 /* [CP] Embed Pods Frameworks */,
			);
			buildRules = (
			);
			dependencies = (
				1ED98EC42BFF882300948409 /* PBXTargetDependency */,
			);
			name = SwiftCartUITests;
			productName = SwiftCartUITests;
			productReference = 1ED98EC22BFF882300948409 /* SwiftCartUITests.xctest */;
			productType = "com.apple.product-type.bundle.ui-testing";
		};
/* End PBXNativeTarget section */

/* Begin PBXProject section */
		1ED98E972BFF882100948409 /* Project object */ = {
			isa = PBXProject;
			attributes = {
				BuildIndependentTargetsInParallel = 1;
				LastSwiftUpdateCheck = 1420;
				LastUpgradeCheck = 1420;
				TargetAttributes = {
					1ED98E9E2BFF882100948409 = {
						CreatedOnToolsVersion = 14.2;
					};
					1ED98EB72BFF882300948409 = {
						CreatedOnToolsVersion = 14.2;
						TestTargetID = 1ED98E9E2BFF882100948409;
					};
					1ED98EC12BFF882300948409 = {
						CreatedOnToolsVersion = 14.2;
						TestTargetID = 1ED98E9E2BFF882100948409;
					};
				};
			};
			buildConfigurationList = 1ED98E9A2BFF882100948409 /* Build configuration list for PBXProject "SwiftCart" */;
			compatibilityVersion = "Xcode 14.0";
			developmentRegion = en;
			hasScannedForEncodings = 0;
			knownRegions = (
				en,
				Base,
			);
			mainGroup = 1ED98E962BFF882100948409;
			productRefGroup = 1ED98EA02BFF882100948409 /* Products */;
			projectDirPath = "";
			projectRoot = "";
			targets = (
				1ED98E9E2BFF882100948409 /* SwiftCart */,
				1ED98EB72BFF882300948409 /* SwiftCartTests */,
				1ED98EC12BFF882300948409 /* SwiftCartUITests */,
			);
		};
/* End PBXProject section */

/* Begin PBXResourcesBuildPhase section */
		1ED98E9D2BFF882100948409 /* Resources */ = {
			isa = PBXResourcesBuildPhase;
			buildActionMask = 2147483647;
			files = (
				DA79E2152C0EF944006A9DAB /* CartTableViewCell.xib in Resources */,
				DA79E2112C0EF8C2006A9DAB /* CartViewController.xib in Resources */,
				DA221D632BFF831500BC1EEA /* SettingsStoryboard.storyboard in Resources */,
				1E24647A2C1099BE00745CA8 /* Authentication.storyboard in Resources */,
				1ED98EB22BFF882300948409 /* LaunchScreen.storyboard in Resources */,
				1ED98EAF2BFF882300948409 /* Assets.xcassets in Resources */,
				1ED98EAA2BFF882100948409 /* Main.storyboard in Resources */,
				1E5A69362BFF9A7000654FE6 /* HomeAndCategories.storyboard in Resources */,
				1E2464B82C109F1700745CA8 /* ProductsSearchDetailsAndFav.storyboard in Resources */,
			);
			runOnlyForDeploymentPostprocessing = 0;
		};
		1ED98EB62BFF882300948409 /* Resources */ = {
			isa = PBXResourcesBuildPhase;
			buildActionMask = 2147483647;
			files = (
			);
			runOnlyForDeploymentPostprocessing = 0;
		};
		1ED98EC02BFF882300948409 /* Resources */ = {
			isa = PBXResourcesBuildPhase;
			buildActionMask = 2147483647;
			files = (
			);
			runOnlyForDeploymentPostprocessing = 0;
		};
/* End PBXResourcesBuildPhase section */

/* Begin PBXShellScriptBuildPhase section */
		3E7025E3E6C25A9817286E14 /* [CP] Embed Pods Frameworks */ = {
			isa = PBXShellScriptBuildPhase;
			buildActionMask = 2147483647;
			files = (
			);
			inputFileListPaths = (
				"${PODS_ROOT}/Target Support Files/Pods-SwiftCart-SwiftCartUITests/Pods-SwiftCart-SwiftCartUITests-frameworks-${CONFIGURATION}-input-files.xcfilelist",
			);
			name = "[CP] Embed Pods Frameworks";
			outputFileListPaths = (
				"${PODS_ROOT}/Target Support Files/Pods-SwiftCart-SwiftCartUITests/Pods-SwiftCart-SwiftCartUITests-frameworks-${CONFIGURATION}-output-files.xcfilelist",
			);
			runOnlyForDeploymentPostprocessing = 0;
			shellPath = /bin/sh;
			shellScript = "\"${PODS_ROOT}/Target Support Files/Pods-SwiftCart-SwiftCartUITests/Pods-SwiftCart-SwiftCartUITests-frameworks.sh\"\n";
			showEnvVarsInLog = 0;
		};
		5193B6589EC9352C50D2A376 /* [CP] Check Pods Manifest.lock */ = {
			isa = PBXShellScriptBuildPhase;
			buildActionMask = 2147483647;
			files = (
			);
			inputFileListPaths = (
			);
			inputPaths = (
				"${PODS_PODFILE_DIR_PATH}/Podfile.lock",
				"${PODS_ROOT}/Manifest.lock",
			);
			name = "[CP] Check Pods Manifest.lock";
			outputFileListPaths = (
			);
			outputPaths = (
				"$(DERIVED_FILE_DIR)/Pods-SwiftCartTests-checkManifestLockResult.txt",
			);
			runOnlyForDeploymentPostprocessing = 0;
			shellPath = /bin/sh;
			shellScript = "diff \"${PODS_PODFILE_DIR_PATH}/Podfile.lock\" \"${PODS_ROOT}/Manifest.lock\" > /dev/null\nif [ $? != 0 ] ; then\n    # print error to STDERR\n    echo \"error: The sandbox is not in sync with the Podfile.lock. Run 'pod install' or update your CocoaPods installation.\" >&2\n    exit 1\nfi\n# This output is used by Xcode 'outputs' to avoid re-running this script phase.\necho \"SUCCESS\" > \"${SCRIPT_OUTPUT_FILE_0}\"\n";
			showEnvVarsInLog = 0;
		};
		7952B958B0BE43B54D0D0105 /* [CP] Embed Pods Frameworks */ = {
			isa = PBXShellScriptBuildPhase;
			buildActionMask = 2147483647;
			files = (
			);
			inputFileListPaths = (
				"${PODS_ROOT}/Target Support Files/Pods-SwiftCart/Pods-SwiftCart-frameworks-${CONFIGURATION}-input-files.xcfilelist",
			);
			name = "[CP] Embed Pods Frameworks";
			outputFileListPaths = (
				"${PODS_ROOT}/Target Support Files/Pods-SwiftCart/Pods-SwiftCart-frameworks-${CONFIGURATION}-output-files.xcfilelist",
			);
			runOnlyForDeploymentPostprocessing = 0;
			shellPath = /bin/sh;
			shellScript = "\"${PODS_ROOT}/Target Support Files/Pods-SwiftCart/Pods-SwiftCart-frameworks.sh\"\n";
			showEnvVarsInLog = 0;
		};
		9BA08FB948B5E738E02EDEE5 /* [CP] Check Pods Manifest.lock */ = {
			isa = PBXShellScriptBuildPhase;
			buildActionMask = 2147483647;
			files = (
			);
			inputFileListPaths = (
			);
			inputPaths = (
				"${PODS_PODFILE_DIR_PATH}/Podfile.lock",
				"${PODS_ROOT}/Manifest.lock",
			);
			name = "[CP] Check Pods Manifest.lock";
			outputFileListPaths = (
			);
			outputPaths = (
				"$(DERIVED_FILE_DIR)/Pods-SwiftCart-checkManifestLockResult.txt",
			);
			runOnlyForDeploymentPostprocessing = 0;
			shellPath = /bin/sh;
			shellScript = "diff \"${PODS_PODFILE_DIR_PATH}/Podfile.lock\" \"${PODS_ROOT}/Manifest.lock\" > /dev/null\nif [ $? != 0 ] ; then\n    # print error to STDERR\n    echo \"error: The sandbox is not in sync with the Podfile.lock. Run 'pod install' or update your CocoaPods installation.\" >&2\n    exit 1\nfi\n# This output is used by Xcode 'outputs' to avoid re-running this script phase.\necho \"SUCCESS\" > \"${SCRIPT_OUTPUT_FILE_0}\"\n";
			showEnvVarsInLog = 0;
		};
		E0E9F89D0672D362949B0496 /* [CP] Check Pods Manifest.lock */ = {
			isa = PBXShellScriptBuildPhase;
			buildActionMask = 2147483647;
			files = (
			);
			inputFileListPaths = (
			);
			inputPaths = (
				"${PODS_PODFILE_DIR_PATH}/Podfile.lock",
				"${PODS_ROOT}/Manifest.lock",
			);
			name = "[CP] Check Pods Manifest.lock";
			outputFileListPaths = (
			);
			outputPaths = (
				"$(DERIVED_FILE_DIR)/Pods-SwiftCart-SwiftCartUITests-checkManifestLockResult.txt",
			);
			runOnlyForDeploymentPostprocessing = 0;
			shellPath = /bin/sh;
			shellScript = "diff \"${PODS_PODFILE_DIR_PATH}/Podfile.lock\" \"${PODS_ROOT}/Manifest.lock\" > /dev/null\nif [ $? != 0 ] ; then\n    # print error to STDERR\n    echo \"error: The sandbox is not in sync with the Podfile.lock. Run 'pod install' or update your CocoaPods installation.\" >&2\n    exit 1\nfi\n# This output is used by Xcode 'outputs' to avoid re-running this script phase.\necho \"SUCCESS\" > \"${SCRIPT_OUTPUT_FILE_0}\"\n";
			showEnvVarsInLog = 0;
		};
/* End PBXShellScriptBuildPhase section */

/* Begin PBXSourcesBuildPhase section */
		1ED98E9B2BFF882100948409 /* Sources */ = {
			isa = PBXSourcesBuildPhase;
			buildActionMask = 2147483647;
			files = (
				1E2464A02C109D9F00745CA8 /* CollectionViewController.swift in Sources */,
				1E2464902C109C0400745CA8 /* OnBoardingManager.swift in Sources */,
				1E2464A62C109DAB00745CA8 /* ProductTemp.swift in Sources */,
				1E2464C02C10B33400745CA8 /* AppCommon.swift in Sources */,
				1E2464742C10985D00745CA8 /* FirebaseAuth.swift in Sources */,
				1E24649F2C109D9F00745CA8 /* CollectionViewCell.swift in Sources */,
				DA79E2062C0DF8C2006A9DAB /* AddressSettingViewController.swift in Sources */,
				1E2464842C109B9D00745CA8 /* AuthViewModelImpl.swift in Sources */,
				1E2464802C1099DD00745CA8 /* MainAuthViewController.swift in Sources */,
				43AC2B492C077F7B007A674E /* CategoriesModel.swift in Sources */,
				DA79E2092C0E8E81006A9DAB /* Reload.swift in Sources */,
				43F01F662C0C8426008CAD0D /* AddsCollectionViewCell.swift in Sources */,
				43E5D7912C131DC100F2D8AB /* MeViewController.swift in Sources */,
				43C64FE52C00C047002BBDBA /* HomeViewModel.swift in Sources */,
				4380A4ED2C02A3520035CF76 /* ProductsModel.swift in Sources */,
				43899CD02C08B29000793CBC /* CollectionViewDesign.swift in Sources */,
				DA79E2142C0EF944006A9DAB /* CartTableViewCell.swift in Sources */,
				1ED98EA72BFF882100948409 /* ViewController.swift in Sources */,
				1E2464B62C109EFB00745CA8 /* SearchFavoriteProductsViewModel.swift in Sources */,
				1ED98EAD2BFF882100948409 /* SwiftCart.xcdatamodeld in Sources */,
				1E2464A52C109DAB00745CA8 /* ProductsResponse.swift in Sources */,
				4334D5E92C08020400A3D315 /* CategoriesViewController.swift in Sources */,
				4380A4EF2C02A3790035CF76 /* ProductsServicesImp.swift in Sources */,
				43AC2B4B2C077F98007A674E /* CategoriesServicesImp.swift in Sources */,
				1ED98EA32BFF882100948409 /* AppDelegate.swift in Sources */,
				43AC2B472C077F48007A674E /* CategoriesViewModel.swift in Sources */,
				4380A4F12C02A3960035CF76 /* ProductsViewModel.swift in Sources */,
				4380A4F32C02A3BE0035CF76 /* BrandDetailsViewController.swift in Sources */,
				1E2464782C1098C000745CA8 /* User.swift in Sources */,
				1E2464882C109BF000745CA8 /* InputValidator.swift in Sources */,
				1ED98EA52BFF882100948409 /* SceneDelegate.swift in Sources */,
				43A232112BFFC67F000BCF24 /* HomeViewController.swift in Sources */,
				1E2464762C10987400745CA8 /* FirebaseAuthImpl.swift in Sources */,
				1E24648F2C109C0400745CA8 /* NetworkingManager.swift in Sources */,
				43EBCB062C00B14F00A2A49A /* BrandServiceImp.swift in Sources */,
				4399B1AD2C13A047004E6F67 /* OrdersViewController.swift in Sources */,
				43899CD22C08C66800793CBC /* ProductsCollectionViewCell.swift in Sources */,
				4369C0F42BFFD14B0099BAFD /* HomeCollectionViewCell.swift in Sources */,
				4399B1AB2C139FFC004E6F67 /* OrdersTableViewCell.swift in Sources */,
				1E2464AF2C109E7700745CA8 /* DetailsNetworkService.swift in Sources */,
				43899CCE2C08B23000793CBC /* NetworkIndicator.swift in Sources */,
				43EBCB042C00B11B00A2A49A /* BrandModel.swift in Sources */,
				4399B1AF2C13A633004E6F67 /* OrderModel.swift in Sources */,
				1E24648E2C109C0400745CA8 /* LocationManager.swift in Sources */,
				DAFDD3692C03265D00A842A4 /* Adresses.swift in Sources */,
				1E2464A92C109DEB00745CA8 /* FavoriteViewController.swift in Sources */,
				DA0B5F082C09244C00D02E9C /* AboutUsViewController.swift in Sources */,
				1ED98EA52BFF882100948409 /* SceneDelegate.swift in Sources */,
				DA0B5F062C089DE800D02E9C /* CurrencyNetwork.swift in Sources */,
				DA0B5F042C08744700D02E9C /* AddressesNetwork.swift in Sources */,
				1E24647E2C1099DD00745CA8 /* LogInViewController.swift in Sources */,
				DA0B5F0A2C09E21400D02E9C /* Currency.swift in Sources */,
				1E24649E2C109D9F00745CA8 /* SearchViewController.swift in Sources */,
				1E2464A42C109DAB00745CA8 /* NetworkService.swift in Sources */,
				4399B1B32C13CA8C004E6F67 /* OrdersViewModel.swift in Sources */,
				1E2464B22C109EAC00745CA8 /* DetailsViewModel.swift in Sources */,
				1E24648D2C109C0400745CA8 /* FeedbackManager.swift in Sources */,
				1E24647F2C1099DD00745CA8 /* SignUpViewController.swift in Sources */,
				4399B1B12C13A655004E6F67 /* OrderServiceImp.swift in Sources */,
				DAFDD36E2C032CC700A842A4 /* AdressesTableViewController.swift in Sources */,
				DA79E2102C0EF8C2006A9DAB /* CartViewController.swift in Sources */,
				1E2464832C109B9D00745CA8 /* AuthViewModel.swift in Sources */,
				DAFDD36C2C0327C200A842A4 /* SettingViewController.swift in Sources */,
				DA0B5F012C08550400D02E9C /* LocationViewModel.swift in Sources */,
				DA0B5EFE2C084FEB00D02E9C /* MapViewController.swift in Sources */,
				1E2464B02C109E7700745CA8 /* ProductDetailsResponse.swift in Sources */,
				1E2464B42C109EB700745CA8 /* DetailsViewController.swift in Sources */,
			);
			runOnlyForDeploymentPostprocessing = 0;
		};
		1ED98EB42BFF882300948409 /* Sources */ = {
			isa = PBXSourcesBuildPhase;
			buildActionMask = 2147483647;
			files = (
				1ED98EBD2BFF882300948409 /* SwiftCartTests.swift in Sources */,
			);
			runOnlyForDeploymentPostprocessing = 0;
		};
		1ED98EBE2BFF882300948409 /* Sources */ = {
			isa = PBXSourcesBuildPhase;
			buildActionMask = 2147483647;
			files = (
				1ED98EC92BFF882300948409 /* SwiftCartUITestsLaunchTests.swift in Sources */,
				1ED98EC72BFF882300948409 /* SwiftCartUITests.swift in Sources */,
			);
			runOnlyForDeploymentPostprocessing = 0;
		};
/* End PBXSourcesBuildPhase section */

/* Begin PBXTargetDependency section */
		1ED98EBA2BFF882300948409 /* PBXTargetDependency */ = {
			isa = PBXTargetDependency;
			target = 1ED98E9E2BFF882100948409 /* SwiftCart */;
			targetProxy = 1ED98EB92BFF882300948409 /* PBXContainerItemProxy */;
		};
		1ED98EC42BFF882300948409 /* PBXTargetDependency */ = {
			isa = PBXTargetDependency;
			target = 1ED98E9E2BFF882100948409 /* SwiftCart */;
			targetProxy = 1ED98EC32BFF882300948409 /* PBXContainerItemProxy */;
		};
/* End PBXTargetDependency section */

/* Begin PBXVariantGroup section */
		1ED98EA82BFF882100948409 /* Main.storyboard */ = {
			isa = PBXVariantGroup;
			children = (
				1ED98EA92BFF882100948409 /* Base */,
			);
			name = Main.storyboard;
			sourceTree = "<group>";
		};
		1ED98EB02BFF882300948409 /* LaunchScreen.storyboard */ = {
			isa = PBXVariantGroup;
			children = (
				1ED98EB12BFF882300948409 /* Base */,
			);
			name = LaunchScreen.storyboard;
			sourceTree = "<group>";
		};
/* End PBXVariantGroup section */

/* Begin XCBuildConfiguration section */
		1ED98ECA2BFF882300948409 /* Debug */ = {
			isa = XCBuildConfiguration;
			buildSettings = {
				ALWAYS_SEARCH_USER_PATHS = NO;
				CLANG_ANALYZER_NONNULL = YES;
				CLANG_ANALYZER_NUMBER_OBJECT_CONVERSION = YES_AGGRESSIVE;
				CLANG_CXX_LANGUAGE_STANDARD = "gnu++20";
				CLANG_ENABLE_MODULES = YES;
				CLANG_ENABLE_OBJC_ARC = YES;
				CLANG_ENABLE_OBJC_WEAK = YES;
				CLANG_WARN_BLOCK_CAPTURE_AUTORELEASING = YES;
				CLANG_WARN_BOOL_CONVERSION = YES;
				CLANG_WARN_COMMA = YES;
				CLANG_WARN_CONSTANT_CONVERSION = YES;
				CLANG_WARN_DEPRECATED_OBJC_IMPLEMENTATIONS = YES;
				CLANG_WARN_DIRECT_OBJC_ISA_USAGE = YES_ERROR;
				CLANG_WARN_DOCUMENTATION_COMMENTS = YES;
				CLANG_WARN_EMPTY_BODY = YES;
				CLANG_WARN_ENUM_CONVERSION = YES;
				CLANG_WARN_INFINITE_RECURSION = YES;
				CLANG_WARN_INT_CONVERSION = YES;
				CLANG_WARN_NON_LITERAL_NULL_CONVERSION = YES;
				CLANG_WARN_OBJC_IMPLICIT_RETAIN_SELF = YES;
				CLANG_WARN_OBJC_LITERAL_CONVERSION = YES;
				CLANG_WARN_OBJC_ROOT_CLASS = YES_ERROR;
				CLANG_WARN_QUOTED_INCLUDE_IN_FRAMEWORK_HEADER = YES;
				CLANG_WARN_RANGE_LOOP_ANALYSIS = YES;
				CLANG_WARN_STRICT_PROTOTYPES = YES;
				CLANG_WARN_SUSPICIOUS_MOVE = YES;
				CLANG_WARN_UNGUARDED_AVAILABILITY = YES_AGGRESSIVE;
				CLANG_WARN_UNREACHABLE_CODE = YES;
				CLANG_WARN__DUPLICATE_METHOD_MATCH = YES;
				COPY_PHASE_STRIP = NO;
				DEBUG_INFORMATION_FORMAT = dwarf;
				ENABLE_STRICT_OBJC_MSGSEND = YES;
				ENABLE_TESTABILITY = YES;
				GCC_C_LANGUAGE_STANDARD = gnu11;
				GCC_DYNAMIC_NO_PIC = NO;
				GCC_NO_COMMON_BLOCKS = YES;
				GCC_OPTIMIZATION_LEVEL = 0;
				GCC_PREPROCESSOR_DEFINITIONS = (
					"DEBUG=1",
					"$(inherited)",
				);
				GCC_WARN_64_TO_32_BIT_CONVERSION = YES;
				GCC_WARN_ABOUT_RETURN_TYPE = YES_ERROR;
				GCC_WARN_UNDECLARED_SELECTOR = YES;
				GCC_WARN_UNINITIALIZED_AUTOS = YES_AGGRESSIVE;
				GCC_WARN_UNUSED_FUNCTION = YES;
				GCC_WARN_UNUSED_VARIABLE = YES;
				IPHONEOS_DEPLOYMENT_TARGET = 16.2;
				MTL_ENABLE_DEBUG_INFO = INCLUDE_SOURCE;
				MTL_FAST_MATH = YES;
				ONLY_ACTIVE_ARCH = YES;
				SDKROOT = iphoneos;
				SWIFT_ACTIVE_COMPILATION_CONDITIONS = DEBUG;
				SWIFT_OPTIMIZATION_LEVEL = "-Onone";
			};
			name = Debug;
		};
		1ED98ECB2BFF882300948409 /* Release */ = {
			isa = XCBuildConfiguration;
			buildSettings = {
				ALWAYS_SEARCH_USER_PATHS = NO;
				CLANG_ANALYZER_NONNULL = YES;
				CLANG_ANALYZER_NUMBER_OBJECT_CONVERSION = YES_AGGRESSIVE;
				CLANG_CXX_LANGUAGE_STANDARD = "gnu++20";
				CLANG_ENABLE_MODULES = YES;
				CLANG_ENABLE_OBJC_ARC = YES;
				CLANG_ENABLE_OBJC_WEAK = YES;
				CLANG_WARN_BLOCK_CAPTURE_AUTORELEASING = YES;
				CLANG_WARN_BOOL_CONVERSION = YES;
				CLANG_WARN_COMMA = YES;
				CLANG_WARN_CONSTANT_CONVERSION = YES;
				CLANG_WARN_DEPRECATED_OBJC_IMPLEMENTATIONS = YES;
				CLANG_WARN_DIRECT_OBJC_ISA_USAGE = YES_ERROR;
				CLANG_WARN_DOCUMENTATION_COMMENTS = YES;
				CLANG_WARN_EMPTY_BODY = YES;
				CLANG_WARN_ENUM_CONVERSION = YES;
				CLANG_WARN_INFINITE_RECURSION = YES;
				CLANG_WARN_INT_CONVERSION = YES;
				CLANG_WARN_NON_LITERAL_NULL_CONVERSION = YES;
				CLANG_WARN_OBJC_IMPLICIT_RETAIN_SELF = YES;
				CLANG_WARN_OBJC_LITERAL_CONVERSION = YES;
				CLANG_WARN_OBJC_ROOT_CLASS = YES_ERROR;
				CLANG_WARN_QUOTED_INCLUDE_IN_FRAMEWORK_HEADER = YES;
				CLANG_WARN_RANGE_LOOP_ANALYSIS = YES;
				CLANG_WARN_STRICT_PROTOTYPES = YES;
				CLANG_WARN_SUSPICIOUS_MOVE = YES;
				CLANG_WARN_UNGUARDED_AVAILABILITY = YES_AGGRESSIVE;
				CLANG_WARN_UNREACHABLE_CODE = YES;
				CLANG_WARN__DUPLICATE_METHOD_MATCH = YES;
				COPY_PHASE_STRIP = NO;
				DEBUG_INFORMATION_FORMAT = "dwarf-with-dsym";
				ENABLE_NS_ASSERTIONS = NO;
				ENABLE_STRICT_OBJC_MSGSEND = YES;
				GCC_C_LANGUAGE_STANDARD = gnu11;
				GCC_NO_COMMON_BLOCKS = YES;
				GCC_WARN_64_TO_32_BIT_CONVERSION = YES;
				GCC_WARN_ABOUT_RETURN_TYPE = YES_ERROR;
				GCC_WARN_UNDECLARED_SELECTOR = YES;
				GCC_WARN_UNINITIALIZED_AUTOS = YES_AGGRESSIVE;
				GCC_WARN_UNUSED_FUNCTION = YES;
				GCC_WARN_UNUSED_VARIABLE = YES;
				IPHONEOS_DEPLOYMENT_TARGET = 16.2;
				MTL_ENABLE_DEBUG_INFO = NO;
				MTL_FAST_MATH = YES;
				SDKROOT = iphoneos;
				SWIFT_COMPILATION_MODE = wholemodule;
				SWIFT_OPTIMIZATION_LEVEL = "-O";
				VALIDATE_PRODUCT = YES;
			};
			name = Release;
		};
		1ED98ECD2BFF882300948409 /* Debug */ = {
			isa = XCBuildConfiguration;
			baseConfigurationReference = E1ABBCCAEA4D877402630585 /* Pods-SwiftCart.debug.xcconfig */;
			buildSettings = {
				ASSETCATALOG_COMPILER_APPICON_NAME = AppIcon;
				ASSETCATALOG_COMPILER_GLOBAL_ACCENT_COLOR_NAME = AccentColor;
				CODE_SIGN_STYLE = Automatic;
				CURRENT_PROJECT_VERSION = 1;
				GENERATE_INFOPLIST_FILE = YES;
				INFOPLIST_FILE = SwiftCart/Info.plist;
				INFOPLIST_KEY_UIApplicationSupportsIndirectInputEvents = YES;
				INFOPLIST_KEY_UILaunchStoryboardName = LaunchScreen;
				INFOPLIST_KEY_UIMainStoryboardFile = Main;
				INFOPLIST_KEY_UISupportedInterfaceOrientations_iPad = "UIInterfaceOrientationPortrait UIInterfaceOrientationPortraitUpsideDown UIInterfaceOrientationLandscapeLeft UIInterfaceOrientationLandscapeRight";
				INFOPLIST_KEY_UISupportedInterfaceOrientations_iPhone = "UIInterfaceOrientationPortrait UIInterfaceOrientationLandscapeLeft UIInterfaceOrientationLandscapeRight";
				IPHONEOS_DEPLOYMENT_TARGET = 16.0;
				LD_RUNPATH_SEARCH_PATHS = (
					"$(inherited)",
					"@executable_path/Frameworks",
				);
				MARKETING_VERSION = 1.0;
				PRODUCT_BUNDLE_IDENTIFIER = self.SwiftCart;
				PRODUCT_NAME = "$(TARGET_NAME)";
				SWIFT_EMIT_LOC_STRINGS = YES;
				SWIFT_VERSION = 5.0;
				TARGETED_DEVICE_FAMILY = "1,2";
			};
			name = Debug;
		};
		1ED98ECE2BFF882300948409 /* Release */ = {
			isa = XCBuildConfiguration;
			baseConfigurationReference = F074EAE788AE17D54D30DB41 /* Pods-SwiftCart.release.xcconfig */;
			buildSettings = {
				ASSETCATALOG_COMPILER_APPICON_NAME = AppIcon;
				ASSETCATALOG_COMPILER_GLOBAL_ACCENT_COLOR_NAME = AccentColor;
				CODE_SIGN_STYLE = Automatic;
				CURRENT_PROJECT_VERSION = 1;
				GENERATE_INFOPLIST_FILE = YES;
				INFOPLIST_FILE = SwiftCart/Info.plist;
				INFOPLIST_KEY_UIApplicationSupportsIndirectInputEvents = YES;
				INFOPLIST_KEY_UILaunchStoryboardName = LaunchScreen;
				INFOPLIST_KEY_UIMainStoryboardFile = Main;
				INFOPLIST_KEY_UISupportedInterfaceOrientations_iPad = "UIInterfaceOrientationPortrait UIInterfaceOrientationPortraitUpsideDown UIInterfaceOrientationLandscapeLeft UIInterfaceOrientationLandscapeRight";
				INFOPLIST_KEY_UISupportedInterfaceOrientations_iPhone = "UIInterfaceOrientationPortrait UIInterfaceOrientationLandscapeLeft UIInterfaceOrientationLandscapeRight";
				IPHONEOS_DEPLOYMENT_TARGET = 16.0;
				LD_RUNPATH_SEARCH_PATHS = (
					"$(inherited)",
					"@executable_path/Frameworks",
				);
				MARKETING_VERSION = 1.0;
				PRODUCT_BUNDLE_IDENTIFIER = self.SwiftCart;
				PRODUCT_NAME = "$(TARGET_NAME)";
				SWIFT_EMIT_LOC_STRINGS = YES;
				SWIFT_VERSION = 5.0;
				TARGETED_DEVICE_FAMILY = "1,2";
			};
			name = Release;
		};
		1ED98ED02BFF882300948409 /* Debug */ = {
			isa = XCBuildConfiguration;
			baseConfigurationReference = AC2CEDABE1A58972C54A4D9E /* Pods-SwiftCartTests.debug.xcconfig */;
			buildSettings = {
				ALWAYS_EMBED_SWIFT_STANDARD_LIBRARIES = YES;
				BUNDLE_LOADER = "$(TEST_HOST)";
				CODE_SIGN_STYLE = Automatic;
				CURRENT_PROJECT_VERSION = 1;
				GENERATE_INFOPLIST_FILE = YES;
				IPHONEOS_DEPLOYMENT_TARGET = 16.2;
				MARKETING_VERSION = 1.0;
				PRODUCT_BUNDLE_IDENTIFIER = self.SwiftCartTests;
				PRODUCT_NAME = "$(TARGET_NAME)";
				SWIFT_EMIT_LOC_STRINGS = NO;
				SWIFT_VERSION = 5.0;
				TARGETED_DEVICE_FAMILY = "1,2";
				TEST_HOST = "$(BUILT_PRODUCTS_DIR)/SwiftCart.app/$(BUNDLE_EXECUTABLE_FOLDER_PATH)/SwiftCart";
			};
			name = Debug;
		};
		1ED98ED12BFF882300948409 /* Release */ = {
			isa = XCBuildConfiguration;
			baseConfigurationReference = 32A48609895F658F44F11E9B /* Pods-SwiftCartTests.release.xcconfig */;
			buildSettings = {
				ALWAYS_EMBED_SWIFT_STANDARD_LIBRARIES = YES;
				BUNDLE_LOADER = "$(TEST_HOST)";
				CODE_SIGN_STYLE = Automatic;
				CURRENT_PROJECT_VERSION = 1;
				GENERATE_INFOPLIST_FILE = YES;
				IPHONEOS_DEPLOYMENT_TARGET = 16.2;
				MARKETING_VERSION = 1.0;
				PRODUCT_BUNDLE_IDENTIFIER = self.SwiftCartTests;
				PRODUCT_NAME = "$(TARGET_NAME)";
				SWIFT_EMIT_LOC_STRINGS = NO;
				SWIFT_VERSION = 5.0;
				TARGETED_DEVICE_FAMILY = "1,2";
				TEST_HOST = "$(BUILT_PRODUCTS_DIR)/SwiftCart.app/$(BUNDLE_EXECUTABLE_FOLDER_PATH)/SwiftCart";
			};
			name = Release;
		};
		1ED98ED32BFF882300948409 /* Debug */ = {
			isa = XCBuildConfiguration;
			baseConfigurationReference = D4B5B897377CF2B5A92AD486 /* Pods-SwiftCart-SwiftCartUITests.debug.xcconfig */;
			buildSettings = {
				ALWAYS_EMBED_SWIFT_STANDARD_LIBRARIES = YES;
				CODE_SIGN_STYLE = Automatic;
				CURRENT_PROJECT_VERSION = 1;
				GENERATE_INFOPLIST_FILE = YES;
				MARKETING_VERSION = 1.0;
				PRODUCT_BUNDLE_IDENTIFIER = self.SwiftCartUITests;
				PRODUCT_NAME = "$(TARGET_NAME)";
				SWIFT_EMIT_LOC_STRINGS = NO;
				SWIFT_VERSION = 5.0;
				TARGETED_DEVICE_FAMILY = "1,2";
				TEST_TARGET_NAME = SwiftCart;
			};
			name = Debug;
		};
		1ED98ED42BFF882300948409 /* Release */ = {
			isa = XCBuildConfiguration;
			baseConfigurationReference = 1C6AC3D3DF1A3CDE8C753700 /* Pods-SwiftCart-SwiftCartUITests.release.xcconfig */;
			buildSettings = {
				ALWAYS_EMBED_SWIFT_STANDARD_LIBRARIES = YES;
				CODE_SIGN_STYLE = Automatic;
				CURRENT_PROJECT_VERSION = 1;
				GENERATE_INFOPLIST_FILE = YES;
				MARKETING_VERSION = 1.0;
				PRODUCT_BUNDLE_IDENTIFIER = self.SwiftCartUITests;
				PRODUCT_NAME = "$(TARGET_NAME)";
				SWIFT_EMIT_LOC_STRINGS = NO;
				SWIFT_VERSION = 5.0;
				TARGETED_DEVICE_FAMILY = "1,2";
				TEST_TARGET_NAME = SwiftCart;
			};
			name = Release;
		};
/* End XCBuildConfiguration section */

/* Begin XCConfigurationList section */
		1ED98E9A2BFF882100948409 /* Build configuration list for PBXProject "SwiftCart" */ = {
			isa = XCConfigurationList;
			buildConfigurations = (
				1ED98ECA2BFF882300948409 /* Debug */,
				1ED98ECB2BFF882300948409 /* Release */,
			);
			defaultConfigurationIsVisible = 0;
			defaultConfigurationName = Release;
		};
		1ED98ECC2BFF882300948409 /* Build configuration list for PBXNativeTarget "SwiftCart" */ = {
			isa = XCConfigurationList;
			buildConfigurations = (
				1ED98ECD2BFF882300948409 /* Debug */,
				1ED98ECE2BFF882300948409 /* Release */,
			);
			defaultConfigurationIsVisible = 0;
			defaultConfigurationName = Release;
		};
		1ED98ECF2BFF882300948409 /* Build configuration list for PBXNativeTarget "SwiftCartTests" */ = {
			isa = XCConfigurationList;
			buildConfigurations = (
				1ED98ED02BFF882300948409 /* Debug */,
				1ED98ED12BFF882300948409 /* Release */,
			);
			defaultConfigurationIsVisible = 0;
			defaultConfigurationName = Release;
		};
		1ED98ED22BFF882300948409 /* Build configuration list for PBXNativeTarget "SwiftCartUITests" */ = {
			isa = XCConfigurationList;
			buildConfigurations = (
				1ED98ED32BFF882300948409 /* Debug */,
				1ED98ED42BFF882300948409 /* Release */,
			);
			defaultConfigurationIsVisible = 0;
			defaultConfigurationName = Release;
		};
/* End XCConfigurationList section */

/* Begin XCVersionGroup section */
		1ED98EAB2BFF882100948409 /* SwiftCart.xcdatamodeld */ = {
			isa = XCVersionGroup;
			children = (
				1ED98EAC2BFF882100948409 /* SwiftCart.xcdatamodel */,
			);
			currentVersion = 1ED98EAC2BFF882100948409 /* SwiftCart.xcdatamodel */;
			path = SwiftCart.xcdatamodeld;
			sourceTree = "<group>";
			versionGroupType = wrapper.xcdatamodel;
		};
/* End XCVersionGroup section */
	};
	rootObject = 1ED98E972BFF882100948409 /* Project object */;
}
