// !$*UTF8*$!
{
	archiveVersion = 1;
	classes = {
	};
	objectVersion = 56;
	objects = {

/* Begin PBXBuildFile section */
		1E230F782C0C610000F4F840 /* CollectionViewController.swift in Sources */ = {isa = PBXBuildFile; fileRef = 1E230F772C0C610000F4F840 /* CollectionViewController.swift */; };
		1E230F7A2C0C69A000F4F840 /* ProductsResponse.swift in Sources */ = {isa = PBXBuildFile; fileRef = 1E230F792C0C69A000F4F840 /* ProductsResponse.swift */; };
		1E230F7C2C0C6A0D00F4F840 /* NetworkService.swift in Sources */ = {isa = PBXBuildFile; fileRef = 1E230F7B2C0C6A0D00F4F840 /* NetworkService.swift */; };
		1E230F7E2C0C775D00F4F840 /* ProductTemp.swift in Sources */ = {isa = PBXBuildFile; fileRef = 1E230F7D2C0C775D00F4F840 /* ProductTemp.swift */; };
		1E230F802C0C77D900F4F840 /* ProductsViewModel.swift in Sources */ = {isa = PBXBuildFile; fileRef = 1E230F7F2C0C77D900F4F840 /* ProductsViewModel.swift */; };
		1E230F822C0C7ACE00F4F840 /* CollectionViewCell.swift in Sources */ = {isa = PBXBuildFile; fileRef = 1E230F812C0C7ACE00F4F840 /* CollectionViewCell.swift */; };
		1E284C132C0347C5000F1E1A /* AuthViewModel.swift in Sources */ = {isa = PBXBuildFile; fileRef = 1E284C122C0347C5000F1E1A /* AuthViewModel.swift */; };
		1E284C152C034978000F1E1A /* AuthViewModelImpl.swift in Sources */ = {isa = PBXBuildFile; fileRef = 1E284C142C034978000F1E1A /* AuthViewModelImpl.swift */; };
		1E5A69362BFF9A7000654FE6 /* HomeAndCategories.storyboard in Resources */ = {isa = PBXBuildFile; fileRef = 1E5A69352BFF9A7000654FE6 /* HomeAndCategories.storyboard */; };
		1E7CAA682C0F8421000908B6 /* DetailsViewController.swift in Sources */ = {isa = PBXBuildFile; fileRef = 1E7CAA672C0F8421000908B6 /* DetailsViewController.swift */; };
		1E7CAA6A2C0F848E000908B6 /* DetailsViewModel.swift in Sources */ = {isa = PBXBuildFile; fileRef = 1E7CAA692C0F848E000908B6 /* DetailsViewModel.swift */; };
		1E7CAA6C2C0F84FD000908B6 /* NetworkService.swift in Sources */ = {isa = PBXBuildFile; fileRef = 1E7CAA6B2C0F84FD000908B6 /* NetworkService.swift */; };
		1E7CAA6E2C0F855B000908B6 /* ProductDetailsResponse.swift in Sources */ = {isa = PBXBuildFile; fileRef = 1E7CAA6D2C0F855B000908B6 /* ProductDetailsResponse.swift */; };
		1E813A772C00D4E10094A5C4 /* OnBoardingManager.swift in Sources */ = {isa = PBXBuildFile; fileRef = 1E813A762C00D4E10094A5C4 /* OnBoardingManager.swift */; };
		1E813A792C00DC130094A5C4 /* MainAuthViewController.swift in Sources */ = {isa = PBXBuildFile; fileRef = 1E813A782C00DC130094A5C4 /* MainAuthViewController.swift */; };
		1E855C042C011E6B0008BB66 /* GoogleService-Info.plist in Resources */ = {isa = PBXBuildFile; fileRef = 1E855C032C011E6A0008BB66 /* GoogleService-Info.plist */; };
		1E8934372C01164800DF4036 /* FirebaseAuthImpl.swift in Sources */ = {isa = PBXBuildFile; fileRef = 1E8934362C01164800DF4036 /* FirebaseAuthImpl.swift */; };
		1E89343B2C01171100DF4036 /* FirebaseAuth.swift in Sources */ = {isa = PBXBuildFile; fileRef = 1E89343A2C01171100DF4036 /* FirebaseAuth.swift */; };
		1E89343E2C0117C000DF4036 /* User.swift in Sources */ = {isa = PBXBuildFile; fileRef = 1E89343D2C0117C000DF4036 /* User.swift */; };
		1E8934402C0119AB00DF4036 /* AppCommon.swift in Sources */ = {isa = PBXBuildFile; fileRef = 1E89343F2C0119AB00DF4036 /* AppCommon.swift */; };
		1E8E17B62C0C574700E762D7 /* SearchViewController.swift in Sources */ = {isa = PBXBuildFile; fileRef = 1E8E17B52C0C574700E762D7 /* SearchViewController.swift */; };
		1E8E17BB2C0C57D000E762D7 /* FavoriteViewController.swift in Sources */ = {isa = PBXBuildFile; fileRef = 1E8E17BA2C0C57D000E762D7 /* FavoriteViewController.swift */; };
		1ED98EA32BFF882100948409 /* AppDelegate.swift in Sources */ = {isa = PBXBuildFile; fileRef = 1ED98EA22BFF882100948409 /* AppDelegate.swift */; };
		1ED98EA52BFF882100948409 /* SceneDelegate.swift in Sources */ = {isa = PBXBuildFile; fileRef = 1ED98EA42BFF882100948409 /* SceneDelegate.swift */; };
		1ED98EA72BFF882100948409 /* ViewController.swift in Sources */ = {isa = PBXBuildFile; fileRef = 1ED98EA62BFF882100948409 /* ViewController.swift */; };
		1ED98EAA2BFF882100948409 /* Main.storyboard in Resources */ = {isa = PBXBuildFile; fileRef = 1ED98EA82BFF882100948409 /* Main.storyboard */; };
		1ED98EAD2BFF882100948409 /* SwiftCart.xcdatamodeld in Sources */ = {isa = PBXBuildFile; fileRef = 1ED98EAB2BFF882100948409 /* SwiftCart.xcdatamodeld */; };
		1ED98EAF2BFF882300948409 /* Assets.xcassets in Resources */ = {isa = PBXBuildFile; fileRef = 1ED98EAE2BFF882300948409 /* Assets.xcassets */; };
		1ED98EB22BFF882300948409 /* LaunchScreen.storyboard in Resources */ = {isa = PBXBuildFile; fileRef = 1ED98EB02BFF882300948409 /* LaunchScreen.storyboard */; };
		1ED98EBD2BFF882300948409 /* SwiftCartTests.swift in Sources */ = {isa = PBXBuildFile; fileRef = 1ED98EBC2BFF882300948409 /* SwiftCartTests.swift */; };
		1ED98EC72BFF882300948409 /* SwiftCartUITests.swift in Sources */ = {isa = PBXBuildFile; fileRef = 1ED98EC62BFF882300948409 /* SwiftCartUITests.swift */; };
		1ED98EC92BFF882300948409 /* SwiftCartUITestsLaunchTests.swift in Sources */ = {isa = PBXBuildFile; fileRef = 1ED98EC82BFF882300948409 /* SwiftCartUITestsLaunchTests.swift */; };
		1ED98ED92BFF89BF00948409 /* Authentication.storyboard in Resources */ = {isa = PBXBuildFile; fileRef = 1ED98ED82BFF89BF00948409 /* Authentication.storyboard */; };
		1ED98EDB2BFF8A1E00948409 /* ProductsSearchDetailsAndFav.storyboard in Resources */ = {isa = PBXBuildFile; fileRef = 1ED98EDA2BFF8A1E00948409 /* ProductsSearchDetailsAndFav.storyboard */; };
		1EDC06DD2C0BDB36006083E1 /* NetworkingManager.swift in Sources */ = {isa = PBXBuildFile; fileRef = 1EDC06DC2C0BDB36006083E1 /* NetworkingManager.swift */; };
		1EED90B62C01ED7100D36F16 /* InputValidator.swift in Sources */ = {isa = PBXBuildFile; fileRef = 1EED90B52C01ED7100D36F16 /* InputValidator.swift */; };
		1EED90B82C01F7D400D36F16 /* SignUpViewController.swift in Sources */ = {isa = PBXBuildFile; fileRef = 1EED90B72C01F7D400D36F16 /* SignUpViewController.swift */; };
		1EED90BA2C01F7F000D36F16 /* LogInViewController.swift in Sources */ = {isa = PBXBuildFile; fileRef = 1EED90B92C01F7F000D36F16 /* LogInViewController.swift */; };
		1EED90BC2C02053A00D36F16 /* FeedbackManager.swift in Sources */ = {isa = PBXBuildFile; fileRef = 1EED90BB2C02053A00D36F16 /* FeedbackManager.swift */; };
		1EEF217E2C0BE87600ADC3B3 /* LocationManager.swift in Sources */ = {isa = PBXBuildFile; fileRef = 1EEF217D2C0BE87600ADC3B3 /* LocationManager.swift */; };
		486BB447897FEF7BE72D578E /* Pods_SwiftCart.framework in Frameworks */ = {isa = PBXBuildFile; fileRef = FF659B7EC0E224F2706FCDF5 /* Pods_SwiftCart.framework */; };
/* End PBXBuildFile section */

/* Begin PBXContainerItemProxy section */
		1ED98EB92BFF882300948409 /* PBXContainerItemProxy */ = {
			isa = PBXContainerItemProxy;
			containerPortal = 1ED98E972BFF882100948409 /* Project object */;
			proxyType = 1;
			remoteGlobalIDString = 1ED98E9E2BFF882100948409;
			remoteInfo = SwiftCart;
		};
		1ED98EC32BFF882300948409 /* PBXContainerItemProxy */ = {
			isa = PBXContainerItemProxy;
			containerPortal = 1ED98E972BFF882100948409 /* Project object */;
			proxyType = 1;
			remoteGlobalIDString = 1ED98E9E2BFF882100948409;
			remoteInfo = SwiftCart;
		};
/* End PBXContainerItemProxy section */

/* Begin PBXFileReference section */
		1E230F772C0C610000F4F840 /* CollectionViewController.swift */ = {isa = PBXFileReference; lastKnownFileType = sourcecode.swift; path = CollectionViewController.swift; sourceTree = "<group>"; };
		1E230F792C0C69A000F4F840 /* ProductsResponse.swift */ = {isa = PBXFileReference; lastKnownFileType = sourcecode.swift; path = ProductsResponse.swift; sourceTree = "<group>"; };
		1E230F7B2C0C6A0D00F4F840 /* NetworkService.swift */ = {isa = PBXFileReference; lastKnownFileType = sourcecode.swift; path = NetworkService.swift; sourceTree = "<group>"; };
		1E230F7D2C0C775D00F4F840 /* ProductTemp.swift */ = {isa = PBXFileReference; lastKnownFileType = sourcecode.swift; path = ProductTemp.swift; sourceTree = "<group>"; };
		1E230F7F2C0C77D900F4F840 /* ProductsViewModel.swift */ = {isa = PBXFileReference; lastKnownFileType = sourcecode.swift; path = ProductsViewModel.swift; sourceTree = "<group>"; };
		1E230F812C0C7ACE00F4F840 /* CollectionViewCell.swift */ = {isa = PBXFileReference; lastKnownFileType = sourcecode.swift; path = CollectionViewCell.swift; sourceTree = "<group>"; };
		1E284C122C0347C5000F1E1A /* AuthViewModel.swift */ = {isa = PBXFileReference; lastKnownFileType = sourcecode.swift; path = AuthViewModel.swift; sourceTree = "<group>"; };
		1E284C142C034978000F1E1A /* AuthViewModelImpl.swift */ = {isa = PBXFileReference; lastKnownFileType = sourcecode.swift; path = AuthViewModelImpl.swift; sourceTree = "<group>"; };
		1E5A69352BFF9A7000654FE6 /* HomeAndCategories.storyboard */ = {isa = PBXFileReference; lastKnownFileType = file.storyboard; path = HomeAndCategories.storyboard; sourceTree = "<group>"; };
		1E7CAA672C0F8421000908B6 /* DetailsViewController.swift */ = {isa = PBXFileReference; lastKnownFileType = sourcecode.swift; path = DetailsViewController.swift; sourceTree = "<group>"; };
		1E7CAA692C0F848E000908B6 /* DetailsViewModel.swift */ = {isa = PBXFileReference; lastKnownFileType = sourcecode.swift; path = DetailsViewModel.swift; sourceTree = "<group>"; };
		1E7CAA6B2C0F84FD000908B6 /* NetworkService.swift */ = {isa = PBXFileReference; lastKnownFileType = sourcecode.swift; path = NetworkService.swift; sourceTree = "<group>"; };
		1E7CAA6D2C0F855B000908B6 /* ProductDetailsResponse.swift */ = {isa = PBXFileReference; lastKnownFileType = sourcecode.swift; path = ProductDetailsResponse.swift; sourceTree = "<group>"; };
		1E813A762C00D4E10094A5C4 /* OnBoardingManager.swift */ = {isa = PBXFileReference; lastKnownFileType = sourcecode.swift; path = OnBoardingManager.swift; sourceTree = "<group>"; };
		1E813A782C00DC130094A5C4 /* MainAuthViewController.swift */ = {isa = PBXFileReference; lastKnownFileType = sourcecode.swift; path = MainAuthViewController.swift; sourceTree = "<group>"; };
		1E855C032C011E6A0008BB66 /* GoogleService-Info.plist */ = {isa = PBXFileReference; fileEncoding = 4; lastKnownFileType = text.plist.xml; name = "GoogleService-Info.plist"; path = "../../../../Downloads/GoogleService-Info.plist"; sourceTree = "<group>"; };
		1E8934362C01164800DF4036 /* FirebaseAuthImpl.swift */ = {isa = PBXFileReference; lastKnownFileType = sourcecode.swift; path = FirebaseAuthImpl.swift; sourceTree = "<group>"; };
		1E89343A2C01171100DF4036 /* FirebaseAuth.swift */ = {isa = PBXFileReference; lastKnownFileType = sourcecode.swift; path = FirebaseAuth.swift; sourceTree = "<group>"; };
		1E89343D2C0117C000DF4036 /* User.swift */ = {isa = PBXFileReference; lastKnownFileType = sourcecode.swift; path = User.swift; sourceTree = "<group>"; };
		1E89343F2C0119AB00DF4036 /* AppCommon.swift */ = {isa = PBXFileReference; lastKnownFileType = sourcecode.swift; path = AppCommon.swift; sourceTree = "<group>"; };
		1E8E17B52C0C574700E762D7 /* SearchViewController.swift */ = {isa = PBXFileReference; lastKnownFileType = sourcecode.swift; path = SearchViewController.swift; sourceTree = "<group>"; };
		1E8E17BA2C0C57D000E762D7 /* FavoriteViewController.swift */ = {isa = PBXFileReference; lastKnownFileType = sourcecode.swift; path = FavoriteViewController.swift; sourceTree = "<group>"; };
		1ED98E9F2BFF882100948409 /* SwiftCart.app */ = {isa = PBXFileReference; explicitFileType = wrapper.application; includeInIndex = 0; path = SwiftCart.app; sourceTree = BUILT_PRODUCTS_DIR; };
		1ED98EA22BFF882100948409 /* AppDelegate.swift */ = {isa = PBXFileReference; lastKnownFileType = sourcecode.swift; path = AppDelegate.swift; sourceTree = "<group>"; };
		1ED98EA42BFF882100948409 /* SceneDelegate.swift */ = {isa = PBXFileReference; lastKnownFileType = sourcecode.swift; path = SceneDelegate.swift; sourceTree = "<group>"; };
		1ED98EA62BFF882100948409 /* ViewController.swift */ = {isa = PBXFileReference; lastKnownFileType = sourcecode.swift; path = ViewController.swift; sourceTree = "<group>"; };
		1ED98EA92BFF882100948409 /* Base */ = {isa = PBXFileReference; lastKnownFileType = file.storyboard; name = Base; path = Base.lproj/Main.storyboard; sourceTree = "<group>"; };
		1ED98EAC2BFF882100948409 /* SwiftCart.xcdatamodel */ = {isa = PBXFileReference; lastKnownFileType = wrapper.xcdatamodel; path = SwiftCart.xcdatamodel; sourceTree = "<group>"; };
		1ED98EAE2BFF882300948409 /* Assets.xcassets */ = {isa = PBXFileReference; lastKnownFileType = folder.assetcatalog; path = Assets.xcassets; sourceTree = "<group>"; };
		1ED98EB12BFF882300948409 /* Base */ = {isa = PBXFileReference; lastKnownFileType = file.storyboard; name = Base; path = Base.lproj/LaunchScreen.storyboard; sourceTree = "<group>"; };
		1ED98EB32BFF882300948409 /* Info.plist */ = {isa = PBXFileReference; lastKnownFileType = text.plist.xml; path = Info.plist; sourceTree = "<group>"; };
		1ED98EB82BFF882300948409 /* SwiftCartTests.xctest */ = {isa = PBXFileReference; explicitFileType = wrapper.cfbundle; includeInIndex = 0; path = SwiftCartTests.xctest; sourceTree = BUILT_PRODUCTS_DIR; };
		1ED98EBC2BFF882300948409 /* SwiftCartTests.swift */ = {isa = PBXFileReference; lastKnownFileType = sourcecode.swift; path = SwiftCartTests.swift; sourceTree = "<group>"; };
		1ED98EC22BFF882300948409 /* SwiftCartUITests.xctest */ = {isa = PBXFileReference; explicitFileType = wrapper.cfbundle; includeInIndex = 0; path = SwiftCartUITests.xctest; sourceTree = BUILT_PRODUCTS_DIR; };
		1ED98EC62BFF882300948409 /* SwiftCartUITests.swift */ = {isa = PBXFileReference; lastKnownFileType = sourcecode.swift; path = SwiftCartUITests.swift; sourceTree = "<group>"; };
		1ED98EC82BFF882300948409 /* SwiftCartUITestsLaunchTests.swift */ = {isa = PBXFileReference; lastKnownFileType = sourcecode.swift; path = SwiftCartUITestsLaunchTests.swift; sourceTree = "<group>"; };
		1ED98ED82BFF89BF00948409 /* Authentication.storyboard */ = {isa = PBXFileReference; lastKnownFileType = file.storyboard; path = Authentication.storyboard; sourceTree = "<group>"; };
		1ED98EDA2BFF8A1E00948409 /* ProductsSearchDetailsAndFav.storyboard */ = {isa = PBXFileReference; lastKnownFileType = file.storyboard; path = ProductsSearchDetailsAndFav.storyboard; sourceTree = "<group>"; };
		1EDC06DC2C0BDB36006083E1 /* NetworkingManager.swift */ = {isa = PBXFileReference; lastKnownFileType = sourcecode.swift; path = NetworkingManager.swift; sourceTree = "<group>"; };
		1EED90B52C01ED7100D36F16 /* InputValidator.swift */ = {isa = PBXFileReference; lastKnownFileType = sourcecode.swift; path = InputValidator.swift; sourceTree = "<group>"; };
		1EED90B72C01F7D400D36F16 /* SignUpViewController.swift */ = {isa = PBXFileReference; lastKnownFileType = sourcecode.swift; path = SignUpViewController.swift; sourceTree = "<group>"; };
		1EED90B92C01F7F000D36F16 /* LogInViewController.swift */ = {isa = PBXFileReference; lastKnownFileType = sourcecode.swift; path = LogInViewController.swift; sourceTree = "<group>"; };
		1EED90BB2C02053A00D36F16 /* FeedbackManager.swift */ = {isa = PBXFileReference; lastKnownFileType = sourcecode.swift; path = FeedbackManager.swift; sourceTree = "<group>"; };
		1EEF217D2C0BE87600ADC3B3 /* LocationManager.swift */ = {isa = PBXFileReference; lastKnownFileType = sourcecode.swift; path = LocationManager.swift; sourceTree = "<group>"; };
		8C668A97CFE1FA27609875F5 /* Pods-SwiftCart.release.xcconfig */ = {isa = PBXFileReference; includeInIndex = 1; lastKnownFileType = text.xcconfig; name = "Pods-SwiftCart.release.xcconfig"; path = "Target Support Files/Pods-SwiftCart/Pods-SwiftCart.release.xcconfig"; sourceTree = "<group>"; };
		B9E2FE695D1853247CDAF5C8 /* Pods-SwiftCart.debug.xcconfig */ = {isa = PBXFileReference; includeInIndex = 1; lastKnownFileType = text.xcconfig; name = "Pods-SwiftCart.debug.xcconfig"; path = "Target Support Files/Pods-SwiftCart/Pods-SwiftCart.debug.xcconfig"; sourceTree = "<group>"; };
		FF659B7EC0E224F2706FCDF5 /* Pods_SwiftCart.framework */ = {isa = PBXFileReference; explicitFileType = wrapper.framework; includeInIndex = 0; path = Pods_SwiftCart.framework; sourceTree = BUILT_PRODUCTS_DIR; };
/* End PBXFileReference section */

/* Begin PBXFrameworksBuildPhase section */
		1ED98E9C2BFF882100948409 /* Frameworks */ = {
			isa = PBXFrameworksBuildPhase;
			buildActionMask = 2147483647;
			files = (
				486BB447897FEF7BE72D578E /* Pods_SwiftCart.framework in Frameworks */,
			);
			runOnlyForDeploymentPostprocessing = 0;
		};
		1ED98EB52BFF882300948409 /* Frameworks */ = {
			isa = PBXFrameworksBuildPhase;
			buildActionMask = 2147483647;
			files = (
			);
			runOnlyForDeploymentPostprocessing = 0;
		};
		1ED98EBF2BFF882300948409 /* Frameworks */ = {
			isa = PBXFrameworksBuildPhase;
			buildActionMask = 2147483647;
			files = (
			);
			runOnlyForDeploymentPostprocessing = 0;
		};
/* End PBXFrameworksBuildPhase section */

/* Begin PBXGroup section */
		1E284C0A2C033EFA000F1E1A /* ViewModels */ = {
			isa = PBXGroup;
			children = (
				1E284C122C0347C5000F1E1A /* AuthViewModel.swift */,
				1E284C142C034978000F1E1A /* AuthViewModelImpl.swift */,
			);
			path = ViewModels;
			sourceTree = "<group>";
		};
		1E284C0B2C033F26000F1E1A /* OnBoarding */ = {
			isa = PBXGroup;
			children = (
				1ED98EA62BFF882100948409 /* ViewController.swift */,
				1ED98EA82BFF882100948409 /* Main.storyboard */,
			);
			path = OnBoarding;
			sourceTree = "<group>";
		};
		1E50FD6F2C033BB700FB8F4E /* Authentication */ = {
			isa = PBXGroup;
			children = (
				1E284C0A2C033EFA000F1E1A /* ViewModels */,
				1E50FD702C033C1400FB8F4E /* Views */,
				1ED98ED72BFF896600948409 /* Models */,
			);
			path = Authentication;
			sourceTree = "<group>";
		};
		1E50FD702C033C1400FB8F4E /* Views */ = {
			isa = PBXGroup;
			children = (
				1ED98ED82BFF89BF00948409 /* Authentication.storyboard */,
				1E813A782C00DC130094A5C4 /* MainAuthViewController.swift */,
				1EED90B72C01F7D400D36F16 /* SignUpViewController.swift */,
				1EED90B92C01F7F000D36F16 /* LogInViewController.swift */,
			);
			path = Views;
			sourceTree = "<group>";
		};
		1E7CAA622C0F8398000908B6 /* Models */ = {
			isa = PBXGroup;
			children = (
			);
			path = Models;
			sourceTree = "<group>";
		};
		1E7CAA632C0F83AC000908B6 /* Details */ = {
			isa = PBXGroup;
			children = (
				1E7CAA662C0F83E2000908B6 /* Views */,
				1E7CAA652C0F83DA000908B6 /* Models */,
				1E7CAA642C0F83C2000908B6 /* ViewModels */,
			);
			path = Details;
			sourceTree = "<group>";
		};
		1E7CAA642C0F83C2000908B6 /* ViewModels */ = {
			isa = PBXGroup;
			children = (
				1E7CAA692C0F848E000908B6 /* DetailsViewModel.swift */,
			);
			path = ViewModels;
			sourceTree = "<group>";
		};
		1E7CAA652C0F83DA000908B6 /* Models */ = {
			isa = PBXGroup;
			children = (
				1E7CAA6B2C0F84FD000908B6 /* NetworkService.swift */,
				1E7CAA6D2C0F855B000908B6 /* ProductDetailsResponse.swift */,
			);
			path = Models;
			sourceTree = "<group>";
		};
		1E7CAA662C0F83E2000908B6 /* Views */ = {
			isa = PBXGroup;
			children = (
				1E7CAA672C0F8421000908B6 /* DetailsViewController.swift */,
			);
			path = Views;
			sourceTree = "<group>";
		};
		1E813A752C00D4BF0094A5C4 /* Utility */ = {
			isa = PBXGroup;
			children = (
				1EDC06DB2C0BDB11006083E1 /* Validators */,
				1EDC06DA2C0BDAF0006083E1 /* Managers */,
				1E89343F2C0119AB00DF4036 /* AppCommon.swift */,
			);
			path = Utility;
			sourceTree = "<group>";
		};
		1E89343C2C01177A00DF4036 /* Authentication */ = {
			isa = PBXGroup;
			children = (
				1E89343A2C01171100DF4036 /* FirebaseAuth.swift */,
				1E8934362C01164800DF4036 /* FirebaseAuthImpl.swift */,
			);
			path = Authentication;
			sourceTree = "<group>";
		};
		1E8E17B02C0C56BB00E762D7 /* Search */ = {
			isa = PBXGroup;
			children = (
				1E8E17B32C0C571000E762D7 /* Views */,
				1E8E17B12C0C56C600E762D7 /* Models */,
			);
			path = Search;
			sourceTree = "<group>";
		};
		1E8E17B12C0C56C600E762D7 /* Models */ = {
			isa = PBXGroup;
			children = (
				1E230F792C0C69A000F4F840 /* ProductsResponse.swift */,
				1E230F7B2C0C6A0D00F4F840 /* NetworkService.swift */,
				1E230F7D2C0C775D00F4F840 /* ProductTemp.swift */,
			);
			path = Models;
			sourceTree = "<group>";
		};
		1E8E17B32C0C571000E762D7 /* Views */ = {
			isa = PBXGroup;
			children = (
				1E8E17B52C0C574700E762D7 /* SearchViewController.swift */,
				1E230F772C0C610000F4F840 /* CollectionViewController.swift */,
				1E230F812C0C7ACE00F4F840 /* CollectionViewCell.swift */,
			);
			path = Views;
			sourceTree = "<group>";
		};
		1E8E17B42C0C571E00E762D7 /* ViewModels */ = {
			isa = PBXGroup;
			children = (
				1E230F7F2C0C77D900F4F840 /* ProductsViewModel.swift */,
			);
			path = ViewModels;
			sourceTree = "<group>";
		};
		1E8E17B72C0C578000E762D7 /* Favorite */ = {
			isa = PBXGroup;
			children = (
				1E7CAA622C0F8398000908B6 /* Models */,
				1E8E17B82C0C57AE00E762D7 /* Views */,
			);
			path = Favorite;
			sourceTree = "<group>";
		};
		1E8E17B82C0C57AE00E762D7 /* Views */ = {
			isa = PBXGroup;
			children = (
				1E8E17BA2C0C57D000E762D7 /* FavoriteViewController.swift */,
			);
			path = Views;
			sourceTree = "<group>";
		};
		1ED98E962BFF882100948409 = {
			isa = PBXGroup;
			children = (
				1ED98EA12BFF882100948409 /* SwiftCart */,
				1ED98EBB2BFF882300948409 /* SwiftCartTests */,
				1ED98EC52BFF882300948409 /* SwiftCartUITests */,
				1ED98EA02BFF882100948409 /* Products */,
				F53C969B26A6C6ABC8CBB08A /* Pods */,
				80366060A2DA242B77E14114 /* Frameworks */,
			);
			sourceTree = "<group>";
		};
		1ED98EA02BFF882100948409 /* Products */ = {
			isa = PBXGroup;
			children = (
				1ED98E9F2BFF882100948409 /* SwiftCart.app */,
				1ED98EB82BFF882300948409 /* SwiftCartTests.xctest */,
				1ED98EC22BFF882300948409 /* SwiftCartUITests.xctest */,
			);
			name = Products;
			sourceTree = "<group>";
		};
		1ED98EA12BFF882100948409 /* SwiftCart */ = {
			isa = PBXGroup;
			children = (
				1EDE2B7A2C0C55B000A8C3B9 /* SearchFavoriteAndDetails */,
				1E284C0B2C033F26000F1E1A /* OnBoarding */,
				1E50FD6F2C033BB700FB8F4E /* Authentication */,
				1E813A752C00D4BF0094A5C4 /* Utility */,
				1ED98ED62BFF895C00948409 /* Views */,
				1ED98EA22BFF882100948409 /* AppDelegate.swift */,
				1ED98EA42BFF882100948409 /* SceneDelegate.swift */,
				1ED98EAE2BFF882300948409 /* Assets.xcassets */,
				1ED98EB02BFF882300948409 /* LaunchScreen.storyboard */,
				1E855C032C011E6A0008BB66 /* GoogleService-Info.plist */,
				1ED98EB32BFF882300948409 /* Info.plist */,
				1ED98EAB2BFF882100948409 /* SwiftCart.xcdatamodeld */,
			);
			path = SwiftCart;
			sourceTree = "<group>";
		};
		1ED98EBB2BFF882300948409 /* SwiftCartTests */ = {
			isa = PBXGroup;
			children = (
				1ED98EBC2BFF882300948409 /* SwiftCartTests.swift */,
			);
			path = SwiftCartTests;
			sourceTree = "<group>";
		};
		1ED98EC52BFF882300948409 /* SwiftCartUITests */ = {
			isa = PBXGroup;
			children = (
				1ED98EC62BFF882300948409 /* SwiftCartUITests.swift */,
				1ED98EC82BFF882300948409 /* SwiftCartUITestsLaunchTests.swift */,
			);
			path = SwiftCartUITests;
			sourceTree = "<group>";
		};
		1ED98ED62BFF895C00948409 /* Views */ = {
			isa = PBXGroup;
			children = (
				1E5A69352BFF9A7000654FE6 /* HomeAndCategories.storyboard */,
			);
			path = Views;
			sourceTree = "<group>";
		};
		1ED98ED72BFF896600948409 /* Models */ = {
			isa = PBXGroup;
			children = (
				1E89343C2C01177A00DF4036 /* Authentication */,
				1E89343D2C0117C000DF4036 /* User.swift */,
			);
			path = Models;
			sourceTree = "<group>";
		};
		1EDC06DA2C0BDAF0006083E1 /* Managers */ = {
			isa = PBXGroup;
			children = (
				1E813A762C00D4E10094A5C4 /* OnBoardingManager.swift */,
				1EED90BB2C02053A00D36F16 /* FeedbackManager.swift */,
				1EDC06DC2C0BDB36006083E1 /* NetworkingManager.swift */,
				1EEF217D2C0BE87600ADC3B3 /* LocationManager.swift */,
			);
			path = Managers;
			sourceTree = "<group>";
		};
		1EDC06DB2C0BDB11006083E1 /* Validators */ = {
			isa = PBXGroup;
			children = (
				1EED90B52C01ED7100D36F16 /* InputValidator.swift */,
			);
			path = Validators;
			sourceTree = "<group>";
		};
		1EDE2B7A2C0C55B000A8C3B9 /* SearchFavoriteAndDetails */ = {
			isa = PBXGroup;
			children = (
				1E7CAA632C0F83AC000908B6 /* Details */,
				1E8E17B02C0C56BB00E762D7 /* Search */,
				1E8E17B72C0C578000E762D7 /* Favorite */,
				1EDE2B7B2C0C55EE00A8C3B9 /* Views */,
				1E8E17B42C0C571E00E762D7 /* ViewModels */,
			);
			path = SearchFavoriteAndDetails;
			sourceTree = "<group>";
		};
		1EDE2B7B2C0C55EE00A8C3B9 /* Views */ = {
			isa = PBXGroup;
			children = (
				1ED98EDA2BFF8A1E00948409 /* ProductsSearchDetailsAndFav.storyboard */,
			);
			path = Views;
			sourceTree = "<group>";
		};
		80366060A2DA242B77E14114 /* Frameworks */ = {
			isa = PBXGroup;
			children = (
				FF659B7EC0E224F2706FCDF5 /* Pods_SwiftCart.framework */,
			);
			name = Frameworks;
			sourceTree = "<group>";
		};
		F53C969B26A6C6ABC8CBB08A /* Pods */ = {
			isa = PBXGroup;
			children = (
				B9E2FE695D1853247CDAF5C8 /* Pods-SwiftCart.debug.xcconfig */,
				8C668A97CFE1FA27609875F5 /* Pods-SwiftCart.release.xcconfig */,
			);
			path = Pods;
			sourceTree = "<group>";
		};
/* End PBXGroup section */

/* Begin PBXNativeTarget section */
		1ED98E9E2BFF882100948409 /* SwiftCart */ = {
			isa = PBXNativeTarget;
			buildConfigurationList = 1ED98ECC2BFF882300948409 /* Build configuration list for PBXNativeTarget "SwiftCart" */;
			buildPhases = (
				F8B8F8FE00D9CE4B95F58D80 /* [CP] Check Pods Manifest.lock */,
				1ED98E9B2BFF882100948409 /* Sources */,
				1ED98E9C2BFF882100948409 /* Frameworks */,
				1ED98E9D2BFF882100948409 /* Resources */,
				F00A7DCFACA915094250D668 /* [CP] Embed Pods Frameworks */,
			);
			buildRules = (
			);
			dependencies = (
			);
			name = SwiftCart;
			productName = SwiftCart;
			productReference = 1ED98E9F2BFF882100948409 /* SwiftCart.app */;
			productType = "com.apple.product-type.application";
		};
		1ED98EB72BFF882300948409 /* SwiftCartTests */ = {
			isa = PBXNativeTarget;
			buildConfigurationList = 1ED98ECF2BFF882300948409 /* Build configuration list for PBXNativeTarget "SwiftCartTests" */;
			buildPhases = (
				1ED98EB42BFF882300948409 /* Sources */,
				1ED98EB52BFF882300948409 /* Frameworks */,
				1ED98EB62BFF882300948409 /* Resources */,
			);
			buildRules = (
			);
			dependencies = (
				1ED98EBA2BFF882300948409 /* PBXTargetDependency */,
			);
			name = SwiftCartTests;
			productName = SwiftCartTests;
			productReference = 1ED98EB82BFF882300948409 /* SwiftCartTests.xctest */;
			productType = "com.apple.product-type.bundle.unit-test";
		};
		1ED98EC12BFF882300948409 /* SwiftCartUITests */ = {
			isa = PBXNativeTarget;
			buildConfigurationList = 1ED98ED22BFF882300948409 /* Build configuration list for PBXNativeTarget "SwiftCartUITests" */;
			buildPhases = (
				1ED98EBE2BFF882300948409 /* Sources */,
				1ED98EBF2BFF882300948409 /* Frameworks */,
				1ED98EC02BFF882300948409 /* Resources */,
			);
			buildRules = (
			);
			dependencies = (
				1ED98EC42BFF882300948409 /* PBXTargetDependency */,
			);
			name = SwiftCartUITests;
			productName = SwiftCartUITests;
			productReference = 1ED98EC22BFF882300948409 /* SwiftCartUITests.xctest */;
			productType = "com.apple.product-type.bundle.ui-testing";
		};
/* End PBXNativeTarget section */

/* Begin PBXProject section */
		1ED98E972BFF882100948409 /* Project object */ = {
			isa = PBXProject;
			attributes = {
				BuildIndependentTargetsInParallel = 1;
				LastSwiftUpdateCheck = 1420;
				LastUpgradeCheck = 1420;
				TargetAttributes = {
					1ED98E9E2BFF882100948409 = {
						CreatedOnToolsVersion = 14.2;
					};
					1ED98EB72BFF882300948409 = {
						CreatedOnToolsVersion = 14.2;
						TestTargetID = 1ED98E9E2BFF882100948409;
					};
					1ED98EC12BFF882300948409 = {
						CreatedOnToolsVersion = 14.2;
						TestTargetID = 1ED98E9E2BFF882100948409;
					};
				};
			};
			buildConfigurationList = 1ED98E9A2BFF882100948409 /* Build configuration list for PBXProject "SwiftCart" */;
			compatibilityVersion = "Xcode 14.0";
			developmentRegion = en;
			hasScannedForEncodings = 0;
			knownRegions = (
				en,
				Base,
			);
			mainGroup = 1ED98E962BFF882100948409;
			productRefGroup = 1ED98EA02BFF882100948409 /* Products */;
			projectDirPath = "";
			projectRoot = "";
			targets = (
				1ED98E9E2BFF882100948409 /* SwiftCart */,
				1ED98EB72BFF882300948409 /* SwiftCartTests */,
				1ED98EC12BFF882300948409 /* SwiftCartUITests */,
			);
		};
/* End PBXProject section */

/* Begin PBXResourcesBuildPhase section */
		1ED98E9D2BFF882100948409 /* Resources */ = {
			isa = PBXResourcesBuildPhase;
			buildActionMask = 2147483647;
			files = (
				1ED98ED92BFF89BF00948409 /* Authentication.storyboard in Resources */,
				1ED98EDB2BFF8A1E00948409 /* ProductsSearchDetailsAndFav.storyboard in Resources */,
				1ED98EB22BFF882300948409 /* LaunchScreen.storyboard in Resources */,
				1ED98EAF2BFF882300948409 /* Assets.xcassets in Resources */,
				1ED98EAA2BFF882100948409 /* Main.storyboard in Resources */,
				1E5A69362BFF9A7000654FE6 /* HomeAndCategories.storyboard in Resources */,
				1E855C042C011E6B0008BB66 /* GoogleService-Info.plist in Resources */,
			);
			runOnlyForDeploymentPostprocessing = 0;
		};
		1ED98EB62BFF882300948409 /* Resources */ = {
			isa = PBXResourcesBuildPhase;
			buildActionMask = 2147483647;
			files = (
			);
			runOnlyForDeploymentPostprocessing = 0;
		};
		1ED98EC02BFF882300948409 /* Resources */ = {
			isa = PBXResourcesBuildPhase;
			buildActionMask = 2147483647;
			files = (
			);
			runOnlyForDeploymentPostprocessing = 0;
		};
/* End PBXResourcesBuildPhase section */

/* Begin PBXShellScriptBuildPhase section */
		F00A7DCFACA915094250D668 /* [CP] Embed Pods Frameworks */ = {
			isa = PBXShellScriptBuildPhase;
			buildActionMask = 2147483647;
			files = (
			);
			inputFileListPaths = (
				"${PODS_ROOT}/Target Support Files/Pods-SwiftCart/Pods-SwiftCart-frameworks-${CONFIGURATION}-input-files.xcfilelist",
			);
			name = "[CP] Embed Pods Frameworks";
			outputFileListPaths = (
				"${PODS_ROOT}/Target Support Files/Pods-SwiftCart/Pods-SwiftCart-frameworks-${CONFIGURATION}-output-files.xcfilelist",
			);
			runOnlyForDeploymentPostprocessing = 0;
			shellPath = /bin/sh;
			shellScript = "\"${PODS_ROOT}/Target Support Files/Pods-SwiftCart/Pods-SwiftCart-frameworks.sh\"\n";
			showEnvVarsInLog = 0;
		};
		F8B8F8FE00D9CE4B95F58D80 /* [CP] Check Pods Manifest.lock */ = {
			isa = PBXShellScriptBuildPhase;
			buildActionMask = 2147483647;
			files = (
			);
			inputFileListPaths = (
			);
			inputPaths = (
				"${PODS_PODFILE_DIR_PATH}/Podfile.lock",
				"${PODS_ROOT}/Manifest.lock",
			);
			name = "[CP] Check Pods Manifest.lock";
			outputFileListPaths = (
			);
			outputPaths = (
				"$(DERIVED_FILE_DIR)/Pods-SwiftCart-checkManifestLockResult.txt",
			);
			runOnlyForDeploymentPostprocessing = 0;
			shellPath = /bin/sh;
			shellScript = "diff \"${PODS_PODFILE_DIR_PATH}/Podfile.lock\" \"${PODS_ROOT}/Manifest.lock\" > /dev/null\nif [ $? != 0 ] ; then\n    # print error to STDERR\n    echo \"error: The sandbox is not in sync with the Podfile.lock. Run 'pod install' or update your CocoaPods installation.\" >&2\n    exit 1\nfi\n# This output is used by Xcode 'outputs' to avoid re-running this script phase.\necho \"SUCCESS\" > \"${SCRIPT_OUTPUT_FILE_0}\"\n";
			showEnvVarsInLog = 0;
		};
/* End PBXShellScriptBuildPhase section */

/* Begin PBXSourcesBuildPhase section */
		1ED98E9B2BFF882100948409 /* Sources */ = {
			isa = PBXSourcesBuildPhase;
			buildActionMask = 2147483647;
			files = (
				1E89343B2C01171100DF4036 /* FirebaseAuth.swift in Sources */,
				1EED90B62C01ED7100D36F16 /* InputValidator.swift in Sources */,
				1E7CAA682C0F8421000908B6 /* DetailsViewController.swift in Sources */,
				1ED98EA72BFF882100948409 /* ViewController.swift in Sources */,
				1E813A792C00DC130094A5C4 /* MainAuthViewController.swift in Sources */,
				1ED98EAD2BFF882100948409 /* SwiftCart.xcdatamodeld in Sources */,
				1E8934402C0119AB00DF4036 /* AppCommon.swift in Sources */,
				1E230F7E2C0C775D00F4F840 /* ProductTemp.swift in Sources */,
				1EED90BC2C02053A00D36F16 /* FeedbackManager.swift in Sources */,
				1ED98EA32BFF882100948409 /* AppDelegate.swift in Sources */,
				1E284C152C034978000F1E1A /* AuthViewModelImpl.swift in Sources */,
				1E7CAA6A2C0F848E000908B6 /* DetailsViewModel.swift in Sources */,
				1E230F7C2C0C6A0D00F4F840 /* NetworkService.swift in Sources */,
				1E230F782C0C610000F4F840 /* CollectionViewController.swift in Sources */,
				1E8E17BB2C0C57D000E762D7 /* FavoriteViewController.swift in Sources */,
				1E8E17B62C0C574700E762D7 /* SearchViewController.swift in Sources */,
				1E230F822C0C7ACE00F4F840 /* CollectionViewCell.swift in Sources */,
				1E230F7A2C0C69A000F4F840 /* ProductsResponse.swift in Sources */,
				1E230F802C0C77D900F4F840 /* ProductsViewModel.swift in Sources */,
				1E813A772C00D4E10094A5C4 /* OnBoardingManager.swift in Sources */,
				1E8934372C01164800DF4036 /* FirebaseAuthImpl.swift in Sources */,
				1E7CAA6E2C0F855B000908B6 /* ProductDetailsResponse.swift in Sources */,
				1EED90BA2C01F7F000D36F16 /* LogInViewController.swift in Sources */,
				1E284C132C0347C5000F1E1A /* AuthViewModel.swift in Sources */,
				1E89343E2C0117C000DF4036 /* User.swift in Sources */,
				1EDC06DD2C0BDB36006083E1 /* NetworkingManager.swift in Sources */,
				1EED90B82C01F7D400D36F16 /* SignUpViewController.swift in Sources */,
				1E7CAA6C2C0F84FD000908B6 /* NetworkService.swift in Sources */,
				1EEF217E2C0BE87600ADC3B3 /* LocationManager.swift in Sources */,
				1ED98EA52BFF882100948409 /* SceneDelegate.swift in Sources */,
			);
			runOnlyForDeploymentPostprocessing = 0;
		};
		1ED98EB42BFF882300948409 /* Sources */ = {
			isa = PBXSourcesBuildPhase;
			buildActionMask = 2147483647;
			files = (
				1ED98EBD2BFF882300948409 /* SwiftCartTests.swift in Sources */,
			);
			runOnlyForDeploymentPostprocessing = 0;
		};
		1ED98EBE2BFF882300948409 /* Sources */ = {
			isa = PBXSourcesBuildPhase;
			buildActionMask = 2147483647;
			files = (
				1ED98EC92BFF882300948409 /* SwiftCartUITestsLaunchTests.swift in Sources */,
				1ED98EC72BFF882300948409 /* SwiftCartUITests.swift in Sources */,
			);
			runOnlyForDeploymentPostprocessing = 0;
		};
/* End PBXSourcesBuildPhase section */

/* Begin PBXTargetDependency section */
		1ED98EBA2BFF882300948409 /* PBXTargetDependency */ = {
			isa = PBXTargetDependency;
			target = 1ED98E9E2BFF882100948409 /* SwiftCart */;
			targetProxy = 1ED98EB92BFF882300948409 /* PBXContainerItemProxy */;
		};
		1ED98EC42BFF882300948409 /* PBXTargetDependency */ = {
			isa = PBXTargetDependency;
			target = 1ED98E9E2BFF882100948409 /* SwiftCart */;
			targetProxy = 1ED98EC32BFF882300948409 /* PBXContainerItemProxy */;
		};
/* End PBXTargetDependency section */

/* Begin PBXVariantGroup section */
		1ED98EA82BFF882100948409 /* Main.storyboard */ = {
			isa = PBXVariantGroup;
			children = (
				1ED98EA92BFF882100948409 /* Base */,
			);
			name = Main.storyboard;
			sourceTree = "<group>";
		};
		1ED98EB02BFF882300948409 /* LaunchScreen.storyboard */ = {
			isa = PBXVariantGroup;
			children = (
				1ED98EB12BFF882300948409 /* Base */,
			);
			name = LaunchScreen.storyboard;
			sourceTree = "<group>";
		};
/* End PBXVariantGroup section */

/* Begin XCBuildConfiguration section */
		1ED98ECA2BFF882300948409 /* Debug */ = {
			isa = XCBuildConfiguration;
			buildSettings = {
				ALWAYS_SEARCH_USER_PATHS = NO;
				CLANG_ANALYZER_NONNULL = YES;
				CLANG_ANALYZER_NUMBER_OBJECT_CONVERSION = YES_AGGRESSIVE;
				CLANG_CXX_LANGUAGE_STANDARD = "gnu++20";
				CLANG_ENABLE_MODULES = YES;
				CLANG_ENABLE_OBJC_ARC = YES;
				CLANG_ENABLE_OBJC_WEAK = YES;
				CLANG_WARN_BLOCK_CAPTURE_AUTORELEASING = YES;
				CLANG_WARN_BOOL_CONVERSION = YES;
				CLANG_WARN_COMMA = YES;
				CLANG_WARN_CONSTANT_CONVERSION = YES;
				CLANG_WARN_DEPRECATED_OBJC_IMPLEMENTATIONS = YES;
				CLANG_WARN_DIRECT_OBJC_ISA_USAGE = YES_ERROR;
				CLANG_WARN_DOCUMENTATION_COMMENTS = YES;
				CLANG_WARN_EMPTY_BODY = YES;
				CLANG_WARN_ENUM_CONVERSION = YES;
				CLANG_WARN_INFINITE_RECURSION = YES;
				CLANG_WARN_INT_CONVERSION = YES;
				CLANG_WARN_NON_LITERAL_NULL_CONVERSION = YES;
				CLANG_WARN_OBJC_IMPLICIT_RETAIN_SELF = YES;
				CLANG_WARN_OBJC_LITERAL_CONVERSION = YES;
				CLANG_WARN_OBJC_ROOT_CLASS = YES_ERROR;
				CLANG_WARN_QUOTED_INCLUDE_IN_FRAMEWORK_HEADER = YES;
				CLANG_WARN_RANGE_LOOP_ANALYSIS = YES;
				CLANG_WARN_STRICT_PROTOTYPES = YES;
				CLANG_WARN_SUSPICIOUS_MOVE = YES;
				CLANG_WARN_UNGUARDED_AVAILABILITY = YES_AGGRESSIVE;
				CLANG_WARN_UNREACHABLE_CODE = YES;
				CLANG_WARN__DUPLICATE_METHOD_MATCH = YES;
				COPY_PHASE_STRIP = NO;
				DEBUG_INFORMATION_FORMAT = dwarf;
				ENABLE_STRICT_OBJC_MSGSEND = YES;
				ENABLE_TESTABILITY = YES;
				GCC_C_LANGUAGE_STANDARD = gnu11;
				GCC_DYNAMIC_NO_PIC = NO;
				GCC_NO_COMMON_BLOCKS = YES;
				GCC_OPTIMIZATION_LEVEL = 0;
				GCC_PREPROCESSOR_DEFINITIONS = (
					"DEBUG=1",
					"$(inherited)",
				);
				GCC_WARN_64_TO_32_BIT_CONVERSION = YES;
				GCC_WARN_ABOUT_RETURN_TYPE = YES_ERROR;
				GCC_WARN_UNDECLARED_SELECTOR = YES;
				GCC_WARN_UNINITIALIZED_AUTOS = YES_AGGRESSIVE;
				GCC_WARN_UNUSED_FUNCTION = YES;
				GCC_WARN_UNUSED_VARIABLE = YES;
				IPHONEOS_DEPLOYMENT_TARGET = 16.2;
				MTL_ENABLE_DEBUG_INFO = INCLUDE_SOURCE;
				MTL_FAST_MATH = YES;
				ONLY_ACTIVE_ARCH = YES;
				SDKROOT = iphoneos;
				SWIFT_ACTIVE_COMPILATION_CONDITIONS = DEBUG;
				SWIFT_OPTIMIZATION_LEVEL = "-Onone";
			};
			name = Debug;
		};
		1ED98ECB2BFF882300948409 /* Release */ = {
			isa = XCBuildConfiguration;
			buildSettings = {
				ALWAYS_SEARCH_USER_PATHS = NO;
				CLANG_ANALYZER_NONNULL = YES;
				CLANG_ANALYZER_NUMBER_OBJECT_CONVERSION = YES_AGGRESSIVE;
				CLANG_CXX_LANGUAGE_STANDARD = "gnu++20";
				CLANG_ENABLE_MODULES = YES;
				CLANG_ENABLE_OBJC_ARC = YES;
				CLANG_ENABLE_OBJC_WEAK = YES;
				CLANG_WARN_BLOCK_CAPTURE_AUTORELEASING = YES;
				CLANG_WARN_BOOL_CONVERSION = YES;
				CLANG_WARN_COMMA = YES;
				CLANG_WARN_CONSTANT_CONVERSION = YES;
				CLANG_WARN_DEPRECATED_OBJC_IMPLEMENTATIONS = YES;
				CLANG_WARN_DIRECT_OBJC_ISA_USAGE = YES_ERROR;
				CLANG_WARN_DOCUMENTATION_COMMENTS = YES;
				CLANG_WARN_EMPTY_BODY = YES;
				CLANG_WARN_ENUM_CONVERSION = YES;
				CLANG_WARN_INFINITE_RECURSION = YES;
				CLANG_WARN_INT_CONVERSION = YES;
				CLANG_WARN_NON_LITERAL_NULL_CONVERSION = YES;
				CLANG_WARN_OBJC_IMPLICIT_RETAIN_SELF = YES;
				CLANG_WARN_OBJC_LITERAL_CONVERSION = YES;
				CLANG_WARN_OBJC_ROOT_CLASS = YES_ERROR;
				CLANG_WARN_QUOTED_INCLUDE_IN_FRAMEWORK_HEADER = YES;
				CLANG_WARN_RANGE_LOOP_ANALYSIS = YES;
				CLANG_WARN_STRICT_PROTOTYPES = YES;
				CLANG_WARN_SUSPICIOUS_MOVE = YES;
				CLANG_WARN_UNGUARDED_AVAILABILITY = YES_AGGRESSIVE;
				CLANG_WARN_UNREACHABLE_CODE = YES;
				CLANG_WARN__DUPLICATE_METHOD_MATCH = YES;
				COPY_PHASE_STRIP = NO;
				DEBUG_INFORMATION_FORMAT = "dwarf-with-dsym";
				ENABLE_NS_ASSERTIONS = NO;
				ENABLE_STRICT_OBJC_MSGSEND = YES;
				GCC_C_LANGUAGE_STANDARD = gnu11;
				GCC_NO_COMMON_BLOCKS = YES;
				GCC_WARN_64_TO_32_BIT_CONVERSION = YES;
				GCC_WARN_ABOUT_RETURN_TYPE = YES_ERROR;
				GCC_WARN_UNDECLARED_SELECTOR = YES;
				GCC_WARN_UNINITIALIZED_AUTOS = YES_AGGRESSIVE;
				GCC_WARN_UNUSED_FUNCTION = YES;
				GCC_WARN_UNUSED_VARIABLE = YES;
				IPHONEOS_DEPLOYMENT_TARGET = 16.2;
				MTL_ENABLE_DEBUG_INFO = NO;
				MTL_FAST_MATH = YES;
				SDKROOT = iphoneos;
				SWIFT_COMPILATION_MODE = wholemodule;
				SWIFT_OPTIMIZATION_LEVEL = "-O";
				VALIDATE_PRODUCT = YES;
			};
			name = Release;
		};
		1ED98ECD2BFF882300948409 /* Debug */ = {
			isa = XCBuildConfiguration;
			baseConfigurationReference = B9E2FE695D1853247CDAF5C8 /* Pods-SwiftCart.debug.xcconfig */;
			buildSettings = {
				ASSETCATALOG_COMPILER_APPICON_NAME = AppIcon;
				ASSETCATALOG_COMPILER_GLOBAL_ACCENT_COLOR_NAME = AccentColor;
				CODE_SIGN_STYLE = Automatic;
				CURRENT_PROJECT_VERSION = 1;
				DEVELOPMENT_TEAM = TP2RAS597Y;
				GENERATE_INFOPLIST_FILE = YES;
				INFOPLIST_FILE = SwiftCart/Info.plist;
				INFOPLIST_KEY_LSApplicationCategoryType = "public.app-category.business";
				INFOPLIST_KEY_UIApplicationSupportsIndirectInputEvents = YES;
				INFOPLIST_KEY_UILaunchStoryboardName = LaunchScreen;
				INFOPLIST_KEY_UIMainStoryboardFile = Main;
				INFOPLIST_KEY_UISupportedInterfaceOrientations_iPad = "UIInterfaceOrientationPortrait UIInterfaceOrientationPortraitUpsideDown UIInterfaceOrientationLandscapeLeft UIInterfaceOrientationLandscapeRight";
				INFOPLIST_KEY_UISupportedInterfaceOrientations_iPhone = "UIInterfaceOrientationPortrait UIInterfaceOrientationLandscapeLeft UIInterfaceOrientationLandscapeRight";
				IPHONEOS_DEPLOYMENT_TARGET = 15.6;
				LD_RUNPATH_SEARCH_PATHS = (
					"$(inherited)",
					"@executable_path/Frameworks",
				);
				MARKETING_VERSION = 1.0;
				PRODUCT_BUNDLE_IDENTIFIER = com.self.Trendy;
				PRODUCT_NAME = "$(TARGET_NAME)";
				SWIFT_EMIT_LOC_STRINGS = YES;
				SWIFT_VERSION = 5.0;
				TARGETED_DEVICE_FAMILY = "1,2";
			};
			name = Debug;
		};
		1ED98ECE2BFF882300948409 /* Release */ = {
			isa = XCBuildConfiguration;
			baseConfigurationReference = 8C668A97CFE1FA27609875F5 /* Pods-SwiftCart.release.xcconfig */;
			buildSettings = {
				ASSETCATALOG_COMPILER_APPICON_NAME = AppIcon;
				ASSETCATALOG_COMPILER_GLOBAL_ACCENT_COLOR_NAME = AccentColor;
				CODE_SIGN_STYLE = Automatic;
				CURRENT_PROJECT_VERSION = 1;
				DEVELOPMENT_TEAM = TP2RAS597Y;
				GENERATE_INFOPLIST_FILE = YES;
				INFOPLIST_FILE = SwiftCart/Info.plist;
				INFOPLIST_KEY_LSApplicationCategoryType = "public.app-category.business";
				INFOPLIST_KEY_UIApplicationSupportsIndirectInputEvents = YES;
				INFOPLIST_KEY_UILaunchStoryboardName = LaunchScreen;
				INFOPLIST_KEY_UIMainStoryboardFile = Main;
				INFOPLIST_KEY_UISupportedInterfaceOrientations_iPad = "UIInterfaceOrientationPortrait UIInterfaceOrientationPortraitUpsideDown UIInterfaceOrientationLandscapeLeft UIInterfaceOrientationLandscapeRight";
				INFOPLIST_KEY_UISupportedInterfaceOrientations_iPhone = "UIInterfaceOrientationPortrait UIInterfaceOrientationLandscapeLeft UIInterfaceOrientationLandscapeRight";
				IPHONEOS_DEPLOYMENT_TARGET = 15.6;
				LD_RUNPATH_SEARCH_PATHS = (
					"$(inherited)",
					"@executable_path/Frameworks",
				);
				MARKETING_VERSION = 1.0;
				PRODUCT_BUNDLE_IDENTIFIER = com.self.Trendy;
				PRODUCT_NAME = "$(TARGET_NAME)";
				SWIFT_EMIT_LOC_STRINGS = YES;
				SWIFT_VERSION = 5.0;
				TARGETED_DEVICE_FAMILY = "1,2";
			};
			name = Release;
		};
		1ED98ED02BFF882300948409 /* Debug */ = {
			isa = XCBuildConfiguration;
			buildSettings = {
				ALWAYS_EMBED_SWIFT_STANDARD_LIBRARIES = YES;
				BUNDLE_LOADER = "$(TEST_HOST)";
				CODE_SIGN_STYLE = Automatic;
				CURRENT_PROJECT_VERSION = 1;
				GENERATE_INFOPLIST_FILE = YES;
				IPHONEOS_DEPLOYMENT_TARGET = 16.2;
				MARKETING_VERSION = 1.0;
				PRODUCT_BUNDLE_IDENTIFIER = self.SwiftCartTests;
				PRODUCT_NAME = "$(TARGET_NAME)";
				SWIFT_EMIT_LOC_STRINGS = NO;
				SWIFT_VERSION = 5.0;
				TARGETED_DEVICE_FAMILY = "1,2";
				TEST_HOST = "$(BUILT_PRODUCTS_DIR)/SwiftCart.app/$(BUNDLE_EXECUTABLE_FOLDER_PATH)/SwiftCart";
			};
			name = Debug;
		};
		1ED98ED12BFF882300948409 /* Release */ = {
			isa = XCBuildConfiguration;
			buildSettings = {
				ALWAYS_EMBED_SWIFT_STANDARD_LIBRARIES = YES;
				BUNDLE_LOADER = "$(TEST_HOST)";
				CODE_SIGN_STYLE = Automatic;
				CURRENT_PROJECT_VERSION = 1;
				GENERATE_INFOPLIST_FILE = YES;
				IPHONEOS_DEPLOYMENT_TARGET = 16.2;
				MARKETING_VERSION = 1.0;
				PRODUCT_BUNDLE_IDENTIFIER = self.SwiftCartTests;
				PRODUCT_NAME = "$(TARGET_NAME)";
				SWIFT_EMIT_LOC_STRINGS = NO;
				SWIFT_VERSION = 5.0;
				TARGETED_DEVICE_FAMILY = "1,2";
				TEST_HOST = "$(BUILT_PRODUCTS_DIR)/SwiftCart.app/$(BUNDLE_EXECUTABLE_FOLDER_PATH)/SwiftCart";
			};
			name = Release;
		};
		1ED98ED32BFF882300948409 /* Debug */ = {
			isa = XCBuildConfiguration;
			buildSettings = {
				ALWAYS_EMBED_SWIFT_STANDARD_LIBRARIES = YES;
				CODE_SIGN_STYLE = Automatic;
				CURRENT_PROJECT_VERSION = 1;
				GENERATE_INFOPLIST_FILE = YES;
				MARKETING_VERSION = 1.0;
				PRODUCT_BUNDLE_IDENTIFIER = self.SwiftCartUITests;
				PRODUCT_NAME = "$(TARGET_NAME)";
				SWIFT_EMIT_LOC_STRINGS = NO;
				SWIFT_VERSION = 5.0;
				TARGETED_DEVICE_FAMILY = "1,2";
				TEST_TARGET_NAME = SwiftCart;
			};
			name = Debug;
		};
		1ED98ED42BFF882300948409 /* Release */ = {
			isa = XCBuildConfiguration;
			buildSettings = {
				ALWAYS_EMBED_SWIFT_STANDARD_LIBRARIES = YES;
				CODE_SIGN_STYLE = Automatic;
				CURRENT_PROJECT_VERSION = 1;
				GENERATE_INFOPLIST_FILE = YES;
				MARKETING_VERSION = 1.0;
				PRODUCT_BUNDLE_IDENTIFIER = self.SwiftCartUITests;
				PRODUCT_NAME = "$(TARGET_NAME)";
				SWIFT_EMIT_LOC_STRINGS = NO;
				SWIFT_VERSION = 5.0;
				TARGETED_DEVICE_FAMILY = "1,2";
				TEST_TARGET_NAME = SwiftCart;
			};
			name = Release;
		};
/* End XCBuildConfiguration section */

/* Begin XCConfigurationList section */
		1ED98E9A2BFF882100948409 /* Build configuration list for PBXProject "SwiftCart" */ = {
			isa = XCConfigurationList;
			buildConfigurations = (
				1ED98ECA2BFF882300948409 /* Debug */,
				1ED98ECB2BFF882300948409 /* Release */,
			);
			defaultConfigurationIsVisible = 0;
			defaultConfigurationName = Release;
		};
		1ED98ECC2BFF882300948409 /* Build configuration list for PBXNativeTarget "SwiftCart" */ = {
			isa = XCConfigurationList;
			buildConfigurations = (
				1ED98ECD2BFF882300948409 /* Debug */,
				1ED98ECE2BFF882300948409 /* Release */,
			);
			defaultConfigurationIsVisible = 0;
			defaultConfigurationName = Release;
		};
		1ED98ECF2BFF882300948409 /* Build configuration list for PBXNativeTarget "SwiftCartTests" */ = {
			isa = XCConfigurationList;
			buildConfigurations = (
				1ED98ED02BFF882300948409 /* Debug */,
				1ED98ED12BFF882300948409 /* Release */,
			);
			defaultConfigurationIsVisible = 0;
			defaultConfigurationName = Release;
		};
		1ED98ED22BFF882300948409 /* Build configuration list for PBXNativeTarget "SwiftCartUITests" */ = {
			isa = XCConfigurationList;
			buildConfigurations = (
				1ED98ED32BFF882300948409 /* Debug */,
				1ED98ED42BFF882300948409 /* Release */,
			);
			defaultConfigurationIsVisible = 0;
			defaultConfigurationName = Release;
		};
/* End XCConfigurationList section */

/* Begin XCVersionGroup section */
		1ED98EAB2BFF882100948409 /* SwiftCart.xcdatamodeld */ = {
			isa = XCVersionGroup;
			children = (
				1ED98EAC2BFF882100948409 /* SwiftCart.xcdatamodel */,
			);
			currentVersion = 1ED98EAC2BFF882100948409 /* SwiftCart.xcdatamodel */;
			path = SwiftCart.xcdatamodeld;
			sourceTree = "<group>";
			versionGroupType = wrapper.xcdatamodel;
		};
/* End XCVersionGroup section */
	};
	rootObject = 1ED98E972BFF882100948409 /* Project object */;
}
