PODS:
  - JJFloatingActionButton (3.0.1)
  - lottie-ios (4.4.3)
  - NVActivityIndicatorView (5.2.0):
    - NVActivityIndicatorView/Base (= 5.2.0)
  - NVActivityIndicatorView/Base (5.2.0)
  - ReachabilitySwift (5.2.3)
  - RxCocoa (6.7.1):
    - RxRelay (= 6.7.1)
    - RxSwift (= 6.7.1)
  - RxRelay (6.7.1):
    - RxSwift (= 6.7.1)
  - RxSwift (6.7.1)
  - SDWebImage (5.19.2):
    - SDWebImage/Core (= 5.19.2)
  - SDWebImage/Core (5.19.2)
  - SwiftMessages (10.0.0):
    - SwiftMessages/App (= 10.0.0)
  - SwiftMessages/App (10.0.0)

DEPENDENCIES:
  - JJFloatingActionButton
  - lottie-ios
  - NVActivityIndicatorView
  - ReachabilitySwift
  - RxCocoa
  - RxSwift
  - SDWebImage
  - SwiftMessages

SPEC REPOS:
  trunk:
    - JJFloatingActionButton
    - lottie-ios
    - NVActivityIndicatorView
    - ReachabilitySwift
    - RxCocoa
    - RxRelay
    - RxSwift
    - SDWebImage
    - SwiftMessages

SPEC CHECKSUMS:
  JJFloatingActionButton: 6a20da0a36bc2c5e2097e754b5e765aa9e4b6365
  lottie-ios: fcb5e73e17ba4c983140b7d21095c834b3087418
  NVActivityIndicatorView: fe52a6a68664c2df8991d7d9e3d86d8d19453c53
  ReachabilitySwift: 7f151ff156cea1481a8411701195ac6a984f4979
  RxCocoa: f5609cb4637587a7faa99c5d5787e3ad582b75a4
  RxRelay: 4151ba01152436b08271e08410135e099880eae5
  RxSwift: b9a93a26031785159e11abd40d1a55bcb8057e52
  SDWebImage: dfe95b2466a9823cf9f0c6d01217c06550d7b29a
  SwiftMessages: d3540f0f981dfbac25bd2ae9a662effa48f76f92

PODFILE CHECKSUM: c094b8a0fa8ab2adbcc643dbb2041fbc8e7970b6

COCOAPODS: 1.15.2
