PODS:
  - JJFloatingActionButton (3.0.1)
  - NVActivityIndicatorView (5.2.0):
    - NVActivityIndicatorView/Base (= 5.2.0)
  - NVActivityIndicatorView/Base (5.2.0)
  - SDWebImage (5.19.1):
    - SDWebImage/Core (= 5.19.1)
  - SDWebImage/Core (5.19.1)
  - SwiftMessages (10.0.0):
    - SwiftMessages/App (= 10.0.0)
  - SwiftMessages/App (10.0.0)

DEPENDENCIES:
  - JJFloatingActionButton
  - NVActivityIndicatorView
  - SDWebImage
  - SwiftMessages

SPEC REPOS:
  trunk:
    - JJFloatingActionButton
    - NVActivityIndicatorView
    - SDWebImage
    - SwiftMessages

SPEC CHECKSUMS:
  JJFloatingActionButton: 6a20da0a36bc2c5e2097e754b5e765aa9e4b6365
  NVActivityIndicatorView: fe52a6a68664c2df8991d7d9e3d86d8d19453c53
  SDWebImage: 40b0b4053e36c660a764958bff99eed16610acbb
  SwiftMessages: d3540f0f981dfbac25bd2ae9a662effa48f76f92

PODFILE CHECKSUM: efdab0c0742838f5f42333c72033595f88b3a7d3

COCOAPODS: 1.15.2
