PODS:
  - Alamofire (5.9.1)
  - JJFloatingActionButton (3.0.1)
  - lottie-ios (4.4.3)
  - NVActivityIndicatorView (5.2.0):
    - NVActivityIndicatorView/Base (= 5.2.0)
  - NVActivityIndicatorView/Base (5.2.0)
  - SDWebImage (5.19.1):
    - SDWebImage/Core (= 5.19.1)
  - SDWebImage/Core (5.19.1)
  - SwiftMessages (10.0.0):
    - SwiftMessages/App (= 10.0.0)
  - SwiftMessages/App (10.0.0)

DEPENDENCIES:
  - Alamofire
  - JJFloatingActionButton
  - lottie-ios
  - NVActivityIndicatorView
  - SDWebImage
  - SwiftMessages

SPEC REPOS:
  trunk:
    - Alamofire
    - JJFloatingActionButton
    - lottie-ios
    - NVActivityIndicatorView
    - SDWebImage
    - SwiftMessages

SPEC CHECKSUMS:
  Alamofire: f36a35757af4587d8e4f4bfa223ad10be2422b8c
  JJFloatingActionButton: 6a20da0a36bc2c5e2097e754b5e765aa9e4b6365
  lottie-ios: fcb5e73e17ba4c983140b7d21095c834b3087418
  NVActivityIndicatorView: fe52a6a68664c2df8991d7d9e3d86d8d19453c53
  SDWebImage: 40b0b4053e36c660a764958bff99eed16610acbb
  SwiftMessages: d3540f0f981dfbac25bd2ae9a662effa48f76f92

PODFILE CHECKSUM: 2144220320c46829f161934055bed91745403361

COCOAPODS: 1.15.2
